
Microsoft Visual Studio Solution File, Format Version 12.00
# Visual Studio Version 17
VisualStudioVersion = 17.0.31825.309
MinimumVisualStudioVersion = 10.0.40219.1
Project("{2150E333-8FDC-42A3-9474-1A3956D46DE8}") = "2015", "2015", "{26B5D4A6-7B38-4796-998A-41D48E12344A}"
EndProject
Project("{2150E333-8FDC-42A3-9474-1A3956D46DE8}") = "2016", "2016", "{17862ACF-5E83-4F00-82E4-702A121342E6}"
EndProject
Project("{2150E333-8FDC-42A3-9474-1A3956D46DE8}") = "2017", "2017", "{187F744F-91E6-49F2-A06E-D5BD01DA48D2}"
EndProject
Project("{2150E333-8FDC-42A3-9474-1A3956D46DE8}") = "2018", "2018", "{8C5ECC1C-E914-4224-A434-A9F296F36277}"
EndProject
Project("{2150E333-8FDC-42A3-9474-1A3956D46DE8}") = "2019", "2019", "{B5C06100-7AD2-4944-ABAB-3A7D428743A0}"
EndProject
Project("{2150E333-8FDC-42A3-9474-1A3956D46DE8}") = "2020", "2020", "{6642C797-7556-4E46-A628-E0AC81126AD5}"
EndProject
Project("{2150E333-8FDC-42A3-9474-1A3956D46DE8}") = "Common", "Common", "{6EBE7E1E-24FE-4608-A6D8-2A630DA44803}"
EndProject
Project("{FAE04EC0-301F-11D3-BF4B-00C04F79EFBC}") = "TypedRegex.Generator", "Common\TypedRegex.Generator\TypedRegex.Generator.csproj", "{45DE722A-6B67-4766-B7EC-2E56864DC324}"
EndProject
Project("{FAE04EC0-301F-11D3-BF4B-00C04F79EFBC}") = "aoccopy", "Common\aoccopy\aoccopy.csproj", "{666C2FEE-8FD1-457E-911C-99B6A845D187}"
EndProject
Project("{FAE04EC0-301F-11D3-BF4B-00C04F79EFBC}") = "AoC.Client", "Common\AoC.Client\AoC.Client.csproj", "{990AB8B7-125F-498D-B6E6-7C2D14A7EE55}"
EndProject
Project("{FAE04EC0-301F-11D3-BF4B-00C04F79EFBC}") = "AoC.2015.Day01", "2015\Day01\AoC.2015.Day01.csproj", "{78EB1AD8-0C80-490C-A1AA-007E4D8AA0BC}"
EndProject
Project("{FAE04EC0-301F-11D3-BF4B-00C04F79EFBC}") = "AoC.2015.Day02", "2015\Day02\AoC.2015.Day02.csproj", "{C8880D86-FD13-4B95-9E8B-B6C328BA82D6}"
EndProject
Project("{FAE04EC0-301F-11D3-BF4B-00C04F79EFBC}") = "AoC.2015.Day03", "2015\Day03\AoC.2015.Day03.csproj", "{137D60EB-91C4-47B0-B60E-F36CC12EE655}"
EndProject
Project("{FAE04EC0-301F-11D3-BF4B-00C04F79EFBC}") = "AoC.2015.Day04", "2015\Day04\AoC.2015.Day04.csproj", "{5AEF756C-1B5A-4930-82CF-F2A62CA12E80}"
EndProject
Project("{FAE04EC0-301F-11D3-BF4B-00C04F79EFBC}") = "AoC.2015.Day05", "2015\Day05\AoC.2015.Day05.csproj", "{55014FB5-38C4-4421-A06E-376D7F0616E5}"
EndProject
Project("{FAE04EC0-301F-11D3-BF4B-00C04F79EFBC}") = "AoC.2015.Day06", "2015\Day06\AoC.2015.Day06.csproj", "{6950DBD5-DE28-4E4F-8DAC-66F602F3A5EF}"
EndProject
Project("{FAE04EC0-301F-11D3-BF4B-00C04F79EFBC}") = "AoC.2015.Day07", "2015\Day07\AoC.2015.Day07.csproj", "{074BE991-CD60-4F3F-9818-7396F2E4006F}"
EndProject
Project("{FAE04EC0-301F-11D3-BF4B-00C04F79EFBC}") = "AoC.2015.Day08", "2015\Day08\AoC.2015.Day08.csproj", "{521CEBB1-6E0C-4C07-9CC7-6BE3114D47BC}"
EndProject
Project("{FAE04EC0-301F-11D3-BF4B-00C04F79EFBC}") = "AoC.2015.Day09", "2015\Day09\AoC.2015.Day09.csproj", "{89C08CE3-CA63-4976-9846-620F248E62C2}"
EndProject
Project("{FAE04EC0-301F-11D3-BF4B-00C04F79EFBC}") = "AoC.2015.Day10", "2015\Day10\AoC.2015.Day10.csproj", "{8CA35B1D-8853-4B78-88FB-07CEE0E1E043}"
EndProject
Project("{FAE04EC0-301F-11D3-BF4B-00C04F79EFBC}") = "AoC.2015.Day11", "2015\Day11\AoC.2015.Day11.csproj", "{A1E33C73-0970-4A1D-A85F-7A265D6B884F}"
EndProject
Project("{FAE04EC0-301F-11D3-BF4B-00C04F79EFBC}") = "AoC.2015.Day12", "2015\Day12\AoC.2015.Day12.csproj", "{A8A89C05-6E2F-41FE-9437-C87E7BCFF44C}"
EndProject
Project("{FAE04EC0-301F-11D3-BF4B-00C04F79EFBC}") = "AoC.2015.Day13", "2015\Day13\AoC.2015.Day13.csproj", "{547A585A-C362-4127-BC37-89166B19F37C}"
EndProject
Project("{FAE04EC0-301F-11D3-BF4B-00C04F79EFBC}") = "AoC.2015.Day14", "2015\Day14\AoC.2015.Day14.csproj", "{535EA1C9-4DA4-4C86-85F3-4744B4AF09BB}"
EndProject
Project("{FAE04EC0-301F-11D3-BF4B-00C04F79EFBC}") = "AoC.2015.Day15", "2015\Day15\AoC.2015.Day15.csproj", "{C4C97DDF-50D6-408B-916E-C44D7BDDADB4}"
EndProject
Project("{FAE04EC0-301F-11D3-BF4B-00C04F79EFBC}") = "AoC.2015.Day16", "2015\Day16\AoC.2015.Day16.csproj", "{E672D2F3-C23B-4896-BBD4-3C82BE6AF8C8}"
EndProject
Project("{FAE04EC0-301F-11D3-BF4B-00C04F79EFBC}") = "AoC.2015.Day17", "2015\Day17\AoC.2015.Day17.csproj", "{8F99E6F4-525C-4BA8-BAEB-E40F977A16F4}"
EndProject
Project("{FAE04EC0-301F-11D3-BF4B-00C04F79EFBC}") = "AoC.2015.Day18", "2015\Day18\AoC.2015.Day18.csproj", "{D6E27A54-BF16-4E12-B784-E8C043538711}"
EndProject
Project("{FAE04EC0-301F-11D3-BF4B-00C04F79EFBC}") = "AoC.2015.Day19", "2015\Day19\AoC.2015.Day19.csproj", "{C69B036A-4DE2-44C0-80FC-D9D24F8F6F31}"
EndProject
Project("{FAE04EC0-301F-11D3-BF4B-00C04F79EFBC}") = "AoC.2015.Day20", "2015\Day20\AoC.2015.Day20.csproj", "{0398FEC4-6D0C-46DF-9A1C-B963038AABE9}"
EndProject
Project("{FAE04EC0-301F-11D3-BF4B-00C04F79EFBC}") = "AoC.2015.Day21", "2015\Day21\AoC.2015.Day21.csproj", "{F9B99E00-9300-45AD-A9EF-E75F0C813738}"
EndProject
Project("{FAE04EC0-301F-11D3-BF4B-00C04F79EFBC}") = "AoC.2015.Day22", "2015\Day22\AoC.2015.Day22.csproj", "{02AA1115-B248-4653-8273-8776B7DFB838}"
EndProject
Project("{FAE04EC0-301F-11D3-BF4B-00C04F79EFBC}") = "AoC.2015.Day23", "2015\Day23\AoC.2015.Day23.csproj", "{6C2482D8-2490-4C41-ABD2-EFD8E516881B}"
EndProject
Project("{FAE04EC0-301F-11D3-BF4B-00C04F79EFBC}") = "AoC.2015.Day24", "2015\Day24\AoC.2015.Day24.csproj", "{D428BC6B-851E-4BE7-B4E5-060B3C048968}"
EndProject
Project("{FAE04EC0-301F-11D3-BF4B-00C04F79EFBC}") = "AoC.2015.Day25", "2015\Day25\AoC.2015.Day25.csproj", "{E9D9F3D7-253C-4C10-8A97-BE41C360CE34}"
EndProject
Project("{FAE04EC0-301F-11D3-BF4B-00C04F79EFBC}") = "AoC.2016.Day01", "2016\Day01\AoC.2016.Day01.csproj", "{188C6AC4-87E4-47A3-9CCE-4C42A59C4D9F}"
EndProject
Project("{FAE04EC0-301F-11D3-BF4B-00C04F79EFBC}") = "AoC.2016.Day02", "2016\Day02\AoC.2016.Day02.csproj", "{8B968444-C628-4DA0-86F4-7BB97A144B5B}"
EndProject
Project("{FAE04EC0-301F-11D3-BF4B-00C04F79EFBC}") = "AoC.2016.Day03", "2016\Day03\AoC.2016.Day03.csproj", "{69F1F368-702F-4BDF-8D5B-BA2C471F6EB9}"
EndProject
Project("{FAE04EC0-301F-11D3-BF4B-00C04F79EFBC}") = "AoC.2016.Day04", "2016\Day04\AoC.2016.Day04.csproj", "{7E5C7945-74B1-4383-AE2C-050B5752FFC7}"
EndProject
Project("{FAE04EC0-301F-11D3-BF4B-00C04F79EFBC}") = "AoC.2016.Day05", "2016\Day05\AoC.2016.Day05.csproj", "{702F7289-E6DD-40D6-9D4A-7B18E209A267}"
EndProject
Project("{FAE04EC0-301F-11D3-BF4B-00C04F79EFBC}") = "AoC.2016.Day06", "2016\Day06\AoC.2016.Day06.csproj", "{BCDF0159-F4F4-4C82-965A-87766BC82329}"
EndProject
Project("{FAE04EC0-301F-11D3-BF4B-00C04F79EFBC}") = "AoC.2016.Day07", "2016\Day07\AoC.2016.Day07.csproj", "{6287D33A-C34F-4D00-9E88-0FA83B0A75C0}"
EndProject
Project("{FAE04EC0-301F-11D3-BF4B-00C04F79EFBC}") = "AoC.2016.Day08", "2016\Day08\AoC.2016.Day08.csproj", "{3F2F19AA-51DB-4F97-94E8-302D263FD69B}"
EndProject
Project("{FAE04EC0-301F-11D3-BF4B-00C04F79EFBC}") = "AoC.2016.Day09", "2016\Day09\AoC.2016.Day09.csproj", "{BE8818AE-ADDB-44C3-A18C-E479FAF889EC}"
EndProject
Project("{FAE04EC0-301F-11D3-BF4B-00C04F79EFBC}") = "AoC.2017.Day01", "2017\Day01\AoC.2017.Day01.csproj", "{6C789C35-5A84-4805-BBA3-30DFBBCEBDFE}"
EndProject
Project("{FAE04EC0-301F-11D3-BF4B-00C04F79EFBC}") = "AoC.2017.Day02", "2017\Day02\AoC.2017.Day02.csproj", "{7299A798-5B65-4FBF-BB65-A548308E21E0}"
EndProject
Project("{FAE04EC0-301F-11D3-BF4B-00C04F79EFBC}") = "AoC.2017.Day03", "2017\Day03\AoC.2017.Day03.csproj", "{8E940267-10E1-4EC7-B926-A810E6D059FE}"
EndProject
Project("{FAE04EC0-301F-11D3-BF4B-00C04F79EFBC}") = "AoC.2017.Day04", "2017\Day04\AoC.2017.Day04.csproj", "{C4D20E73-377D-46A9-BABE-7395CDDE0782}"
EndProject
Project("{FAE04EC0-301F-11D3-BF4B-00C04F79EFBC}") = "AoC.2017.Day05", "2017\Day05\AoC.2017.Day05.csproj", "{A9C976C3-F1DE-418E-9661-5233B1B4337E}"
EndProject
Project("{FAE04EC0-301F-11D3-BF4B-00C04F79EFBC}") = "AoC.2017.Day06", "2017\Day06\AoC.2017.Day06.csproj", "{0E0B62C6-1DF3-47BF-9202-9DC64ACC5FC7}"
EndProject
Project("{FAE04EC0-301F-11D3-BF4B-00C04F79EFBC}") = "AoC.2017.Day07", "2017\Day07\AoC.2017.Day07.csproj", "{ED71106F-0148-46AA-822F-6C16C464DAF7}"
EndProject
Project("{FAE04EC0-301F-11D3-BF4B-00C04F79EFBC}") = "AoC.2017.Day08", "2017\Day08\AoC.2017.Day08.csproj", "{B1E6845B-4008-4163-8FAE-2465B57B1EF0}"
EndProject
Project("{FAE04EC0-301F-11D3-BF4B-00C04F79EFBC}") = "AoC.2017.Day09", "2017\Day09\AoC.2017.Day09.csproj", "{3CB3B6CC-058C-459F-8837-7956232B1EFB}"
EndProject
Project("{FAE04EC0-301F-11D3-BF4B-00C04F79EFBC}") = "AoC.2017.Day10", "2017\Day10\AoC.2017.Day10.csproj", "{42FA52B4-0427-4350-8E17-E19FCAB2A515}"
EndProject
Project("{FAE04EC0-301F-11D3-BF4B-00C04F79EFBC}") = "AoC.2017.Day11", "2017\Day11\AoC.2017.Day11.csproj", "{AA6C09EE-6EE6-4C58-B854-9E9A45524BFC}"
EndProject
Project("{FAE04EC0-301F-11D3-BF4B-00C04F79EFBC}") = "AoC.2017.Day12", "2017\Day12\AoC.2017.Day12.csproj", "{193B9439-B45A-4BC1-9CDD-6A37A43E246D}"
EndProject
Project("{FAE04EC0-301F-11D3-BF4B-00C04F79EFBC}") = "AoC.2017.Day13", "2017\Day13\AoC.2017.Day13.csproj", "{CEF14FA4-5EC4-4F6C-99AA-200F29E3A6BC}"
EndProject
Project("{FAE04EC0-301F-11D3-BF4B-00C04F79EFBC}") = "AoC.2017.Day14", "2017\Day14\AoC.2017.Day14.csproj", "{B8990E48-18FC-407E-A7F2-AEBD4100F046}"
EndProject
Project("{FAE04EC0-301F-11D3-BF4B-00C04F79EFBC}") = "AoC.2017.Day15", "2017\Day15\AoC.2017.Day15.csproj", "{81EAC7DA-5CEF-4F42-824E-CE9B56801C03}"
EndProject
Project("{FAE04EC0-301F-11D3-BF4B-00C04F79EFBC}") = "AoC.2017.Day16", "2017\Day16\AoC.2017.Day16.csproj", "{60FB333B-F115-45D3-A66D-C3AF651C9FB7}"
EndProject
Project("{FAE04EC0-301F-11D3-BF4B-00C04F79EFBC}") = "AoC.2017.Day17", "2017\Day17\AoC.2017.Day17.csproj", "{B8F08A7F-63DD-41EC-82EA-64B14B31F649}"
EndProject
Project("{FAE04EC0-301F-11D3-BF4B-00C04F79EFBC}") = "AoC.2017.Day18", "2017\Day18\AoC.2017.Day18.csproj", "{DAFB2B8F-4CCC-4895-B624-FABBD87559DE}"
EndProject
Project("{FAE04EC0-301F-11D3-BF4B-00C04F79EFBC}") = "AoC.2017.Day19", "2017\Day19\AoC.2017.Day19.csproj", "{856B47BD-C3BE-4E6E-935E-0A8DDE0C7831}"
EndProject
Project("{FAE04EC0-301F-11D3-BF4B-00C04F79EFBC}") = "AoC.2017.Day20", "2017\Day20\AoC.2017.Day20.csproj", "{C570CE74-E155-4BD4-908A-8722392A0819}"
EndProject
Project("{FAE04EC0-301F-11D3-BF4B-00C04F79EFBC}") = "AoC.2017.Day21", "2017\Day21\AoC.2017.Day21.csproj", "{90F2F635-B66D-4BF6-A4C1-E6A677D9BD48}"
EndProject
Project("{FAE04EC0-301F-11D3-BF4B-00C04F79EFBC}") = "AoC.2017.Day22", "2017\Day22\AoC.2017.Day22.csproj", "{EABBB716-3891-47D4-A8CD-487E4E6E9258}"
EndProject
Project("{FAE04EC0-301F-11D3-BF4B-00C04F79EFBC}") = "AoC.2017.Day23", "2017\Day23\AoC.2017.Day23.csproj", "{00D6ED8F-2B02-42D4-8437-B7E4B448F842}"
EndProject
Project("{FAE04EC0-301F-11D3-BF4B-00C04F79EFBC}") = "AoC.2017.Day24", "2017\Day24\AoC.2017.Day24.csproj", "{A767FD81-B8B3-4324-8815-C2DEEE536879}"
EndProject
Project("{FAE04EC0-301F-11D3-BF4B-00C04F79EFBC}") = "AoC.2017.Day25", "2017\Day25\AoC.2017.Day25.csproj", "{F55DFA19-3C7C-4782-A010-13E26F20C60E}"
EndProject
Project("{FAE04EC0-301F-11D3-BF4B-00C04F79EFBC}") = "AoC.2018.Day01", "2018\Day01\AoC.2018.Day01.csproj", "{82135DF4-9DAB-4DDF-A498-DB078456C468}"
EndProject
Project("{FAE04EC0-301F-11D3-BF4B-00C04F79EFBC}") = "AoC.2018.Day02", "2018\Day02\AoC.2018.Day02.csproj", "{62C123B8-6E5D-49FE-9233-7BB6B82D5746}"
EndProject
Project("{FAE04EC0-301F-11D3-BF4B-00C04F79EFBC}") = "AoC.2018.Day03", "2018\Day03\AoC.2018.Day03.csproj", "{F865237C-19AA-4B88-9217-4D2845A96CCE}"
EndProject
Project("{FAE04EC0-301F-11D3-BF4B-00C04F79EFBC}") = "AoC.2018.Day04", "2018\Day04\AoC.2018.Day04.csproj", "{05CC268A-D501-47BA-B4CA-1F0A2F88CB13}"
EndProject
Project("{FAE04EC0-301F-11D3-BF4B-00C04F79EFBC}") = "AoC.2018.Day05", "2018\Day05\AoC.2018.Day05.csproj", "{2199DC6A-193F-4A44-8E2D-D50F8C73CE3F}"
EndProject
Project("{FAE04EC0-301F-11D3-BF4B-00C04F79EFBC}") = "AoC.2018.Day06", "2018\Day06\AoC.2018.Day06.csproj", "{18D78667-9348-42EF-AFAD-78BAA5FEF075}"
EndProject
Project("{FAE04EC0-301F-11D3-BF4B-00C04F79EFBC}") = "AoC.2018.Day07", "2018\Day07\AoC.2018.Day07.csproj", "{059CDA02-742D-483F-A719-87DBF4385F19}"
EndProject
Project("{FAE04EC0-301F-11D3-BF4B-00C04F79EFBC}") = "AoC.2018.Day08", "2018\Day08\AoC.2018.Day08.csproj", "{8FCBF453-8514-4135-94F2-2E8D4D12C61D}"
EndProject
Project("{FAE04EC0-301F-11D3-BF4B-00C04F79EFBC}") = "AoC.2018.Day09", "2018\Day09\AoC.2018.Day09.csproj", "{8ABFE97F-B3E8-4A5C-8235-A1D32F5468FF}"
EndProject
Project("{FAE04EC0-301F-11D3-BF4B-00C04F79EFBC}") = "AoC.2018.Day10", "2018\Day10\AoC.2018.Day10.csproj", "{F322E361-48B8-4AE9-B476-7FF3A8B9C6E5}"
EndProject
Project("{FAE04EC0-301F-11D3-BF4B-00C04F79EFBC}") = "AoC.2018.Day11", "2018\Day11\AoC.2018.Day11.csproj", "{4E99E0FF-9584-46D9-8483-7EFC13047E76}"
EndProject
Project("{FAE04EC0-301F-11D3-BF4B-00C04F79EFBC}") = "AoC.2018.Day12", "2018\Day12\AoC.2018.Day12.csproj", "{BE6C0A13-FBBC-41E8-B7AB-51CBCB9D9121}"
EndProject
Project("{FAE04EC0-301F-11D3-BF4B-00C04F79EFBC}") = "AoC.2018.Day14", "2018\Day14\AoC.2018.Day14.csproj", "{0D1067D7-D328-4F28-B052-92D82D624535}"
EndProject
Project("{FAE04EC0-301F-11D3-BF4B-00C04F79EFBC}") = "AoC.2018.Day16", "2018\Day16\AoC.2018.Day16.csproj", "{41FEB315-7CD1-41B2-9697-4E55778CD1AC}"
EndProject
Project("{FAE04EC0-301F-11D3-BF4B-00C04F79EFBC}") = "AoC.2018.Day17", "2018\Day17\AoC.2018.Day17.csproj", "{A73313F0-E461-4B05-91C5-312CE3C31331}"
EndProject
Project("{FAE04EC0-301F-11D3-BF4B-00C04F79EFBC}") = "AoC.2018.Day18", "2018\Day18\AoC.2018.Day18.csproj", "{C27C47C3-7544-4519-9B09-8C263A3E8AB5}"
EndProject
Project("{FAE04EC0-301F-11D3-BF4B-00C04F79EFBC}") = "AoC.2018.Day19", "2018\Day19\AoC.2018.Day19.csproj", "{362B4B69-CAB2-4181-A35B-713A3B2D6EA7}"
EndProject
Project("{FAE04EC0-301F-11D3-BF4B-00C04F79EFBC}") = "AoC.2018.Day20", "2018\Day20\AoC.2018.Day20.csproj", "{F051D2E9-767C-40F9-9841-1BCA095C4C35}"
EndProject
Project("{FAE04EC0-301F-11D3-BF4B-00C04F79EFBC}") = "AoC.2019.Day01", "2019\Day01\AoC.2019.Day01.csproj", "{234EADA1-C8D0-4FC0-A78F-2DDB0AD6ED78}"
EndProject
Project("{FAE04EC0-301F-11D3-BF4B-00C04F79EFBC}") = "AoC.2019.Day02", "2019\Day02\AoC.2019.Day02.csproj", "{038B0E15-07BB-418F-B71A-8455DC10D744}"
EndProject
Project("{FAE04EC0-301F-11D3-BF4B-00C04F79EFBC}") = "AoC.2019.Day03", "2019\Day03\AoC.2019.Day03.csproj", "{577D162B-93CD-4D9B-8DD1-B60B6FDC57EF}"
EndProject
Project("{FAE04EC0-301F-11D3-BF4B-00C04F79EFBC}") = "AoC.2019.Day04", "2019\Day04\AoC.2019.Day04.csproj", "{D16E3066-2D3A-4D39-84D3-948E12CA0EC9}"
EndProject
Project("{FAE04EC0-301F-11D3-BF4B-00C04F79EFBC}") = "AoC.2019.Day05", "2019\Day05\AoC.2019.Day05.csproj", "{E96EF27F-249A-4D08-AF88-DC639037A9F1}"
EndProject
Project("{FAE04EC0-301F-11D3-BF4B-00C04F79EFBC}") = "AoC.2019.Day06", "2019\Day06\AoC.2019.Day06.csproj", "{24DC82B6-3669-4BBE-9D2F-86FB21C427D7}"
EndProject
Project("{FAE04EC0-301F-11D3-BF4B-00C04F79EFBC}") = "AoC.2020.Day01", "2020\Day01\AoC.2020.Day01.csproj", "{8884A8A4-E6EC-4A94-9563-96D1D8451D7D}"
EndProject
Project("{FAE04EC0-301F-11D3-BF4B-00C04F79EFBC}") = "AoC.2020.Day02", "2020\Day02\AoC.2020.Day02.csproj", "{F4188926-12D3-4974-B78E-D2147DEE8041}"
EndProject
Project("{FAE04EC0-301F-11D3-BF4B-00C04F79EFBC}") = "AoC.2020.Day03", "2020\Day03\AoC.2020.Day03.csproj", "{FDE3FFA6-20EC-45FF-B680-0070EF551D90}"
EndProject
Project("{FAE04EC0-301F-11D3-BF4B-00C04F79EFBC}") = "AoC.2020.Day04", "2020\Day04\AoC.2020.Day04.csproj", "{1FED7C85-98E4-4841-9D24-87AC68D51C95}"
EndProject
Project("{FAE04EC0-301F-11D3-BF4B-00C04F79EFBC}") = "AoC.2020.Day05", "2020\Day05\AoC.2020.Day05.csproj", "{77B57F7E-48CE-421A-80E0-BEBFDD0E090F}"
EndProject
Project("{FAE04EC0-301F-11D3-BF4B-00C04F79EFBC}") = "AoC.2020.Day06", "2020\Day06\AoC.2020.Day06.csproj", "{5172F296-8CB2-4554-A03E-36C5C2E5A4BB}"
EndProject
Project("{FAE04EC0-301F-11D3-BF4B-00C04F79EFBC}") = "AoC.2020.Day07", "2020\Day07\AoC.2020.Day07.csproj", "{2FBE2612-FADD-47DA-B9F5-7AE80BE19C3C}"
EndProject
Project("{FAE04EC0-301F-11D3-BF4B-00C04F79EFBC}") = "AoC.2020.Day08", "2020\Day08\AoC.2020.Day08.csproj", "{18B7E38E-E55A-4903-9E29-4F2F5EFEBD14}"
EndProject
Project("{FAE04EC0-301F-11D3-BF4B-00C04F79EFBC}") = "AoC.2020.Day09", "2020\Day09\AoC.2020.Day09.csproj", "{91BBACB3-4576-49F4-B2CC-6483175A64C9}"
EndProject
Project("{FAE04EC0-301F-11D3-BF4B-00C04F79EFBC}") = "AoC.2020.Day10", "2020\Day10\AoC.2020.Day10.csproj", "{D9E6FD12-3328-4AB8-935D-7F19B5315E9C}"
EndProject
Project("{FAE04EC0-301F-11D3-BF4B-00C04F79EFBC}") = "AoC.2020.Day11", "2020\Day11\AoC.2020.Day11.csproj", "{D473BF29-89D1-46C6-A9F3-EEEA873C3D45}"
EndProject
Project("{FAE04EC0-301F-11D3-BF4B-00C04F79EFBC}") = "AoC.2020.Day12", "2020\Day12\AoC.2020.Day12.csproj", "{7321BF3C-0B42-4C01-83AC-A68E75C46BA9}"
EndProject
Project("{FAE04EC0-301F-11D3-BF4B-00C04F79EFBC}") = "AoC.2020.Day13", "2020\Day13\AoC.2020.Day13.csproj", "{9BE84F62-6E82-4BD8-BE2A-C93F5B1BC8EC}"
EndProject
Project("{FAE04EC0-301F-11D3-BF4B-00C04F79EFBC}") = "AoC.2020.Day14", "2020\Day14\AoC.2020.Day14.csproj", "{052E81B2-DCEC-4AA5-B092-F18F4E6E2DEF}"
EndProject
Project("{FAE04EC0-301F-11D3-BF4B-00C04F79EFBC}") = "AoC.2020.Day15", "2020\Day15\AoC.2020.Day15.csproj", "{9A5233A4-F8D3-4781-A5D7-8A483CFECB03}"
EndProject
Project("{FAE04EC0-301F-11D3-BF4B-00C04F79EFBC}") = "AoC.2020.Day16", "2020\Day16\AoC.2020.Day16.csproj", "{84E08C89-1DAD-4147-A9E3-4AEC14E15419}"
EndProject
Project("{FAE04EC0-301F-11D3-BF4B-00C04F79EFBC}") = "AoC.2020.Day17", "2020\Day17\AoC.2020.Day17.csproj", "{B5913350-352E-4D59-A40F-9B2E01C36B53}"
EndProject
Project("{FAE04EC0-301F-11D3-BF4B-00C04F79EFBC}") = "AoC.2020.Day18", "2020\Day18\AoC.2020.Day18.csproj", "{84DCA3EB-0AA3-46C2-A3B9-56015F4F28D4}"
EndProject
Project("{FAE04EC0-301F-11D3-BF4B-00C04F79EFBC}") = "AoC.2020.Day19", "2020\Day19\AoC.2020.Day19.csproj", "{9B4E8B87-FB2F-493D-B5F8-940F03820440}"
EndProject
Project("{FAE04EC0-301F-11D3-BF4B-00C04F79EFBC}") = "AoC.2020.Day20", "2020\Day20\AoC.2020.Day20.csproj", "{A40DAC03-D7B1-46B0-8DAF-A6652F375E01}"
EndProject
Project("{FAE04EC0-301F-11D3-BF4B-00C04F79EFBC}") = "AoC.2020.Day21", "2020\Day21\AoC.2020.Day21.csproj", "{0FC46A6F-A2F6-4EAE-899B-CC04D7698FDE}"
EndProject
Project("{FAE04EC0-301F-11D3-BF4B-00C04F79EFBC}") = "AoC.2020.Day22", "2020\Day22\AoC.2020.Day22.csproj", "{F8A3F99F-34E4-453C-9096-FEAD7AE8ECFA}"
EndProject
Project("{FAE04EC0-301F-11D3-BF4B-00C04F79EFBC}") = "AoC.2020.Day23", "2020\Day23\AoC.2020.Day23.csproj", "{29618340-1C88-48EC-871F-0DAA2144B968}"
EndProject
Project("{FAE04EC0-301F-11D3-BF4B-00C04F79EFBC}") = "AoC.2020.Day24", "2020\Day24\AoC.2020.Day24.csproj", "{8A7251F8-BA69-491F-B9C6-56B5E6FFF1DE}"
EndProject
Project("{FAE04EC0-301F-11D3-BF4B-00C04F79EFBC}") = "AoC.2020.Day25", "2020\Day25\AoC.2020.Day25.csproj", "{C53A8BF3-EC00-4D84-B1F9-3A48DCD7594B}"
EndProject
Global
	GlobalSection(SolutionConfigurationPlatforms) = preSolution
		Debug|Any CPU = Debug|Any CPU
		Release|Any CPU = Release|Any CPU
	EndGlobalSection
	GlobalSection(ProjectConfigurationPlatforms) = postSolution
		{45DE722A-6B67-4766-B7EC-2E56864DC324}.Debug|Any CPU.ActiveCfg = Debug|Any CPU
		{45DE722A-6B67-4766-B7EC-2E56864DC324}.Debug|Any CPU.Build.0 = Debug|Any CPU
		{45DE722A-6B67-4766-B7EC-2E56864DC324}.Release|Any CPU.ActiveCfg = Release|Any CPU
		{45DE722A-6B67-4766-B7EC-2E56864DC324}.Release|Any CPU.Build.0 = Release|Any CPU
		{666C2FEE-8FD1-457E-911C-99B6A845D187}.Debug|Any CPU.ActiveCfg = Debug|Any CPU
		{666C2FEE-8FD1-457E-911C-99B6A845D187}.Debug|Any CPU.Build.0 = Debug|Any CPU
		{666C2FEE-8FD1-457E-911C-99B6A845D187}.Release|Any CPU.ActiveCfg = Release|Any CPU
		{666C2FEE-8FD1-457E-911C-99B6A845D187}.Release|Any CPU.Build.0 = Release|Any CPU
		{990AB8B7-125F-498D-B6E6-7C2D14A7EE55}.Debug|Any CPU.ActiveCfg = Debug|Any CPU
		{990AB8B7-125F-498D-B6E6-7C2D14A7EE55}.Debug|Any CPU.Build.0 = Debug|Any CPU
		{990AB8B7-125F-498D-B6E6-7C2D14A7EE55}.Release|Any CPU.ActiveCfg = Release|Any CPU
		{990AB8B7-125F-498D-B6E6-7C2D14A7EE55}.Release|Any CPU.Build.0 = Release|Any CPU
		{78EB1AD8-0C80-490C-A1AA-007E4D8AA0BC}.Debug|Any CPU.ActiveCfg = Debug|Any CPU
		{78EB1AD8-0C80-490C-A1AA-007E4D8AA0BC}.Debug|Any CPU.Build.0 = Debug|Any CPU
		{78EB1AD8-0C80-490C-A1AA-007E4D8AA0BC}.Release|Any CPU.ActiveCfg = Release|Any CPU
		{78EB1AD8-0C80-490C-A1AA-007E4D8AA0BC}.Release|Any CPU.Build.0 = Release|Any CPU
		{C8880D86-FD13-4B95-9E8B-B6C328BA82D6}.Debug|Any CPU.ActiveCfg = Debug|Any CPU
		{C8880D86-FD13-4B95-9E8B-B6C328BA82D6}.Debug|Any CPU.Build.0 = Debug|Any CPU
		{C8880D86-FD13-4B95-9E8B-B6C328BA82D6}.Release|Any CPU.ActiveCfg = Release|Any CPU
		{C8880D86-FD13-4B95-9E8B-B6C328BA82D6}.Release|Any CPU.Build.0 = Release|Any CPU
		{137D60EB-91C4-47B0-B60E-F36CC12EE655}.Debug|Any CPU.ActiveCfg = Debug|Any CPU
		{137D60EB-91C4-47B0-B60E-F36CC12EE655}.Debug|Any CPU.Build.0 = Debug|Any CPU
		{137D60EB-91C4-47B0-B60E-F36CC12EE655}.Release|Any CPU.ActiveCfg = Release|Any CPU
		{137D60EB-91C4-47B0-B60E-F36CC12EE655}.Release|Any CPU.Build.0 = Release|Any CPU
		{5AEF756C-1B5A-4930-82CF-F2A62CA12E80}.Debug|Any CPU.ActiveCfg = Debug|Any CPU
		{5AEF756C-1B5A-4930-82CF-F2A62CA12E80}.Debug|Any CPU.Build.0 = Debug|Any CPU
		{5AEF756C-1B5A-4930-82CF-F2A62CA12E80}.Release|Any CPU.ActiveCfg = Release|Any CPU
		{5AEF756C-1B5A-4930-82CF-F2A62CA12E80}.Release|Any CPU.Build.0 = Release|Any CPU
		{55014FB5-38C4-4421-A06E-376D7F0616E5}.Debug|Any CPU.ActiveCfg = Debug|Any CPU
		{55014FB5-38C4-4421-A06E-376D7F0616E5}.Debug|Any CPU.Build.0 = Debug|Any CPU
		{55014FB5-38C4-4421-A06E-376D7F0616E5}.Release|Any CPU.ActiveCfg = Release|Any CPU
		{55014FB5-38C4-4421-A06E-376D7F0616E5}.Release|Any CPU.Build.0 = Release|Any CPU
		{6950DBD5-DE28-4E4F-8DAC-66F602F3A5EF}.Debug|Any CPU.ActiveCfg = Debug|Any CPU
		{6950DBD5-DE28-4E4F-8DAC-66F602F3A5EF}.Debug|Any CPU.Build.0 = Debug|Any CPU
		{6950DBD5-DE28-4E4F-8DAC-66F602F3A5EF}.Release|Any CPU.ActiveCfg = Release|Any CPU
		{6950DBD5-DE28-4E4F-8DAC-66F602F3A5EF}.Release|Any CPU.Build.0 = Release|Any CPU
		{074BE991-CD60-4F3F-9818-7396F2E4006F}.Debug|Any CPU.ActiveCfg = Debug|Any CPU
		{074BE991-CD60-4F3F-9818-7396F2E4006F}.Debug|Any CPU.Build.0 = Debug|Any CPU
		{074BE991-CD60-4F3F-9818-7396F2E4006F}.Release|Any CPU.ActiveCfg = Release|Any CPU
		{074BE991-CD60-4F3F-9818-7396F2E4006F}.Release|Any CPU.Build.0 = Release|Any CPU
		{521CEBB1-6E0C-4C07-9CC7-6BE3114D47BC}.Debug|Any CPU.ActiveCfg = Debug|Any CPU
		{521CEBB1-6E0C-4C07-9CC7-6BE3114D47BC}.Debug|Any CPU.Build.0 = Debug|Any CPU
		{521CEBB1-6E0C-4C07-9CC7-6BE3114D47BC}.Release|Any CPU.ActiveCfg = Release|Any CPU
		{521CEBB1-6E0C-4C07-9CC7-6BE3114D47BC}.Release|Any CPU.Build.0 = Release|Any CPU
		{89C08CE3-CA63-4976-9846-620F248E62C2}.Debug|Any CPU.ActiveCfg = Debug|Any CPU
		{89C08CE3-CA63-4976-9846-620F248E62C2}.Debug|Any CPU.Build.0 = Debug|Any CPU
		{89C08CE3-CA63-4976-9846-620F248E62C2}.Release|Any CPU.ActiveCfg = Release|Any CPU
		{89C08CE3-CA63-4976-9846-620F248E62C2}.Release|Any CPU.Build.0 = Release|Any CPU
		{8CA35B1D-8853-4B78-88FB-07CEE0E1E043}.Debug|Any CPU.ActiveCfg = Debug|Any CPU
		{8CA35B1D-8853-4B78-88FB-07CEE0E1E043}.Debug|Any CPU.Build.0 = Debug|Any CPU
		{8CA35B1D-8853-4B78-88FB-07CEE0E1E043}.Release|Any CPU.ActiveCfg = Release|Any CPU
		{8CA35B1D-8853-4B78-88FB-07CEE0E1E043}.Release|Any CPU.Build.0 = Release|Any CPU
		{A1E33C73-0970-4A1D-A85F-7A265D6B884F}.Debug|Any CPU.ActiveCfg = Debug|Any CPU
		{A1E33C73-0970-4A1D-A85F-7A265D6B884F}.Debug|Any CPU.Build.0 = Debug|Any CPU
		{A1E33C73-0970-4A1D-A85F-7A265D6B884F}.Release|Any CPU.ActiveCfg = Release|Any CPU
		{A1E33C73-0970-4A1D-A85F-7A265D6B884F}.Release|Any CPU.Build.0 = Release|Any CPU
		{A8A89C05-6E2F-41FE-9437-C87E7BCFF44C}.Debug|Any CPU.ActiveCfg = Debug|Any CPU
		{A8A89C05-6E2F-41FE-9437-C87E7BCFF44C}.Debug|Any CPU.Build.0 = Debug|Any CPU
		{A8A89C05-6E2F-41FE-9437-C87E7BCFF44C}.Release|Any CPU.ActiveCfg = Release|Any CPU
		{A8A89C05-6E2F-41FE-9437-C87E7BCFF44C}.Release|Any CPU.Build.0 = Release|Any CPU
		{547A585A-C362-4127-BC37-89166B19F37C}.Debug|Any CPU.ActiveCfg = Debug|Any CPU
		{547A585A-C362-4127-BC37-89166B19F37C}.Debug|Any CPU.Build.0 = Debug|Any CPU
		{547A585A-C362-4127-BC37-89166B19F37C}.Release|Any CPU.ActiveCfg = Release|Any CPU
		{547A585A-C362-4127-BC37-89166B19F37C}.Release|Any CPU.Build.0 = Release|Any CPU
		{535EA1C9-4DA4-4C86-85F3-4744B4AF09BB}.Debug|Any CPU.ActiveCfg = Debug|Any CPU
		{535EA1C9-4DA4-4C86-85F3-4744B4AF09BB}.Debug|Any CPU.Build.0 = Debug|Any CPU
		{535EA1C9-4DA4-4C86-85F3-4744B4AF09BB}.Release|Any CPU.ActiveCfg = Release|Any CPU
		{535EA1C9-4DA4-4C86-85F3-4744B4AF09BB}.Release|Any CPU.Build.0 = Release|Any CPU
		{C4C97DDF-50D6-408B-916E-C44D7BDDADB4}.Debug|Any CPU.ActiveCfg = Debug|Any CPU
		{C4C97DDF-50D6-408B-916E-C44D7BDDADB4}.Debug|Any CPU.Build.0 = Debug|Any CPU
		{C4C97DDF-50D6-408B-916E-C44D7BDDADB4}.Release|Any CPU.ActiveCfg = Release|Any CPU
		{C4C97DDF-50D6-408B-916E-C44D7BDDADB4}.Release|Any CPU.Build.0 = Release|Any CPU
		{E672D2F3-C23B-4896-BBD4-3C82BE6AF8C8}.Debug|Any CPU.ActiveCfg = Debug|Any CPU
		{E672D2F3-C23B-4896-BBD4-3C82BE6AF8C8}.Debug|Any CPU.Build.0 = Debug|Any CPU
		{E672D2F3-C23B-4896-BBD4-3C82BE6AF8C8}.Release|Any CPU.ActiveCfg = Release|Any CPU
		{E672D2F3-C23B-4896-BBD4-3C82BE6AF8C8}.Release|Any CPU.Build.0 = Release|Any CPU
		{8F99E6F4-525C-4BA8-BAEB-E40F977A16F4}.Debug|Any CPU.ActiveCfg = Debug|Any CPU
		{8F99E6F4-525C-4BA8-BAEB-E40F977A16F4}.Debug|Any CPU.Build.0 = Debug|Any CPU
		{8F99E6F4-525C-4BA8-BAEB-E40F977A16F4}.Release|Any CPU.ActiveCfg = Release|Any CPU
		{8F99E6F4-525C-4BA8-BAEB-E40F977A16F4}.Release|Any CPU.Build.0 = Release|Any CPU
		{D6E27A54-BF16-4E12-B784-E8C043538711}.Debug|Any CPU.ActiveCfg = Debug|Any CPU
		{D6E27A54-BF16-4E12-B784-E8C043538711}.Debug|Any CPU.Build.0 = Debug|Any CPU
		{D6E27A54-BF16-4E12-B784-E8C043538711}.Release|Any CPU.ActiveCfg = Release|Any CPU
		{D6E27A54-BF16-4E12-B784-E8C043538711}.Release|Any CPU.Build.0 = Release|Any CPU
		{C69B036A-4DE2-44C0-80FC-D9D24F8F6F31}.Debug|Any CPU.ActiveCfg = Debug|Any CPU
		{C69B036A-4DE2-44C0-80FC-D9D24F8F6F31}.Debug|Any CPU.Build.0 = Debug|Any CPU
		{C69B036A-4DE2-44C0-80FC-D9D24F8F6F31}.Release|Any CPU.ActiveCfg = Release|Any CPU
		{C69B036A-4DE2-44C0-80FC-D9D24F8F6F31}.Release|Any CPU.Build.0 = Release|Any CPU
		{0398FEC4-6D0C-46DF-9A1C-B963038AABE9}.Debug|Any CPU.ActiveCfg = Debug|Any CPU
		{0398FEC4-6D0C-46DF-9A1C-B963038AABE9}.Debug|Any CPU.Build.0 = Debug|Any CPU
		{0398FEC4-6D0C-46DF-9A1C-B963038AABE9}.Release|Any CPU.ActiveCfg = Release|Any CPU
		{0398FEC4-6D0C-46DF-9A1C-B963038AABE9}.Release|Any CPU.Build.0 = Release|Any CPU
		{F9B99E00-9300-45AD-A9EF-E75F0C813738}.Debug|Any CPU.ActiveCfg = Debug|Any CPU
		{F9B99E00-9300-45AD-A9EF-E75F0C813738}.Debug|Any CPU.Build.0 = Debug|Any CPU
		{F9B99E00-9300-45AD-A9EF-E75F0C813738}.Release|Any CPU.ActiveCfg = Release|Any CPU
		{F9B99E00-9300-45AD-A9EF-E75F0C813738}.Release|Any CPU.Build.0 = Release|Any CPU
		{02AA1115-B248-4653-8273-8776B7DFB838}.Debug|Any CPU.ActiveCfg = Debug|Any CPU
		{02AA1115-B248-4653-8273-8776B7DFB838}.Debug|Any CPU.Build.0 = Debug|Any CPU
		{02AA1115-B248-4653-8273-8776B7DFB838}.Release|Any CPU.ActiveCfg = Release|Any CPU
		{02AA1115-B248-4653-8273-8776B7DFB838}.Release|Any CPU.Build.0 = Release|Any CPU
		{6C2482D8-2490-4C41-ABD2-EFD8E516881B}.Debug|Any CPU.ActiveCfg = Debug|Any CPU
		{6C2482D8-2490-4C41-ABD2-EFD8E516881B}.Debug|Any CPU.Build.0 = Debug|Any CPU
		{6C2482D8-2490-4C41-ABD2-EFD8E516881B}.Release|Any CPU.ActiveCfg = Release|Any CPU
		{6C2482D8-2490-4C41-ABD2-EFD8E516881B}.Release|Any CPU.Build.0 = Release|Any CPU
		{D428BC6B-851E-4BE7-B4E5-060B3C048968}.Debug|Any CPU.ActiveCfg = Debug|Any CPU
		{D428BC6B-851E-4BE7-B4E5-060B3C048968}.Debug|Any CPU.Build.0 = Debug|Any CPU
		{D428BC6B-851E-4BE7-B4E5-060B3C048968}.Release|Any CPU.ActiveCfg = Release|Any CPU
		{D428BC6B-851E-4BE7-B4E5-060B3C048968}.Release|Any CPU.Build.0 = Release|Any CPU
		{E9D9F3D7-253C-4C10-8A97-BE41C360CE34}.Debug|Any CPU.ActiveCfg = Debug|Any CPU
		{E9D9F3D7-253C-4C10-8A97-BE41C360CE34}.Debug|Any CPU.Build.0 = Debug|Any CPU
		{E9D9F3D7-253C-4C10-8A97-BE41C360CE34}.Release|Any CPU.ActiveCfg = Release|Any CPU
		{E9D9F3D7-253C-4C10-8A97-BE41C360CE34}.Release|Any CPU.Build.0 = Release|Any CPU
		{188C6AC4-87E4-47A3-9CCE-4C42A59C4D9F}.Debug|Any CPU.ActiveCfg = Debug|Any CPU
		{188C6AC4-87E4-47A3-9CCE-4C42A59C4D9F}.Debug|Any CPU.Build.0 = Debug|Any CPU
		{188C6AC4-87E4-47A3-9CCE-4C42A59C4D9F}.Release|Any CPU.ActiveCfg = Release|Any CPU
		{188C6AC4-87E4-47A3-9CCE-4C42A59C4D9F}.Release|Any CPU.Build.0 = Release|Any CPU
		{8B968444-C628-4DA0-86F4-7BB97A144B5B}.Debug|Any CPU.ActiveCfg = Debug|Any CPU
		{8B968444-C628-4DA0-86F4-7BB97A144B5B}.Debug|Any CPU.Build.0 = Debug|Any CPU
		{8B968444-C628-4DA0-86F4-7BB97A144B5B}.Release|Any CPU.ActiveCfg = Release|Any CPU
		{8B968444-C628-4DA0-86F4-7BB97A144B5B}.Release|Any CPU.Build.0 = Release|Any CPU
		{69F1F368-702F-4BDF-8D5B-BA2C471F6EB9}.Debug|Any CPU.ActiveCfg = Debug|Any CPU
		{69F1F368-702F-4BDF-8D5B-BA2C471F6EB9}.Debug|Any CPU.Build.0 = Debug|Any CPU
		{69F1F368-702F-4BDF-8D5B-BA2C471F6EB9}.Release|Any CPU.ActiveCfg = Release|Any CPU
		{69F1F368-702F-4BDF-8D5B-BA2C471F6EB9}.Release|Any CPU.Build.0 = Release|Any CPU
		{7E5C7945-74B1-4383-AE2C-050B5752FFC7}.Debug|Any CPU.ActiveCfg = Debug|Any CPU
		{7E5C7945-74B1-4383-AE2C-050B5752FFC7}.Debug|Any CPU.Build.0 = Debug|Any CPU
		{7E5C7945-74B1-4383-AE2C-050B5752FFC7}.Release|Any CPU.ActiveCfg = Release|Any CPU
		{7E5C7945-74B1-4383-AE2C-050B5752FFC7}.Release|Any CPU.Build.0 = Release|Any CPU
		{702F7289-E6DD-40D6-9D4A-7B18E209A267}.Debug|Any CPU.ActiveCfg = Debug|Any CPU
		{702F7289-E6DD-40D6-9D4A-7B18E209A267}.Debug|Any CPU.Build.0 = Debug|Any CPU
		{702F7289-E6DD-40D6-9D4A-7B18E209A267}.Release|Any CPU.ActiveCfg = Release|Any CPU
		{702F7289-E6DD-40D6-9D4A-7B18E209A267}.Release|Any CPU.Build.0 = Release|Any CPU
		{BCDF0159-F4F4-4C82-965A-87766BC82329}.Debug|Any CPU.ActiveCfg = Debug|Any CPU
		{BCDF0159-F4F4-4C82-965A-87766BC82329}.Debug|Any CPU.Build.0 = Debug|Any CPU
		{BCDF0159-F4F4-4C82-965A-87766BC82329}.Release|Any CPU.ActiveCfg = Release|Any CPU
		{BCDF0159-F4F4-4C82-965A-87766BC82329}.Release|Any CPU.Build.0 = Release|Any CPU
		{6287D33A-C34F-4D00-9E88-0FA83B0A75C0}.Debug|Any CPU.ActiveCfg = Debug|Any CPU
		{6287D33A-C34F-4D00-9E88-0FA83B0A75C0}.Debug|Any CPU.Build.0 = Debug|Any CPU
		{6287D33A-C34F-4D00-9E88-0FA83B0A75C0}.Release|Any CPU.ActiveCfg = Release|Any CPU
		{6287D33A-C34F-4D00-9E88-0FA83B0A75C0}.Release|Any CPU.Build.0 = Release|Any CPU
		{3F2F19AA-51DB-4F97-94E8-302D263FD69B}.Debug|Any CPU.ActiveCfg = Debug|Any CPU
		{3F2F19AA-51DB-4F97-94E8-302D263FD69B}.Debug|Any CPU.Build.0 = Debug|Any CPU
		{3F2F19AA-51DB-4F97-94E8-302D263FD69B}.Release|Any CPU.ActiveCfg = Release|Any CPU
		{3F2F19AA-51DB-4F97-94E8-302D263FD69B}.Release|Any CPU.Build.0 = Release|Any CPU
		{BE8818AE-ADDB-44C3-A18C-E479FAF889EC}.Debug|Any CPU.ActiveCfg = Debug|Any CPU
		{BE8818AE-ADDB-44C3-A18C-E479FAF889EC}.Debug|Any CPU.Build.0 = Debug|Any CPU
		{BE8818AE-ADDB-44C3-A18C-E479FAF889EC}.Release|Any CPU.ActiveCfg = Release|Any CPU
		{BE8818AE-ADDB-44C3-A18C-E479FAF889EC}.Release|Any CPU.Build.0 = Release|Any CPU
		{6C789C35-5A84-4805-BBA3-30DFBBCEBDFE}.Debug|Any CPU.ActiveCfg = Debug|Any CPU
		{6C789C35-5A84-4805-BBA3-30DFBBCEBDFE}.Debug|Any CPU.Build.0 = Debug|Any CPU
		{6C789C35-5A84-4805-BBA3-30DFBBCEBDFE}.Release|Any CPU.ActiveCfg = Release|Any CPU
		{6C789C35-5A84-4805-BBA3-30DFBBCEBDFE}.Release|Any CPU.Build.0 = Release|Any CPU
		{7299A798-5B65-4FBF-BB65-A548308E21E0}.Debug|Any CPU.ActiveCfg = Debug|Any CPU
		{7299A798-5B65-4FBF-BB65-A548308E21E0}.Debug|Any CPU.Build.0 = Debug|Any CPU
		{7299A798-5B65-4FBF-BB65-A548308E21E0}.Release|Any CPU.ActiveCfg = Release|Any CPU
		{7299A798-5B65-4FBF-BB65-A548308E21E0}.Release|Any CPU.Build.0 = Release|Any CPU
		{8E940267-10E1-4EC7-B926-A810E6D059FE}.Debug|Any CPU.ActiveCfg = Debug|Any CPU
		{8E940267-10E1-4EC7-B926-A810E6D059FE}.Debug|Any CPU.Build.0 = Debug|Any CPU
		{8E940267-10E1-4EC7-B926-A810E6D059FE}.Release|Any CPU.ActiveCfg = Release|Any CPU
		{8E940267-10E1-4EC7-B926-A810E6D059FE}.Release|Any CPU.Build.0 = Release|Any CPU
		{C4D20E73-377D-46A9-BABE-7395CDDE0782}.Debug|Any CPU.ActiveCfg = Debug|Any CPU
		{C4D20E73-377D-46A9-BABE-7395CDDE0782}.Debug|Any CPU.Build.0 = Debug|Any CPU
		{C4D20E73-377D-46A9-BABE-7395CDDE0782}.Release|Any CPU.ActiveCfg = Release|Any CPU
		{C4D20E73-377D-46A9-BABE-7395CDDE0782}.Release|Any CPU.Build.0 = Release|Any CPU
		{A9C976C3-F1DE-418E-9661-5233B1B4337E}.Debug|Any CPU.ActiveCfg = Debug|Any CPU
		{A9C976C3-F1DE-418E-9661-5233B1B4337E}.Debug|Any CPU.Build.0 = Debug|Any CPU
		{A9C976C3-F1DE-418E-9661-5233B1B4337E}.Release|Any CPU.ActiveCfg = Release|Any CPU
		{A9C976C3-F1DE-418E-9661-5233B1B4337E}.Release|Any CPU.Build.0 = Release|Any CPU
		{0E0B62C6-1DF3-47BF-9202-9DC64ACC5FC7}.Debug|Any CPU.ActiveCfg = Debug|Any CPU
		{0E0B62C6-1DF3-47BF-9202-9DC64ACC5FC7}.Debug|Any CPU.Build.0 = Debug|Any CPU
		{0E0B62C6-1DF3-47BF-9202-9DC64ACC5FC7}.Release|Any CPU.ActiveCfg = Release|Any CPU
		{0E0B62C6-1DF3-47BF-9202-9DC64ACC5FC7}.Release|Any CPU.Build.0 = Release|Any CPU
		{ED71106F-0148-46AA-822F-6C16C464DAF7}.Debug|Any CPU.ActiveCfg = Debug|Any CPU
		{ED71106F-0148-46AA-822F-6C16C464DAF7}.Debug|Any CPU.Build.0 = Debug|Any CPU
		{ED71106F-0148-46AA-822F-6C16C464DAF7}.Release|Any CPU.ActiveCfg = Release|Any CPU
		{ED71106F-0148-46AA-822F-6C16C464DAF7}.Release|Any CPU.Build.0 = Release|Any CPU
		{B1E6845B-4008-4163-8FAE-2465B57B1EF0}.Debug|Any CPU.ActiveCfg = Debug|Any CPU
		{B1E6845B-4008-4163-8FAE-2465B57B1EF0}.Debug|Any CPU.Build.0 = Debug|Any CPU
		{B1E6845B-4008-4163-8FAE-2465B57B1EF0}.Release|Any CPU.ActiveCfg = Release|Any CPU
		{B1E6845B-4008-4163-8FAE-2465B57B1EF0}.Release|Any CPU.Build.0 = Release|Any CPU
		{3CB3B6CC-058C-459F-8837-7956232B1EFB}.Debug|Any CPU.ActiveCfg = Debug|Any CPU
		{3CB3B6CC-058C-459F-8837-7956232B1EFB}.Debug|Any CPU.Build.0 = Debug|Any CPU
		{3CB3B6CC-058C-459F-8837-7956232B1EFB}.Release|Any CPU.ActiveCfg = Release|Any CPU
		{3CB3B6CC-058C-459F-8837-7956232B1EFB}.Release|Any CPU.Build.0 = Release|Any CPU
		{42FA52B4-0427-4350-8E17-E19FCAB2A515}.Debug|Any CPU.ActiveCfg = Debug|Any CPU
		{42FA52B4-0427-4350-8E17-E19FCAB2A515}.Debug|Any CPU.Build.0 = Debug|Any CPU
		{42FA52B4-0427-4350-8E17-E19FCAB2A515}.Release|Any CPU.ActiveCfg = Release|Any CPU
		{42FA52B4-0427-4350-8E17-E19FCAB2A515}.Release|Any CPU.Build.0 = Release|Any CPU
		{AA6C09EE-6EE6-4C58-B854-9E9A45524BFC}.Debug|Any CPU.ActiveCfg = Debug|Any CPU
		{AA6C09EE-6EE6-4C58-B854-9E9A45524BFC}.Debug|Any CPU.Build.0 = Debug|Any CPU
		{AA6C09EE-6EE6-4C58-B854-9E9A45524BFC}.Release|Any CPU.ActiveCfg = Release|Any CPU
		{AA6C09EE-6EE6-4C58-B854-9E9A45524BFC}.Release|Any CPU.Build.0 = Release|Any CPU
		{193B9439-B45A-4BC1-9CDD-6A37A43E246D}.Debug|Any CPU.ActiveCfg = Debug|Any CPU
		{193B9439-B45A-4BC1-9CDD-6A37A43E246D}.Debug|Any CPU.Build.0 = Debug|Any CPU
		{193B9439-B45A-4BC1-9CDD-6A37A43E246D}.Release|Any CPU.ActiveCfg = Release|Any CPU
		{193B9439-B45A-4BC1-9CDD-6A37A43E246D}.Release|Any CPU.Build.0 = Release|Any CPU
		{CEF14FA4-5EC4-4F6C-99AA-200F29E3A6BC}.Debug|Any CPU.ActiveCfg = Debug|Any CPU
		{CEF14FA4-5EC4-4F6C-99AA-200F29E3A6BC}.Debug|Any CPU.Build.0 = Debug|Any CPU
		{CEF14FA4-5EC4-4F6C-99AA-200F29E3A6BC}.Release|Any CPU.ActiveCfg = Release|Any CPU
		{CEF14FA4-5EC4-4F6C-99AA-200F29E3A6BC}.Release|Any CPU.Build.0 = Release|Any CPU
		{B8990E48-18FC-407E-A7F2-AEBD4100F046}.Debug|Any CPU.ActiveCfg = Debug|Any CPU
		{B8990E48-18FC-407E-A7F2-AEBD4100F046}.Debug|Any CPU.Build.0 = Debug|Any CPU
		{B8990E48-18FC-407E-A7F2-AEBD4100F046}.Release|Any CPU.ActiveCfg = Release|Any CPU
		{B8990E48-18FC-407E-A7F2-AEBD4100F046}.Release|Any CPU.Build.0 = Release|Any CPU
		{81EAC7DA-5CEF-4F42-824E-CE9B56801C03}.Debug|Any CPU.ActiveCfg = Debug|Any CPU
		{81EAC7DA-5CEF-4F42-824E-CE9B56801C03}.Debug|Any CPU.Build.0 = Debug|Any CPU
		{81EAC7DA-5CEF-4F42-824E-CE9B56801C03}.Release|Any CPU.ActiveCfg = Release|Any CPU
		{81EAC7DA-5CEF-4F42-824E-CE9B56801C03}.Release|Any CPU.Build.0 = Release|Any CPU
		{60FB333B-F115-45D3-A66D-C3AF651C9FB7}.Debug|Any CPU.ActiveCfg = Debug|Any CPU
		{60FB333B-F115-45D3-A66D-C3AF651C9FB7}.Debug|Any CPU.Build.0 = Debug|Any CPU
		{60FB333B-F115-45D3-A66D-C3AF651C9FB7}.Release|Any CPU.ActiveCfg = Release|Any CPU
		{60FB333B-F115-45D3-A66D-C3AF651C9FB7}.Release|Any CPU.Build.0 = Release|Any CPU
		{B8F08A7F-63DD-41EC-82EA-64B14B31F649}.Debug|Any CPU.ActiveCfg = Debug|Any CPU
		{B8F08A7F-63DD-41EC-82EA-64B14B31F649}.Debug|Any CPU.Build.0 = Debug|Any CPU
		{B8F08A7F-63DD-41EC-82EA-64B14B31F649}.Release|Any CPU.ActiveCfg = Release|Any CPU
		{B8F08A7F-63DD-41EC-82EA-64B14B31F649}.Release|Any CPU.Build.0 = Release|Any CPU
		{DAFB2B8F-4CCC-4895-B624-FABBD87559DE}.Debug|Any CPU.ActiveCfg = Debug|Any CPU
		{DAFB2B8F-4CCC-4895-B624-FABBD87559DE}.Debug|Any CPU.Build.0 = Debug|Any CPU
		{DAFB2B8F-4CCC-4895-B624-FABBD87559DE}.Release|Any CPU.ActiveCfg = Release|Any CPU
		{DAFB2B8F-4CCC-4895-B624-FABBD87559DE}.Release|Any CPU.Build.0 = Release|Any CPU
		{856B47BD-C3BE-4E6E-935E-0A8DDE0C7831}.Debug|Any CPU.ActiveCfg = Debug|Any CPU
		{856B47BD-C3BE-4E6E-935E-0A8DDE0C7831}.Debug|Any CPU.Build.0 = Debug|Any CPU
		{856B47BD-C3BE-4E6E-935E-0A8DDE0C7831}.Release|Any CPU.ActiveCfg = Release|Any CPU
		{856B47BD-C3BE-4E6E-935E-0A8DDE0C7831}.Release|Any CPU.Build.0 = Release|Any CPU
		{C570CE74-E155-4BD4-908A-8722392A0819}.Debug|Any CPU.ActiveCfg = Debug|Any CPU
		{C570CE74-E155-4BD4-908A-8722392A0819}.Debug|Any CPU.Build.0 = Debug|Any CPU
		{C570CE74-E155-4BD4-908A-8722392A0819}.Release|Any CPU.ActiveCfg = Release|Any CPU
		{C570CE74-E155-4BD4-908A-8722392A0819}.Release|Any CPU.Build.0 = Release|Any CPU
		{90F2F635-B66D-4BF6-A4C1-E6A677D9BD48}.Debug|Any CPU.ActiveCfg = Debug|Any CPU
		{90F2F635-B66D-4BF6-A4C1-E6A677D9BD48}.Debug|Any CPU.Build.0 = Debug|Any CPU
		{90F2F635-B66D-4BF6-A4C1-E6A677D9BD48}.Release|Any CPU.ActiveCfg = Release|Any CPU
		{90F2F635-B66D-4BF6-A4C1-E6A677D9BD48}.Release|Any CPU.Build.0 = Release|Any CPU
		{EABBB716-3891-47D4-A8CD-487E4E6E9258}.Debug|Any CPU.ActiveCfg = Debug|Any CPU
		{EABBB716-3891-47D4-A8CD-487E4E6E9258}.Debug|Any CPU.Build.0 = Debug|Any CPU
		{EABBB716-3891-47D4-A8CD-487E4E6E9258}.Release|Any CPU.ActiveCfg = Release|Any CPU
		{EABBB716-3891-47D4-A8CD-487E4E6E9258}.Release|Any CPU.Build.0 = Release|Any CPU
		{00D6ED8F-2B02-42D4-8437-B7E4B448F842}.Debug|Any CPU.ActiveCfg = Debug|Any CPU
		{00D6ED8F-2B02-42D4-8437-B7E4B448F842}.Debug|Any CPU.Build.0 = Debug|Any CPU
		{00D6ED8F-2B02-42D4-8437-B7E4B448F842}.Release|Any CPU.ActiveCfg = Release|Any CPU
		{00D6ED8F-2B02-42D4-8437-B7E4B448F842}.Release|Any CPU.Build.0 = Release|Any CPU
		{A767FD81-B8B3-4324-8815-C2DEEE536879}.Debug|Any CPU.ActiveCfg = Debug|Any CPU
		{A767FD81-B8B3-4324-8815-C2DEEE536879}.Debug|Any CPU.Build.0 = Debug|Any CPU
		{A767FD81-B8B3-4324-8815-C2DEEE536879}.Release|Any CPU.ActiveCfg = Release|Any CPU
		{A767FD81-B8B3-4324-8815-C2DEEE536879}.Release|Any CPU.Build.0 = Release|Any CPU
		{F55DFA19-3C7C-4782-A010-13E26F20C60E}.Debug|Any CPU.ActiveCfg = Debug|Any CPU
		{F55DFA19-3C7C-4782-A010-13E26F20C60E}.Debug|Any CPU.Build.0 = Debug|Any CPU
		{F55DFA19-3C7C-4782-A010-13E26F20C60E}.Release|Any CPU.ActiveCfg = Release|Any CPU
		{F55DFA19-3C7C-4782-A010-13E26F20C60E}.Release|Any CPU.Build.0 = Release|Any CPU
		{82135DF4-9DAB-4DDF-A498-DB078456C468}.Debug|Any CPU.ActiveCfg = Debug|Any CPU
		{82135DF4-9DAB-4DDF-A498-DB078456C468}.Debug|Any CPU.Build.0 = Debug|Any CPU
		{82135DF4-9DAB-4DDF-A498-DB078456C468}.Release|Any CPU.ActiveCfg = Release|Any CPU
		{82135DF4-9DAB-4DDF-A498-DB078456C468}.Release|Any CPU.Build.0 = Release|Any CPU
		{62C123B8-6E5D-49FE-9233-7BB6B82D5746}.Debug|Any CPU.ActiveCfg = Debug|Any CPU
		{62C123B8-6E5D-49FE-9233-7BB6B82D5746}.Debug|Any CPU.Build.0 = Debug|Any CPU
		{62C123B8-6E5D-49FE-9233-7BB6B82D5746}.Release|Any CPU.ActiveCfg = Release|Any CPU
		{62C123B8-6E5D-49FE-9233-7BB6B82D5746}.Release|Any CPU.Build.0 = Release|Any CPU
		{F865237C-19AA-4B88-9217-4D2845A96CCE}.Debug|Any CPU.ActiveCfg = Debug|Any CPU
		{F865237C-19AA-4B88-9217-4D2845A96CCE}.Debug|Any CPU.Build.0 = Debug|Any CPU
		{F865237C-19AA-4B88-9217-4D2845A96CCE}.Release|Any CPU.ActiveCfg = Release|Any CPU
		{F865237C-19AA-4B88-9217-4D2845A96CCE}.Release|Any CPU.Build.0 = Release|Any CPU
		{05CC268A-D501-47BA-B4CA-1F0A2F88CB13}.Debug|Any CPU.ActiveCfg = Debug|Any CPU
		{05CC268A-D501-47BA-B4CA-1F0A2F88CB13}.Debug|Any CPU.Build.0 = Debug|Any CPU
		{05CC268A-D501-47BA-B4CA-1F0A2F88CB13}.Release|Any CPU.ActiveCfg = Release|Any CPU
		{05CC268A-D501-47BA-B4CA-1F0A2F88CB13}.Release|Any CPU.Build.0 = Release|Any CPU
		{2199DC6A-193F-4A44-8E2D-D50F8C73CE3F}.Debug|Any CPU.ActiveCfg = Debug|Any CPU
		{2199DC6A-193F-4A44-8E2D-D50F8C73CE3F}.Debug|Any CPU.Build.0 = Debug|Any CPU
		{2199DC6A-193F-4A44-8E2D-D50F8C73CE3F}.Release|Any CPU.ActiveCfg = Release|Any CPU
		{2199DC6A-193F-4A44-8E2D-D50F8C73CE3F}.Release|Any CPU.Build.0 = Release|Any CPU
		{18D78667-9348-42EF-AFAD-78BAA5FEF075}.Debug|Any CPU.ActiveCfg = Debug|Any CPU
		{18D78667-9348-42EF-AFAD-78BAA5FEF075}.Debug|Any CPU.Build.0 = Debug|Any CPU
		{18D78667-9348-42EF-AFAD-78BAA5FEF075}.Release|Any CPU.ActiveCfg = Release|Any CPU
		{18D78667-9348-42EF-AFAD-78BAA5FEF075}.Release|Any CPU.Build.0 = Release|Any CPU
		{059CDA02-742D-483F-A719-87DBF4385F19}.Debug|Any CPU.ActiveCfg = Debug|Any CPU
		{059CDA02-742D-483F-A719-87DBF4385F19}.Debug|Any CPU.Build.0 = Debug|Any CPU
		{059CDA02-742D-483F-A719-87DBF4385F19}.Release|Any CPU.ActiveCfg = Release|Any CPU
		{059CDA02-742D-483F-A719-87DBF4385F19}.Release|Any CPU.Build.0 = Release|Any CPU
		{8FCBF453-8514-4135-94F2-2E8D4D12C61D}.Debug|Any CPU.ActiveCfg = Debug|Any CPU
		{8FCBF453-8514-4135-94F2-2E8D4D12C61D}.Debug|Any CPU.Build.0 = Debug|Any CPU
		{8FCBF453-8514-4135-94F2-2E8D4D12C61D}.Release|Any CPU.ActiveCfg = Release|Any CPU
		{8FCBF453-8514-4135-94F2-2E8D4D12C61D}.Release|Any CPU.Build.0 = Release|Any CPU
		{8ABFE97F-B3E8-4A5C-8235-A1D32F5468FF}.Debug|Any CPU.ActiveCfg = Debug|Any CPU
		{8ABFE97F-B3E8-4A5C-8235-A1D32F5468FF}.Debug|Any CPU.Build.0 = Debug|Any CPU
		{8ABFE97F-B3E8-4A5C-8235-A1D32F5468FF}.Release|Any CPU.ActiveCfg = Release|Any CPU
		{8ABFE97F-B3E8-4A5C-8235-A1D32F5468FF}.Release|Any CPU.Build.0 = Release|Any CPU
		{F322E361-48B8-4AE9-B476-7FF3A8B9C6E5}.Debug|Any CPU.ActiveCfg = Debug|Any CPU
		{F322E361-48B8-4AE9-B476-7FF3A8B9C6E5}.Debug|Any CPU.Build.0 = Debug|Any CPU
		{F322E361-48B8-4AE9-B476-7FF3A8B9C6E5}.Release|Any CPU.ActiveCfg = Release|Any CPU
		{F322E361-48B8-4AE9-B476-7FF3A8B9C6E5}.Release|Any CPU.Build.0 = Release|Any CPU
		{4E99E0FF-9584-46D9-8483-7EFC13047E76}.Debug|Any CPU.ActiveCfg = Debug|Any CPU
		{4E99E0FF-9584-46D9-8483-7EFC13047E76}.Debug|Any CPU.Build.0 = Debug|Any CPU
		{4E99E0FF-9584-46D9-8483-7EFC13047E76}.Release|Any CPU.ActiveCfg = Release|Any CPU
		{4E99E0FF-9584-46D9-8483-7EFC13047E76}.Release|Any CPU.Build.0 = Release|Any CPU
		{BE6C0A13-FBBC-41E8-B7AB-51CBCB9D9121}.Debug|Any CPU.ActiveCfg = Debug|Any CPU
		{BE6C0A13-FBBC-41E8-B7AB-51CBCB9D9121}.Debug|Any CPU.Build.0 = Debug|Any CPU
		{BE6C0A13-FBBC-41E8-B7AB-51CBCB9D9121}.Release|Any CPU.ActiveCfg = Release|Any CPU
		{BE6C0A13-FBBC-41E8-B7AB-51CBCB9D9121}.Release|Any CPU.Build.0 = Release|Any CPU
		{0D1067D7-D328-4F28-B052-92D82D624535}.Debug|Any CPU.ActiveCfg = Debug|Any CPU
		{0D1067D7-D328-4F28-B052-92D82D624535}.Debug|Any CPU.Build.0 = Debug|Any CPU
		{0D1067D7-D328-4F28-B052-92D82D624535}.Release|Any CPU.ActiveCfg = Release|Any CPU
		{0D1067D7-D328-4F28-B052-92D82D624535}.Release|Any CPU.Build.0 = Release|Any CPU
		{41FEB315-7CD1-41B2-9697-4E55778CD1AC}.Debug|Any CPU.ActiveCfg = Debug|Any CPU
		{41FEB315-7CD1-41B2-9697-4E55778CD1AC}.Debug|Any CPU.Build.0 = Debug|Any CPU
		{41FEB315-7CD1-41B2-9697-4E55778CD1AC}.Release|Any CPU.ActiveCfg = Release|Any CPU
		{41FEB315-7CD1-41B2-9697-4E55778CD1AC}.Release|Any CPU.Build.0 = Release|Any CPU
		{A73313F0-E461-4B05-91C5-312CE3C31331}.Debug|Any CPU.ActiveCfg = Debug|Any CPU
		{A73313F0-E461-4B05-91C5-312CE3C31331}.Debug|Any CPU.Build.0 = Debug|Any CPU
		{A73313F0-E461-4B05-91C5-312CE3C31331}.Release|Any CPU.ActiveCfg = Release|Any CPU
		{A73313F0-E461-4B05-91C5-312CE3C31331}.Release|Any CPU.Build.0 = Release|Any CPU
		{C27C47C3-7544-4519-9B09-8C263A3E8AB5}.Debug|Any CPU.ActiveCfg = Debug|Any CPU
		{C27C47C3-7544-4519-9B09-8C263A3E8AB5}.Debug|Any CPU.Build.0 = Debug|Any CPU
		{C27C47C3-7544-4519-9B09-8C263A3E8AB5}.Release|Any CPU.ActiveCfg = Release|Any CPU
		{C27C47C3-7544-4519-9B09-8C263A3E8AB5}.Release|Any CPU.Build.0 = Release|Any CPU
		{362B4B69-CAB2-4181-A35B-713A3B2D6EA7}.Debug|Any CPU.ActiveCfg = Debug|Any CPU
		{362B4B69-CAB2-4181-A35B-713A3B2D6EA7}.Debug|Any CPU.Build.0 = Debug|Any CPU
		{362B4B69-CAB2-4181-A35B-713A3B2D6EA7}.Release|Any CPU.ActiveCfg = Release|Any CPU
		{362B4B69-CAB2-4181-A35B-713A3B2D6EA7}.Release|Any CPU.Build.0 = Release|Any CPU
		{F051D2E9-767C-40F9-9841-1BCA095C4C35}.Debug|Any CPU.ActiveCfg = Debug|Any CPU
		{F051D2E9-767C-40F9-9841-1BCA095C4C35}.Debug|Any CPU.Build.0 = Debug|Any CPU
		{F051D2E9-767C-40F9-9841-1BCA095C4C35}.Release|Any CPU.ActiveCfg = Release|Any CPU
		{F051D2E9-767C-40F9-9841-1BCA095C4C35}.Release|Any CPU.Build.0 = Release|Any CPU
		{234EADA1-C8D0-4FC0-A78F-2DDB0AD6ED78}.Debug|Any CPU.ActiveCfg = Debug|Any CPU
		{234EADA1-C8D0-4FC0-A78F-2DDB0AD6ED78}.Debug|Any CPU.Build.0 = Debug|Any CPU
		{234EADA1-C8D0-4FC0-A78F-2DDB0AD6ED78}.Release|Any CPU.ActiveCfg = Release|Any CPU
		{234EADA1-C8D0-4FC0-A78F-2DDB0AD6ED78}.Release|Any CPU.Build.0 = Release|Any CPU
		{038B0E15-07BB-418F-B71A-8455DC10D744}.Debug|Any CPU.ActiveCfg = Debug|Any CPU
		{038B0E15-07BB-418F-B71A-8455DC10D744}.Debug|Any CPU.Build.0 = Debug|Any CPU
		{038B0E15-07BB-418F-B71A-8455DC10D744}.Release|Any CPU.ActiveCfg = Release|Any CPU
		{038B0E15-07BB-418F-B71A-8455DC10D744}.Release|Any CPU.Build.0 = Release|Any CPU
		{577D162B-93CD-4D9B-8DD1-B60B6FDC57EF}.Debug|Any CPU.ActiveCfg = Debug|Any CPU
		{577D162B-93CD-4D9B-8DD1-B60B6FDC57EF}.Debug|Any CPU.Build.0 = Debug|Any CPU
		{577D162B-93CD-4D9B-8DD1-B60B6FDC57EF}.Release|Any CPU.ActiveCfg = Release|Any CPU
		{577D162B-93CD-4D9B-8DD1-B60B6FDC57EF}.Release|Any CPU.Build.0 = Release|Any CPU
		{D16E3066-2D3A-4D39-84D3-948E12CA0EC9}.Debug|Any CPU.ActiveCfg = Debug|Any CPU
		{D16E3066-2D3A-4D39-84D3-948E12CA0EC9}.Debug|Any CPU.Build.0 = Debug|Any CPU
		{D16E3066-2D3A-4D39-84D3-948E12CA0EC9}.Release|Any CPU.ActiveCfg = Release|Any CPU
		{D16E3066-2D3A-4D39-84D3-948E12CA0EC9}.Release|Any CPU.Build.0 = Release|Any CPU
		{E96EF27F-249A-4D08-AF88-DC639037A9F1}.Debug|Any CPU.ActiveCfg = Debug|Any CPU
		{E96EF27F-249A-4D08-AF88-DC639037A9F1}.Debug|Any CPU.Build.0 = Debug|Any CPU
		{E96EF27F-249A-4D08-AF88-DC639037A9F1}.Release|Any CPU.ActiveCfg = Release|Any CPU
		{E96EF27F-249A-4D08-AF88-DC639037A9F1}.Release|Any CPU.Build.0 = Release|Any CPU
		{24DC82B6-3669-4BBE-9D2F-86FB21C427D7}.Debug|Any CPU.ActiveCfg = Debug|Any CPU
		{24DC82B6-3669-4BBE-9D2F-86FB21C427D7}.Debug|Any CPU.Build.0 = Debug|Any CPU
		{24DC82B6-3669-4BBE-9D2F-86FB21C427D7}.Release|Any CPU.ActiveCfg = Release|Any CPU
		{24DC82B6-3669-4BBE-9D2F-86FB21C427D7}.Release|Any CPU.Build.0 = Release|Any CPU
		{8884A8A4-E6EC-4A94-9563-96D1D8451D7D}.Debug|Any CPU.ActiveCfg = Debug|Any CPU
		{8884A8A4-E6EC-4A94-9563-96D1D8451D7D}.Debug|Any CPU.Build.0 = Debug|Any CPU
		{8884A8A4-E6EC-4A94-9563-96D1D8451D7D}.Release|Any CPU.ActiveCfg = Release|Any CPU
		{8884A8A4-E6EC-4A94-9563-96D1D8451D7D}.Release|Any CPU.Build.0 = Release|Any CPU
		{F4188926-12D3-4974-B78E-D2147DEE8041}.Debug|Any CPU.ActiveCfg = Debug|Any CPU
		{F4188926-12D3-4974-B78E-D2147DEE8041}.Debug|Any CPU.Build.0 = Debug|Any CPU
		{F4188926-12D3-4974-B78E-D2147DEE8041}.Release|Any CPU.ActiveCfg = Release|Any CPU
		{F4188926-12D3-4974-B78E-D2147DEE8041}.Release|Any CPU.Build.0 = Release|Any CPU
		{FDE3FFA6-20EC-45FF-B680-0070EF551D90}.Debug|Any CPU.ActiveCfg = Debug|Any CPU
		{FDE3FFA6-20EC-45FF-B680-0070EF551D90}.Debug|Any CPU.Build.0 = Debug|Any CPU
		{FDE3FFA6-20EC-45FF-B680-0070EF551D90}.Release|Any CPU.ActiveCfg = Release|Any CPU
		{FDE3FFA6-20EC-45FF-B680-0070EF551D90}.Release|Any CPU.Build.0 = Release|Any CPU
		{1FED7C85-98E4-4841-9D24-87AC68D51C95}.Debug|Any CPU.ActiveCfg = Debug|Any CPU
		{1FED7C85-98E4-4841-9D24-87AC68D51C95}.Debug|Any CPU.Build.0 = Debug|Any CPU
		{1FED7C85-98E4-4841-9D24-87AC68D51C95}.Release|Any CPU.ActiveCfg = Release|Any CPU
		{1FED7C85-98E4-4841-9D24-87AC68D51C95}.Release|Any CPU.Build.0 = Release|Any CPU
		{77B57F7E-48CE-421A-80E0-BEBFDD0E090F}.Debug|Any CPU.ActiveCfg = Debug|Any CPU
		{77B57F7E-48CE-421A-80E0-BEBFDD0E090F}.Debug|Any CPU.Build.0 = Debug|Any CPU
		{77B57F7E-48CE-421A-80E0-BEBFDD0E090F}.Release|Any CPU.ActiveCfg = Release|Any CPU
		{77B57F7E-48CE-421A-80E0-BEBFDD0E090F}.Release|Any CPU.Build.0 = Release|Any CPU
		{5172F296-8CB2-4554-A03E-36C5C2E5A4BB}.Debug|Any CPU.ActiveCfg = Debug|Any CPU
		{5172F296-8CB2-4554-A03E-36C5C2E5A4BB}.Debug|Any CPU.Build.0 = Debug|Any CPU
		{5172F296-8CB2-4554-A03E-36C5C2E5A4BB}.Release|Any CPU.ActiveCfg = Release|Any CPU
		{5172F296-8CB2-4554-A03E-36C5C2E5A4BB}.Release|Any CPU.Build.0 = Release|Any CPU
		{2FBE2612-FADD-47DA-B9F5-7AE80BE19C3C}.Debug|Any CPU.ActiveCfg = Debug|Any CPU
		{2FBE2612-FADD-47DA-B9F5-7AE80BE19C3C}.Debug|Any CPU.Build.0 = Debug|Any CPU
		{2FBE2612-FADD-47DA-B9F5-7AE80BE19C3C}.Release|Any CPU.ActiveCfg = Release|Any CPU
		{2FBE2612-FADD-47DA-B9F5-7AE80BE19C3C}.Release|Any CPU.Build.0 = Release|Any CPU
		{18B7E38E-E55A-4903-9E29-4F2F5EFEBD14}.Debug|Any CPU.ActiveCfg = Debug|Any CPU
		{18B7E38E-E55A-4903-9E29-4F2F5EFEBD14}.Debug|Any CPU.Build.0 = Debug|Any CPU
		{18B7E38E-E55A-4903-9E29-4F2F5EFEBD14}.Release|Any CPU.ActiveCfg = Release|Any CPU
		{18B7E38E-E55A-4903-9E29-4F2F5EFEBD14}.Release|Any CPU.Build.0 = Release|Any CPU
		{91BBACB3-4576-49F4-B2CC-6483175A64C9}.Debug|Any CPU.ActiveCfg = Debug|Any CPU
		{91BBACB3-4576-49F4-B2CC-6483175A64C9}.Debug|Any CPU.Build.0 = Debug|Any CPU
		{91BBACB3-4576-49F4-B2CC-6483175A64C9}.Release|Any CPU.ActiveCfg = Release|Any CPU
		{91BBACB3-4576-49F4-B2CC-6483175A64C9}.Release|Any CPU.Build.0 = Release|Any CPU
		{D9E6FD12-3328-4AB8-935D-7F19B5315E9C}.Debug|Any CPU.ActiveCfg = Debug|Any CPU
		{D9E6FD12-3328-4AB8-935D-7F19B5315E9C}.Debug|Any CPU.Build.0 = Debug|Any CPU
		{D9E6FD12-3328-4AB8-935D-7F19B5315E9C}.Release|Any CPU.ActiveCfg = Release|Any CPU
		{D9E6FD12-3328-4AB8-935D-7F19B5315E9C}.Release|Any CPU.Build.0 = Release|Any CPU
		{D473BF29-89D1-46C6-A9F3-EEEA873C3D45}.Debug|Any CPU.ActiveCfg = Debug|Any CPU
		{D473BF29-89D1-46C6-A9F3-EEEA873C3D45}.Debug|Any CPU.Build.0 = Debug|Any CPU
		{D473BF29-89D1-46C6-A9F3-EEEA873C3D45}.Release|Any CPU.ActiveCfg = Release|Any CPU
		{D473BF29-89D1-46C6-A9F3-EEEA873C3D45}.Release|Any CPU.Build.0 = Release|Any CPU
		{7321BF3C-0B42-4C01-83AC-A68E75C46BA9}.Debug|Any CPU.ActiveCfg = Debug|Any CPU
		{7321BF3C-0B42-4C01-83AC-A68E75C46BA9}.Debug|Any CPU.Build.0 = Debug|Any CPU
		{7321BF3C-0B42-4C01-83AC-A68E75C46BA9}.Release|Any CPU.ActiveCfg = Release|Any CPU
		{7321BF3C-0B42-4C01-83AC-A68E75C46BA9}.Release|Any CPU.Build.0 = Release|Any CPU
		{9BE84F62-6E82-4BD8-BE2A-C93F5B1BC8EC}.Debug|Any CPU.ActiveCfg = Debug|Any CPU
		{9BE84F62-6E82-4BD8-BE2A-C93F5B1BC8EC}.Debug|Any CPU.Build.0 = Debug|Any CPU
		{9BE84F62-6E82-4BD8-BE2A-C93F5B1BC8EC}.Release|Any CPU.ActiveCfg = Release|Any CPU
		{9BE84F62-6E82-4BD8-BE2A-C93F5B1BC8EC}.Release|Any CPU.Build.0 = Release|Any CPU
		{052E81B2-DCEC-4AA5-B092-F18F4E6E2DEF}.Debug|Any CPU.ActiveCfg = Debug|Any CPU
		{052E81B2-DCEC-4AA5-B092-F18F4E6E2DEF}.Debug|Any CPU.Build.0 = Debug|Any CPU
		{052E81B2-DCEC-4AA5-B092-F18F4E6E2DEF}.Release|Any CPU.ActiveCfg = Release|Any CPU
		{052E81B2-DCEC-4AA5-B092-F18F4E6E2DEF}.Release|Any CPU.Build.0 = Release|Any CPU
		{9A5233A4-F8D3-4781-A5D7-8A483CFECB03}.Debug|Any CPU.ActiveCfg = Debug|Any CPU
		{9A5233A4-F8D3-4781-A5D7-8A483CFECB03}.Debug|Any CPU.Build.0 = Debug|Any CPU
		{9A5233A4-F8D3-4781-A5D7-8A483CFECB03}.Release|Any CPU.ActiveCfg = Release|Any CPU
		{9A5233A4-F8D3-4781-A5D7-8A483CFECB03}.Release|Any CPU.Build.0 = Release|Any CPU
		{84E08C89-1DAD-4147-A9E3-4AEC14E15419}.Debug|Any CPU.ActiveCfg = Debug|Any CPU
		{84E08C89-1DAD-4147-A9E3-4AEC14E15419}.Debug|Any CPU.Build.0 = Debug|Any CPU
		{84E08C89-1DAD-4147-A9E3-4AEC14E15419}.Release|Any CPU.ActiveCfg = Release|Any CPU
		{84E08C89-1DAD-4147-A9E3-4AEC14E15419}.Release|Any CPU.Build.0 = Release|Any CPU
		{B5913350-352E-4D59-A40F-9B2E01C36B53}.Debug|Any CPU.ActiveCfg = Debug|Any CPU
		{B5913350-352E-4D59-A40F-9B2E01C36B53}.Debug|Any CPU.Build.0 = Debug|Any CPU
		{B5913350-352E-4D59-A40F-9B2E01C36B53}.Release|Any CPU.ActiveCfg = Release|Any CPU
		{B5913350-352E-4D59-A40F-9B2E01C36B53}.Release|Any CPU.Build.0 = Release|Any CPU
		{84DCA3EB-0AA3-46C2-A3B9-56015F4F28D4}.Debug|Any CPU.ActiveCfg = Debug|Any CPU
		{84DCA3EB-0AA3-46C2-A3B9-56015F4F28D4}.Debug|Any CPU.Build.0 = Debug|Any CPU
		{84DCA3EB-0AA3-46C2-A3B9-56015F4F28D4}.Release|Any CPU.ActiveCfg = Release|Any CPU
		{84DCA3EB-0AA3-46C2-A3B9-56015F4F28D4}.Release|Any CPU.Build.0 = Release|Any CPU
		{9B4E8B87-FB2F-493D-B5F8-940F03820440}.Debug|Any CPU.ActiveCfg = Debug|Any CPU
		{9B4E8B87-FB2F-493D-B5F8-940F03820440}.Debug|Any CPU.Build.0 = Debug|Any CPU
		{9B4E8B87-FB2F-493D-B5F8-940F03820440}.Release|Any CPU.ActiveCfg = Release|Any CPU
		{9B4E8B87-FB2F-493D-B5F8-940F03820440}.Release|Any CPU.Build.0 = Release|Any CPU
		{A40DAC03-D7B1-46B0-8DAF-A6652F375E01}.Debug|Any CPU.ActiveCfg = Debug|Any CPU
		{A40DAC03-D7B1-46B0-8DAF-A6652F375E01}.Debug|Any CPU.Build.0 = Debug|Any CPU
		{A40DAC03-D7B1-46B0-8DAF-A6652F375E01}.Release|Any CPU.ActiveCfg = Release|Any CPU
		{A40DAC03-D7B1-46B0-8DAF-A6652F375E01}.Release|Any CPU.Build.0 = Release|Any CPU
		{0FC46A6F-A2F6-4EAE-899B-CC04D7698FDE}.Debug|Any CPU.ActiveCfg = Debug|Any CPU
		{0FC46A6F-A2F6-4EAE-899B-CC04D7698FDE}.Debug|Any CPU.Build.0 = Debug|Any CPU
		{0FC46A6F-A2F6-4EAE-899B-CC04D7698FDE}.Release|Any CPU.ActiveCfg = Release|Any CPU
		{0FC46A6F-A2F6-4EAE-899B-CC04D7698FDE}.Release|Any CPU.Build.0 = Release|Any CPU
		{F8A3F99F-34E4-453C-9096-FEAD7AE8ECFA}.Debug|Any CPU.ActiveCfg = Debug|Any CPU
		{F8A3F99F-34E4-453C-9096-FEAD7AE8ECFA}.Debug|Any CPU.Build.0 = Debug|Any CPU
		{F8A3F99F-34E4-453C-9096-FEAD7AE8ECFA}.Release|Any CPU.ActiveCfg = Release|Any CPU
		{F8A3F99F-34E4-453C-9096-FEAD7AE8ECFA}.Release|Any CPU.Build.0 = Release|Any CPU
		{29618340-1C88-48EC-871F-0DAA2144B968}.Debug|Any CPU.ActiveCfg = Debug|Any CPU
		{29618340-1C88-48EC-871F-0DAA2144B968}.Debug|Any CPU.Build.0 = Debug|Any CPU
		{29618340-1C88-48EC-871F-0DAA2144B968}.Release|Any CPU.ActiveCfg = Release|Any CPU
		{29618340-1C88-48EC-871F-0DAA2144B968}.Release|Any CPU.Build.0 = Release|Any CPU
		{8A7251F8-BA69-491F-B9C6-56B5E6FFF1DE}.Debug|Any CPU.ActiveCfg = Debug|Any CPU
		{8A7251F8-BA69-491F-B9C6-56B5E6FFF1DE}.Debug|Any CPU.Build.0 = Debug|Any CPU
		{8A7251F8-BA69-491F-B9C6-56B5E6FFF1DE}.Release|Any CPU.ActiveCfg = Release|Any CPU
		{8A7251F8-BA69-491F-B9C6-56B5E6FFF1DE}.Release|Any CPU.Build.0 = Release|Any CPU
		{C53A8BF3-EC00-4D84-B1F9-3A48DCD7594B}.Debug|Any CPU.ActiveCfg = Debug|Any CPU
		{C53A8BF3-EC00-4D84-B1F9-3A48DCD7594B}.Debug|Any CPU.Build.0 = Debug|Any CPU
		{C53A8BF3-EC00-4D84-B1F9-3A48DCD7594B}.Release|Any CPU.ActiveCfg = Release|Any CPU
		{C53A8BF3-EC00-4D84-B1F9-3A48DCD7594B}.Release|Any CPU.Build.0 = Release|Any CPU
	EndGlobalSection
	GlobalSection(SolutionProperties) = preSolution
		HideSolutionNode = FALSE
	EndGlobalSection
	GlobalSection(NestedProjects) = preSolution
		{45DE722A-6B67-4766-B7EC-2E56864DC324} = {6EBE7E1E-24FE-4608-A6D8-2A630DA44803}
		{666C2FEE-8FD1-457E-911C-99B6A845D187} = {6EBE7E1E-24FE-4608-A6D8-2A630DA44803}
		{990AB8B7-125F-498D-B6E6-7C2D14A7EE55} = {6EBE7E1E-24FE-4608-A6D8-2A630DA44803}
		{78EB1AD8-0C80-490C-A1AA-007E4D8AA0BC} = {26B5D4A6-7B38-4796-998A-41D48E12344A}
		{C8880D86-FD13-4B95-9E8B-B6C328BA82D6} = {26B5D4A6-7B38-4796-998A-41D48E12344A}
		{137D60EB-91C4-47B0-B60E-F36CC12EE655} = {26B5D4A6-7B38-4796-998A-41D48E12344A}
		{5AEF756C-1B5A-4930-82CF-F2A62CA12E80} = {26B5D4A6-7B38-4796-998A-41D48E12344A}
		{55014FB5-38C4-4421-A06E-376D7F0616E5} = {26B5D4A6-7B38-4796-998A-41D48E12344A}
		{6950DBD5-DE28-4E4F-8DAC-66F602F3A5EF} = {26B5D4A6-7B38-4796-998A-41D48E12344A}
		{074BE991-CD60-4F3F-9818-7396F2E4006F} = {26B5D4A6-7B38-4796-998A-41D48E12344A}
		{521CEBB1-6E0C-4C07-9CC7-6BE3114D47BC} = {26B5D4A6-7B38-4796-998A-41D48E12344A}
		{89C08CE3-CA63-4976-9846-620F248E62C2} = {26B5D4A6-7B38-4796-998A-41D48E12344A}
		{8CA35B1D-8853-4B78-88FB-07CEE0E1E043} = {26B5D4A6-7B38-4796-998A-41D48E12344A}
		{A1E33C73-0970-4A1D-A85F-7A265D6B884F} = {26B5D4A6-7B38-4796-998A-41D48E12344A}
		{A8A89C05-6E2F-41FE-9437-C87E7BCFF44C} = {26B5D4A6-7B38-4796-998A-41D48E12344A}
		{547A585A-C362-4127-BC37-89166B19F37C} = {26B5D4A6-7B38-4796-998A-41D48E12344A}
		{535EA1C9-4DA4-4C86-85F3-4744B4AF09BB} = {26B5D4A6-7B38-4796-998A-41D48E12344A}
		{C4C97DDF-50D6-408B-916E-C44D7BDDADB4} = {26B5D4A6-7B38-4796-998A-41D48E12344A}
		{E672D2F3-C23B-4896-BBD4-3C82BE6AF8C8} = {26B5D4A6-7B38-4796-998A-41D48E12344A}
		{8F99E6F4-525C-4BA8-BAEB-E40F977A16F4} = {26B5D4A6-7B38-4796-998A-41D48E12344A}
		{D6E27A54-BF16-4E12-B784-E8C043538711} = {26B5D4A6-7B38-4796-998A-41D48E12344A}
		{C69B036A-4DE2-44C0-80FC-D9D24F8F6F31} = {26B5D4A6-7B38-4796-998A-41D48E12344A}
		{0398FEC4-6D0C-46DF-9A1C-B963038AABE9} = {26B5D4A6-7B38-4796-998A-41D48E12344A}
		{F9B99E00-9300-45AD-A9EF-E75F0C813738} = {26B5D4A6-7B38-4796-998A-41D48E12344A}
		{02AA1115-B248-4653-8273-8776B7DFB838} = {26B5D4A6-7B38-4796-998A-41D48E12344A}
		{6C2482D8-2490-4C41-ABD2-EFD8E516881B} = {26B5D4A6-7B38-4796-998A-41D48E12344A}
		{D428BC6B-851E-4BE7-B4E5-060B3C048968} = {26B5D4A6-7B38-4796-998A-41D48E12344A}
		{E9D9F3D7-253C-4C10-8A97-BE41C360CE34} = {26B5D4A6-7B38-4796-998A-41D48E12344A}
		{188C6AC4-87E4-47A3-9CCE-4C42A59C4D9F} = {17862ACF-5E83-4F00-82E4-702A121342E6}
		{8B968444-C628-4DA0-86F4-7BB97A144B5B} = {17862ACF-5E83-4F00-82E4-702A121342E6}
		{69F1F368-702F-4BDF-8D5B-BA2C471F6EB9} = {17862ACF-5E83-4F00-82E4-702A121342E6}
		{7E5C7945-74B1-4383-AE2C-050B5752FFC7} = {17862ACF-5E83-4F00-82E4-702A121342E6}
		{702F7289-E6DD-40D6-9D4A-7B18E209A267} = {17862ACF-5E83-4F00-82E4-702A121342E6}
		{BCDF0159-F4F4-4C82-965A-87766BC82329} = {17862ACF-5E83-4F00-82E4-702A121342E6}
		{6287D33A-C34F-4D00-9E88-0FA83B0A75C0} = {17862ACF-5E83-4F00-82E4-702A121342E6}
		{3F2F19AA-51DB-4F97-94E8-302D263FD69B} = {17862ACF-5E83-4F00-82E4-702A121342E6}
		{BE8818AE-ADDB-44C3-A18C-E479FAF889EC} = {17862ACF-5E83-4F00-82E4-702A121342E6}
		{6C789C35-5A84-4805-BBA3-30DFBBCEBDFE} = {187F744F-91E6-49F2-A06E-D5BD01DA48D2}
		{7299A798-5B65-4FBF-BB65-A548308E21E0} = {187F744F-91E6-49F2-A06E-D5BD01DA48D2}
		{8E940267-10E1-4EC7-B926-A810E6D059FE} = {187F744F-91E6-49F2-A06E-D5BD01DA48D2}
		{C4D20E73-377D-46A9-BABE-7395CDDE0782} = {187F744F-91E6-49F2-A06E-D5BD01DA48D2}
		{A9C976C3-F1DE-418E-9661-5233B1B4337E} = {187F744F-91E6-49F2-A06E-D5BD01DA48D2}
		{0E0B62C6-1DF3-47BF-9202-9DC64ACC5FC7} = {187F744F-91E6-49F2-A06E-D5BD01DA48D2}
		{ED71106F-0148-46AA-822F-6C16C464DAF7} = {187F744F-91E6-49F2-A06E-D5BD01DA48D2}
		{B1E6845B-4008-4163-8FAE-2465B57B1EF0} = {187F744F-91E6-49F2-A06E-D5BD01DA48D2}
		{3CB3B6CC-058C-459F-8837-7956232B1EFB} = {187F744F-91E6-49F2-A06E-D5BD01DA48D2}
		{42FA52B4-0427-4350-8E17-E19FCAB2A515} = {187F744F-91E6-49F2-A06E-D5BD01DA48D2}
		{AA6C09EE-6EE6-4C58-B854-9E9A45524BFC} = {187F744F-91E6-49F2-A06E-D5BD01DA48D2}
		{193B9439-B45A-4BC1-9CDD-6A37A43E246D} = {187F744F-91E6-49F2-A06E-D5BD01DA48D2}
		{CEF14FA4-5EC4-4F6C-99AA-200F29E3A6BC} = {187F744F-91E6-49F2-A06E-D5BD01DA48D2}
		{B8990E48-18FC-407E-A7F2-AEBD4100F046} = {187F744F-91E6-49F2-A06E-D5BD01DA48D2}
		{81EAC7DA-5CEF-4F42-824E-CE9B56801C03} = {187F744F-91E6-49F2-A06E-D5BD01DA48D2}
		{60FB333B-F115-45D3-A66D-C3AF651C9FB7} = {187F744F-91E6-49F2-A06E-D5BD01DA48D2}
		{B8F08A7F-63DD-41EC-82EA-64B14B31F649} = {187F744F-91E6-49F2-A06E-D5BD01DA48D2}
		{DAFB2B8F-4CCC-4895-B624-FABBD87559DE} = {187F744F-91E6-49F2-A06E-D5BD01DA48D2}
		{856B47BD-C3BE-4E6E-935E-0A8DDE0C7831} = {187F744F-91E6-49F2-A06E-D5BD01DA48D2}
		{C570CE74-E155-4BD4-908A-8722392A0819} = {187F744F-91E6-49F2-A06E-D5BD01DA48D2}
		{90F2F635-B66D-4BF6-A4C1-E6A677D9BD48} = {187F744F-91E6-49F2-A06E-D5BD01DA48D2}
		{EABBB716-3891-47D4-A8CD-487E4E6E9258} = {187F744F-91E6-49F2-A06E-D5BD01DA48D2}
		{00D6ED8F-2B02-42D4-8437-B7E4B448F842} = {187F744F-91E6-49F2-A06E-D5BD01DA48D2}
		{A767FD81-B8B3-4324-8815-C2DEEE536879} = {187F744F-91E6-49F2-A06E-D5BD01DA48D2}
		{F55DFA19-3C7C-4782-A010-13E26F20C60E} = {187F744F-91E6-49F2-A06E-D5BD01DA48D2}
		{82135DF4-9DAB-4DDF-A498-DB078456C468} = {8C5ECC1C-E914-4224-A434-A9F296F36277}
		{62C123B8-6E5D-49FE-9233-7BB6B82D5746} = {8C5ECC1C-E914-4224-A434-A9F296F36277}
		{F865237C-19AA-4B88-9217-4D2845A96CCE} = {8C5ECC1C-E914-4224-A434-A9F296F36277}
		{05CC268A-D501-47BA-B4CA-1F0A2F88CB13} = {8C5ECC1C-E914-4224-A434-A9F296F36277}
		{2199DC6A-193F-4A44-8E2D-D50F8C73CE3F} = {8C5ECC1C-E914-4224-A434-A9F296F36277}
		{18D78667-9348-42EF-AFAD-78BAA5FEF075} = {8C5ECC1C-E914-4224-A434-A9F296F36277}
		{059CDA02-742D-483F-A719-87DBF4385F19} = {8C5ECC1C-E914-4224-A434-A9F296F36277}
		{8FCBF453-8514-4135-94F2-2E8D4D12C61D} = {8C5ECC1C-E914-4224-A434-A9F296F36277}
		{8ABFE97F-B3E8-4A5C-8235-A1D32F5468FF} = {8C5ECC1C-E914-4224-A434-A9F296F36277}
		{F322E361-48B8-4AE9-B476-7FF3A8B9C6E5} = {8C5ECC1C-E914-4224-A434-A9F296F36277}
		{4E99E0FF-9584-46D9-8483-7EFC13047E76} = {8C5ECC1C-E914-4224-A434-A9F296F36277}
		{BE6C0A13-FBBC-41E8-B7AB-51CBCB9D9121} = {8C5ECC1C-E914-4224-A434-A9F296F36277}
		{0D1067D7-D328-4F28-B052-92D82D624535} = {8C5ECC1C-E914-4224-A434-A9F296F36277}
		{41FEB315-7CD1-41B2-9697-4E55778CD1AC} = {8C5ECC1C-E914-4224-A434-A9F296F36277}
		{A73313F0-E461-4B05-91C5-312CE3C31331} = {8C5ECC1C-E914-4224-A434-A9F296F36277}
		{C27C47C3-7544-4519-9B09-8C263A3E8AB5} = {8C5ECC1C-E914-4224-A434-A9F296F36277}
		{362B4B69-CAB2-4181-A35B-713A3B2D6EA7} = {8C5ECC1C-E914-4224-A434-A9F296F36277}
		{F051D2E9-767C-40F9-9841-1BCA095C4C35} = {8C5ECC1C-E914-4224-A434-A9F296F36277}
		{234EADA1-C8D0-4FC0-A78F-2DDB0AD6ED78} = {B5C06100-7AD2-4944-ABAB-3A7D428743A0}
		{038B0E15-07BB-418F-B71A-8455DC10D744} = {B5C06100-7AD2-4944-ABAB-3A7D428743A0}
		{577D162B-93CD-4D9B-8DD1-B60B6FDC57EF} = {B5C06100-7AD2-4944-ABAB-3A7D428743A0}
		{D16E3066-2D3A-4D39-84D3-948E12CA0EC9} = {B5C06100-7AD2-4944-ABAB-3A7D428743A0}
		{E96EF27F-249A-4D08-AF88-DC639037A9F1} = {B5C06100-7AD2-4944-ABAB-3A7D428743A0}
		{24DC82B6-3669-4BBE-9D2F-86FB21C427D7} = {B5C06100-7AD2-4944-ABAB-3A7D428743A0}
		{8884A8A4-E6EC-4A94-9563-96D1D8451D7D} = {6642C797-7556-4E46-A628-E0AC81126AD5}
		{F4188926-12D3-4974-B78E-D2147DEE8041} = {6642C797-7556-4E46-A628-E0AC81126AD5}
		{FDE3FFA6-20EC-45FF-B680-0070EF551D90} = {6642C797-7556-4E46-A628-E0AC81126AD5}
		{1FED7C85-98E4-4841-9D24-87AC68D51C95} = {6642C797-7556-4E46-A628-E0AC81126AD5}
		{77B57F7E-48CE-421A-80E0-BEBFDD0E090F} = {6642C797-7556-4E46-A628-E0AC81126AD5}
		{5172F296-8CB2-4554-A03E-36C5C2E5A4BB} = {6642C797-7556-4E46-A628-E0AC81126AD5}
		{2FBE2612-FADD-47DA-B9F5-7AE80BE19C3C} = {6642C797-7556-4E46-A628-E0AC81126AD5}
		{18B7E38E-E55A-4903-9E29-4F2F5EFEBD14} = {6642C797-7556-4E46-A628-E0AC81126AD5}
		{91BBACB3-4576-49F4-B2CC-6483175A64C9} = {6642C797-7556-4E46-A628-E0AC81126AD5}
		{D9E6FD12-3328-4AB8-935D-7F19B5315E9C} = {6642C797-7556-4E46-A628-E0AC81126AD5}
		{D473BF29-89D1-46C6-A9F3-EEEA873C3D45} = {6642C797-7556-4E46-A628-E0AC81126AD5}
		{7321BF3C-0B42-4C01-83AC-A68E75C46BA9} = {6642C797-7556-4E46-A628-E0AC81126AD5}
		{9BE84F62-6E82-4BD8-BE2A-C93F5B1BC8EC} = {6642C797-7556-4E46-A628-E0AC81126AD5}
		{052E81B2-DCEC-4AA5-B092-F18F4E6E2DEF} = {6642C797-7556-4E46-A628-E0AC81126AD5}
		{9A5233A4-F8D3-4781-A5D7-8A483CFECB03} = {6642C797-7556-4E46-A628-E0AC81126AD5}
		{84E08C89-1DAD-4147-A9E3-4AEC14E15419} = {6642C797-7556-4E46-A628-E0AC81126AD5}
		{B5913350-352E-4D59-A40F-9B2E01C36B53} = {6642C797-7556-4E46-A628-E0AC81126AD5}
		{84DCA3EB-0AA3-46C2-A3B9-56015F4F28D4} = {6642C797-7556-4E46-A628-E0AC81126AD5}
		{9B4E8B87-FB2F-493D-B5F8-940F03820440} = {6642C797-7556-4E46-A628-E0AC81126AD5}
		{A40DAC03-D7B1-46B0-8DAF-A6652F375E01} = {6642C797-7556-4E46-A628-E0AC81126AD5}
		{0FC46A6F-A2F6-4EAE-899B-CC04D7698FDE} = {6642C797-7556-4E46-A628-E0AC81126AD5}
		{F8A3F99F-34E4-453C-9096-FEAD7AE8ECFA} = {6642C797-7556-4E46-A628-E0AC81126AD5}
		{29618340-1C88-48EC-871F-0DAA2144B968} = {6642C797-7556-4E46-A628-E0AC81126AD5}
		{8A7251F8-BA69-491F-B9C6-56B5E6FFF1DE} = {6642C797-7556-4E46-A628-E0AC81126AD5}
		{C53A8BF3-EC00-4D84-B1F9-3A48DCD7594B} = {6642C797-7556-4E46-A628-E0AC81126AD5}
	EndGlobalSection
	GlobalSection(ExtensibilityGlobals) = postSolution
		SolutionGuid = {2945180A-2A03-4775-B192-B0CC82DCDBEB}
	EndGlobalSection
EndGlobal
