
Microsoft Visual Studio Solution File, Format Version 12.00
# Visual Studio Version 17
VisualStudioVersion = 17.0.31825.309
MinimumVisualStudioVersion = 10.0.40219.1
Project("{2150E333-8FDC-42A3-9474-1A3956D46DE8}") = "2015", "2015", "{26B5D4A6-7B38-4796-998A-41D48E12344A}"
EndProject
Project("{9A19103F-16F7-4668-BE54-9A1E7A4F7556}") = "Day01", "2015\Day01\Day01.csproj", "{29855D0A-9725-4A78-B2C3-497892FB9B4B}"
EndProject
Project("{9A19103F-16F7-4668-BE54-9A1E7A4F7556}") = "Day02", "2015\Day02\Day02.csproj", "{8C2A5978-D4E5-47F2-8F09-8D86235AA071}"
EndProject
Project("{9A19103F-16F7-4668-BE54-9A1E7A4F7556}") = "Day03", "2015\Day03\Day03.csproj", "{CC0308C7-3F53-492C-832C-96645AF36645}"
EndProject
Project("{9A19103F-16F7-4668-BE54-9A1E7A4F7556}") = "Day04", "2015\Day04\Day04.csproj", "{BD347F8C-63E1-40A2-B148-C6E4560B39B4}"
EndProject
Project("{9A19103F-16F7-4668-BE54-9A1E7A4F7556}") = "Day05", "2015\Day05\Day05.csproj", "{60023F18-7920-4E42-B8C1-6E0487561B5F}"
EndProject
Project("{9A19103F-16F7-4668-BE54-9A1E7A4F7556}") = "Day06", "2015\Day06\Day06.csproj", "{CF993698-D928-4EAB-804C-CC57D27E40FA}"
EndProject
Project("{9A19103F-16F7-4668-BE54-9A1E7A4F7556}") = "Day07", "2015\Day07\Day07.csproj", "{2C5A6224-9332-4316-B818-A861DF048F23}"
EndProject
Project("{9A19103F-16F7-4668-BE54-9A1E7A4F7556}") = "Day08", "2015\Day08\Day08.csproj", "{D6CB15C3-9186-4583-B598-F7F9808C3343}"
EndProject
Project("{9A19103F-16F7-4668-BE54-9A1E7A4F7556}") = "Day09", "2015\Day09\Day09.csproj", "{0A8ABB15-C5F9-4459-87ED-BD9242254DBC}"
EndProject
Project("{9A19103F-16F7-4668-BE54-9A1E7A4F7556}") = "Day10", "2015\Day10\Day10.csproj", "{A5BD9222-BC42-425B-825A-0AE7E25C2688}"
EndProject
Project("{9A19103F-16F7-4668-BE54-9A1E7A4F7556}") = "Day11", "2015\Day11\Day11.csproj", "{35B96488-FB62-4FBD-AF8D-E93640896611}"
EndProject
Project("{9A19103F-16F7-4668-BE54-9A1E7A4F7556}") = "Day12", "2015\Day12\Day12.csproj", "{0C4E273B-4F41-42EF-945B-A2B2B0839E22}"
EndProject
Project("{9A19103F-16F7-4668-BE54-9A1E7A4F7556}") = "Day13", "2015\Day13\Day13.csproj", "{1B5915AD-1AE0-4D3F-B198-4CBA7F32569B}"
EndProject
Project("{9A19103F-16F7-4668-BE54-9A1E7A4F7556}") = "Day14", "2015\Day14\Day14.csproj", "{8C67A14B-098F-42BA-9A27-74FE2150B17C}"
EndProject
Project("{9A19103F-16F7-4668-BE54-9A1E7A4F7556}") = "Day15", "2015\Day15\Day15.csproj", "{668606F8-89CE-48F0-BE30-4420CC161FEF}"
EndProject
Project("{9A19103F-16F7-4668-BE54-9A1E7A4F7556}") = "Day16", "2015\Day16\Day16.csproj", "{C299F9C4-3CEC-4EAA-B434-C4521EF958F9}"
EndProject
Project("{9A19103F-16F7-4668-BE54-9A1E7A4F7556}") = "Day17", "2015\Day17\Day17.csproj", "{1AF05073-9C42-4773-8E8F-83E245D3CE51}"
EndProject
Project("{9A19103F-16F7-4668-BE54-9A1E7A4F7556}") = "Day18", "2015\Day18\Day18.csproj", "{EC59679E-B190-4E55-BA2C-BA569896C97B}"
EndProject
Project("{9A19103F-16F7-4668-BE54-9A1E7A4F7556}") = "Day19", "2015\Day19\Day19.csproj", "{AABF56DB-9BB1-4EA4-B1FA-D3DFA48F0BBA}"
EndProject
Project("{9A19103F-16F7-4668-BE54-9A1E7A4F7556}") = "Day20", "2015\Day20\Day20.csproj", "{67F7B43F-42AD-4640-873D-90C8ACD9934D}"
EndProject
Project("{9A19103F-16F7-4668-BE54-9A1E7A4F7556}") = "Day21", "2015\Day21\Day21.csproj", "{0B02F1DF-4D72-443A-BB45-FC4C69E8DEC8}"
EndProject
Project("{9A19103F-16F7-4668-BE54-9A1E7A4F7556}") = "Day22", "2015\Day22\Day22.csproj", "{7B53B871-74FD-480B-A7EE-DC3EE9846085}"
EndProject
Project("{9A19103F-16F7-4668-BE54-9A1E7A4F7556}") = "Day23", "2015\Day23\Day23.csproj", "{32259FDA-FCDA-4A60-AD7C-DF68EB12A191}"
EndProject
Project("{9A19103F-16F7-4668-BE54-9A1E7A4F7556}") = "Day24", "2015\Day24\Day24.csproj", "{1970145B-DE90-4E80-83EB-C3FC66BA0CEC}"
EndProject
Project("{9A19103F-16F7-4668-BE54-9A1E7A4F7556}") = "Day25", "2015\Day25\Day25.csproj", "{C2065DE6-2295-4251-B500-1BE944A605AA}"
EndProject
Project("{2150E333-8FDC-42A3-9474-1A3956D46DE8}") = "2016", "2016", "{17862ACF-5E83-4F00-82E4-702A121342E6}"
EndProject
Project("{FAE04EC0-301F-11D3-BF4B-00C04F79EFBC}") = "Day01", "2016\Day01\Day01.csproj", "{5662A3EE-4F0D-4535-BF9C-CFC9DF78C308}"
EndProject
Project("{FAE04EC0-301F-11D3-BF4B-00C04F79EFBC}") = "Day02", "2016\Day02\Day02.csproj", "{44DC5330-BE2B-4EB4-A7EB-150BEDE69F6A}"
EndProject
Project("{FAE04EC0-301F-11D3-BF4B-00C04F79EFBC}") = "Day03", "2016\Day03\Day03.csproj", "{9957BFDD-79A9-40E4-8B6F-35D56CB12CF3}"
EndProject
Project("{FAE04EC0-301F-11D3-BF4B-00C04F79EFBC}") = "Day04", "2016\Day04\Day04.csproj", "{7F568771-144D-4CC5-B858-D6ADEC2E2252}"
EndProject
Project("{FAE04EC0-301F-11D3-BF4B-00C04F79EFBC}") = "Day05", "2016\Day05\Day05.csproj", "{3E3CD57C-E51D-4D51-9484-FD27EAAC6472}"
EndProject
Project("{FAE04EC0-301F-11D3-BF4B-00C04F79EFBC}") = "Day06", "2016\Day06\Day06.csproj", "{567FE490-505F-4779-BA07-D736291F45A4}"
EndProject
Project("{FAE04EC0-301F-11D3-BF4B-00C04F79EFBC}") = "Day07", "2016\Day07\Day07.csproj", "{C1437112-351A-49A8-AC6F-FE46B090AE8F}"
EndProject
Project("{FAE04EC0-301F-11D3-BF4B-00C04F79EFBC}") = "Day08", "2016\Day08\Day08.csproj", "{07A37B0A-B52A-4C8D-924F-6AD6E64472A4}"
EndProject
Project("{FAE04EC0-301F-11D3-BF4B-00C04F79EFBC}") = "Day09", "2016\Day09\Day09.csproj", "{85E14C2C-4439-4F66-9CC0-B1ECDCA77918}"
EndProject
Project("{2150E333-8FDC-42A3-9474-1A3956D46DE8}") = "2017", "2017", "{187F744F-91E6-49F2-A06E-D5BD01DA48D2}"
EndProject
Project("{9A19103F-16F7-4668-BE54-9A1E7A4F7556}") = "Day01", "2017\Day01\Day01.csproj", "{CD10D74F-7E0C-4C64-A6E8-DA6A2592F5DA}"
EndProject
Project("{9A19103F-16F7-4668-BE54-9A1E7A4F7556}") = "Day02", "2017\Day02\Day02.csproj", "{CE0DD8A6-0D18-4CC9-B62B-1173287EA993}"
EndProject
Project("{9A19103F-16F7-4668-BE54-9A1E7A4F7556}") = "Day03", "2017\Day03\Day03.csproj", "{2F343CE7-8C8C-44D5-BE53-9F05A76684D1}"
EndProject
Project("{9A19103F-16F7-4668-BE54-9A1E7A4F7556}") = "Day04", "2017\Day04\Day04.csproj", "{A6043AD1-BDB0-4133-993D-D985F542029C}"
EndProject
Project("{9A19103F-16F7-4668-BE54-9A1E7A4F7556}") = "Day05", "2017\Day05\Day05.csproj", "{BCCA63D0-A766-4E34-A9AD-E41A1F1E0A01}"
EndProject
Project("{9A19103F-16F7-4668-BE54-9A1E7A4F7556}") = "Day06", "2017\Day06\Day06.csproj", "{190FB404-1EEA-4894-92D2-CFD9AA1CF002}"
EndProject
Project("{9A19103F-16F7-4668-BE54-9A1E7A4F7556}") = "Day07", "2017\Day07\Day07.csproj", "{20075C0A-19F2-43E6-9AB5-C058B579E6D1}"
EndProject
Project("{9A19103F-16F7-4668-BE54-9A1E7A4F7556}") = "Day08", "2017\Day08\Day08.csproj", "{E0423A49-C422-495E-9A53-5684A6C3D490}"
EndProject
Project("{9A19103F-16F7-4668-BE54-9A1E7A4F7556}") = "Day09", "2017\Day09\Day09.csproj", "{220A8866-FF8B-41A5-8331-A6B0F392A3D7}"
EndProject
Project("{9A19103F-16F7-4668-BE54-9A1E7A4F7556}") = "Day10", "2017\Day10\Day10.csproj", "{96E89A50-0E4E-4E00-B938-2EC50D49CE4B}"
EndProject
Project("{9A19103F-16F7-4668-BE54-9A1E7A4F7556}") = "Day11", "2017\Day11\Day11.csproj", "{C7599389-26AF-47B0-B4C8-FE1F6A008253}"
EndProject
Project("{9A19103F-16F7-4668-BE54-9A1E7A4F7556}") = "Day12", "2017\Day12\Day12.csproj", "{963622EC-45B6-4972-AA80-28170499D821}"
EndProject
Project("{9A19103F-16F7-4668-BE54-9A1E7A4F7556}") = "Day13", "2017\Day13\Day13.csproj", "{47FBCD9B-E949-4F93-B4A2-3A8EC798F36E}"
EndProject
Project("{9A19103F-16F7-4668-BE54-9A1E7A4F7556}") = "Day14", "2017\Day14\Day14.csproj", "{874298C9-06D7-4864-ACA8-DAE7FACE388B}"
EndProject
Project("{9A19103F-16F7-4668-BE54-9A1E7A4F7556}") = "Day15", "2017\Day15\Day15.csproj", "{220A238E-A831-4977-84BC-9A745D88A941}"
EndProject
Project("{9A19103F-16F7-4668-BE54-9A1E7A4F7556}") = "Day16", "2017\Day16\Day16.csproj", "{11521708-9731-4F1F-B68F-006962C96BBC}"
EndProject
Project("{9A19103F-16F7-4668-BE54-9A1E7A4F7556}") = "Day17", "2017\Day17\Day17.csproj", "{EBA1AF23-5AA9-4A40-B1F5-9AF6B63CC637}"
EndProject
Project("{9A19103F-16F7-4668-BE54-9A1E7A4F7556}") = "Day18", "2017\Day18\Day18.csproj", "{7DCFFB24-8749-4F14-B729-9F2D6168ED70}"
EndProject
Project("{9A19103F-16F7-4668-BE54-9A1E7A4F7556}") = "Day19", "2017\Day19\Day19.csproj", "{9C4FD8E3-143C-4F48-AD5F-38E713A3D809}"
EndProject
Project("{9A19103F-16F7-4668-BE54-9A1E7A4F7556}") = "Day20", "2017\Day20\Day20.csproj", "{89442F30-2622-45E5-BCFC-D13F6F2581C3}"
EndProject
Project("{9A19103F-16F7-4668-BE54-9A1E7A4F7556}") = "Day21", "2017\Day21\Day21.csproj", "{3673C6CB-CB6B-460C-8F33-87D7CF6D48DB}"
EndProject
Project("{9A19103F-16F7-4668-BE54-9A1E7A4F7556}") = "Day22", "2017\Day22\Day22.csproj", "{6B11D073-7C34-4E28-BF63-46218B76870A}"
EndProject
Project("{9A19103F-16F7-4668-BE54-9A1E7A4F7556}") = "Day23", "2017\Day23\Day23.csproj", "{221AE436-BBF1-4ED2-B5AB-6EF0E90A1585}"
EndProject
Project("{9A19103F-16F7-4668-BE54-9A1E7A4F7556}") = "Day24", "2017\Day24\Day24.csproj", "{5200B780-09B6-4F0B-A89A-D3575556ACCC}"
EndProject
Project("{9A19103F-16F7-4668-BE54-9A1E7A4F7556}") = "Day25", "2017\Day25\Day25.csproj", "{A0069412-2B05-42EA-9430-6BAF6DAEB2AA}"
EndProject
Project("{2150E333-8FDC-42A3-9474-1A3956D46DE8}") = "2018", "2018", "{8C5ECC1C-E914-4224-A434-A9F296F36277}"
EndProject
Project("{9A19103F-16F7-4668-BE54-9A1E7A4F7556}") = "Day01", "2018\Day01\Day01.csproj", "{DF1796D2-4089-483C-BB33-A106F2C00814}"
EndProject
Project("{9A19103F-16F7-4668-BE54-9A1E7A4F7556}") = "Day02", "2018\Day02\Day02.csproj", "{313ABFC6-44D8-4065-AF96-666D528B1789}"
EndProject
Project("{9A19103F-16F7-4668-BE54-9A1E7A4F7556}") = "Day03", "2018\Day03\Day03.csproj", "{C77EB281-CA44-48E7-B44B-A8A2061E0760}"
EndProject
Project("{9A19103F-16F7-4668-BE54-9A1E7A4F7556}") = "Day04", "2018\Day04\Day04.csproj", "{E2410334-1DA8-428D-BB09-4191099D8492}"
EndProject
Project("{9A19103F-16F7-4668-BE54-9A1E7A4F7556}") = "Day05", "2018\Day05\Day05.csproj", "{5CEFA069-4AE3-452E-A4A2-C8F2C2D5C92D}"
EndProject
Project("{9A19103F-16F7-4668-BE54-9A1E7A4F7556}") = "Day06", "2018\Day06\Day06.csproj", "{0758E734-C9D6-477B-8967-91A9D61014FC}"
EndProject
Project("{9A19103F-16F7-4668-BE54-9A1E7A4F7556}") = "Day07", "2018\Day07\Day07.csproj", "{F59226AF-7538-47DE-AE0E-55B8F1031DA7}"
EndProject
Project("{9A19103F-16F7-4668-BE54-9A1E7A4F7556}") = "Day08", "2018\Day08\Day08.csproj", "{E351862B-2F2E-4C6E-B69C-AAEF9B249654}"
EndProject
Project("{9A19103F-16F7-4668-BE54-9A1E7A4F7556}") = "Day09", "2018\Day09\Day09.csproj", "{946EBEC5-A621-4149-BDCD-FBAA73241118}"
EndProject
Project("{9A19103F-16F7-4668-BE54-9A1E7A4F7556}") = "Day10", "2018\Day10\Day10.csproj", "{ECA797A4-FD2E-429A-9DFE-4D8E6FB40E06}"
EndProject
Project("{9A19103F-16F7-4668-BE54-9A1E7A4F7556}") = "Day11", "2018\Day11\Day11.csproj", "{19C3F167-EFF8-41A4-BFAF-3C5BF4793456}"
EndProject
Project("{9A19103F-16F7-4668-BE54-9A1E7A4F7556}") = "Day12", "2018\Day12\Day12.csproj", "{16F263C0-92C3-45E1-BD29-382CC1756676}"
EndProject
Project("{9A19103F-16F7-4668-BE54-9A1E7A4F7556}") = "Day14", "2018\Day14\Day14.csproj", "{EC1BE2ED-B177-46A4-A504-D78B0E0103F7}"
EndProject
Project("{9A19103F-16F7-4668-BE54-9A1E7A4F7556}") = "Day16", "2018\Day16\Day16.csproj", "{FA8C5ADF-DBA4-4174-A9DC-DEEB1FECDA8F}"
EndProject
Project("{9A19103F-16F7-4668-BE54-9A1E7A4F7556}") = "Day17", "2018\Day17\Day17.csproj", "{2644275C-4A35-48DB-966F-EBC53A7F8588}"
EndProject
Project("{9A19103F-16F7-4668-BE54-9A1E7A4F7556}") = "Day18", "2018\Day18\Day18.csproj", "{0A162889-1604-463C-A970-E5F83B7B11D2}"
EndProject
Project("{9A19103F-16F7-4668-BE54-9A1E7A4F7556}") = "Day19", "2018\Day19\Day19.csproj", "{19073A37-D52D-46FD-9876-B09A127AAF00}"
EndProject
Project("{9A19103F-16F7-4668-BE54-9A1E7A4F7556}") = "Day20", "2018\Day20\Day20.csproj", "{4A9AD1F8-B27B-4BED-90B7-E8D7EDB2FC6E}"
EndProject
Project("{2150E333-8FDC-42A3-9474-1A3956D46DE8}") = "2019", "2019", "{B5C06100-7AD2-4944-ABAB-3A7D428743A0}"
EndProject
Project("{9A19103F-16F7-4668-BE54-9A1E7A4F7556}") = "Day01", "2019\Day01\Day01.csproj", "{B06D2AD1-A1BD-4886-AECA-90CE787AA20A}"
EndProject
Project("{9A19103F-16F7-4668-BE54-9A1E7A4F7556}") = "Day02", "2019\Day02\Day02.csproj", "{9305C1C6-8201-4F59-B826-466CEA7706DF}"
EndProject
Project("{9A19103F-16F7-4668-BE54-9A1E7A4F7556}") = "Day03", "2019\Day03\Day03.csproj", "{81BF8B44-9513-48E7-A6CB-5B78DC832356}"
EndProject
Project("{9A19103F-16F7-4668-BE54-9A1E7A4F7556}") = "Day04", "2019\Day04\Day04.csproj", "{80AEDC24-2843-4C41-8091-745FDC011142}"
EndProject
Project("{9A19103F-16F7-4668-BE54-9A1E7A4F7556}") = "Day05", "2019\Day05\Day05.csproj", "{94DDC3B5-B0C1-4315-AE05-95F8A7A32934}"
EndProject
Project("{9A19103F-16F7-4668-BE54-9A1E7A4F7556}") = "Day06", "2019\Day06\Day06.csproj", "{53D4C6C0-A673-4D5D-BBA1-8AB2624C2C1B}"
EndProject
Project("{2150E333-8FDC-42A3-9474-1A3956D46DE8}") = "2020", "2020", "{6642C797-7556-4E46-A628-E0AC81126AD5}"
EndProject
Project("{9A19103F-16F7-4668-BE54-9A1E7A4F7556}") = "Day01", "2020\Day01\Day01.csproj", "{29723A15-FDA5-41E8-BACD-7B092F06F0F7}"
EndProject
Project("{9A19103F-16F7-4668-BE54-9A1E7A4F7556}") = "Day02", "2020\Day02\Day02.csproj", "{08642911-30D7-471D-94B5-1344655F9D61}"
EndProject
Project("{9A19103F-16F7-4668-BE54-9A1E7A4F7556}") = "Day03", "2020\Day03\Day03.csproj", "{FB6FA041-AF14-40D1-9C80-77467BF91F8A}"
EndProject
Project("{9A19103F-16F7-4668-BE54-9A1E7A4F7556}") = "Day04", "2020\Day04\Day04.csproj", "{84644FCC-DDD0-4032-83D8-EA36ADDF5139}"
EndProject
Project("{9A19103F-16F7-4668-BE54-9A1E7A4F7556}") = "Day05", "2020\Day05\Day05.csproj", "{B697F134-B415-46D5-A999-267599107AF1}"
EndProject
Project("{9A19103F-16F7-4668-BE54-9A1E7A4F7556}") = "Day06", "2020\Day06\Day06.csproj", "{F873A501-8FBE-4A15-9DD4-B12352209FC0}"
EndProject
Project("{9A19103F-16F7-4668-BE54-9A1E7A4F7556}") = "Day07", "2020\Day07\Day07.csproj", "{C5EB4FA7-8E3E-43D5-990E-1163B5411755}"
EndProject
Project("{9A19103F-16F7-4668-BE54-9A1E7A4F7556}") = "Day08", "2020\Day08\Day08.csproj", "{6877A9DF-754C-4250-96B6-E0CF45BF952E}"
EndProject
Project("{9A19103F-16F7-4668-BE54-9A1E7A4F7556}") = "Day09", "2020\Day09\Day09.csproj", "{0A4DA771-E71D-4008-B221-9C1AD53C6D3A}"
EndProject
Project("{9A19103F-16F7-4668-BE54-9A1E7A4F7556}") = "Day10", "2020\Day10\Day10.csproj", "{CFE23408-72B8-400E-811C-6964F53E2EF8}"
EndProject
Project("{9A19103F-16F7-4668-BE54-9A1E7A4F7556}") = "Day11", "2020\Day11\Day11.csproj", "{40896638-8304-4861-98B3-54D5AB8603D6}"
EndProject
Project("{9A19103F-16F7-4668-BE54-9A1E7A4F7556}") = "Day12", "2020\Day12\Day12.csproj", "{B3EE3C17-8647-4E48-89A9-61BF4D1D72C6}"
EndProject
Project("{9A19103F-16F7-4668-BE54-9A1E7A4F7556}") = "Day13", "2020\Day13\Day13.csproj", "{103D785F-5479-4E12-BC71-715C717C538D}"
EndProject
Project("{9A19103F-16F7-4668-BE54-9A1E7A4F7556}") = "Day14", "2020\Day14\Day14.csproj", "{4A531954-464B-4908-8D07-C223559AB3FA}"
EndProject
Project("{9A19103F-16F7-4668-BE54-9A1E7A4F7556}") = "Day15", "2020\Day15\Day15.csproj", "{439A474D-FF4C-41FB-80F7-70D4667A79EC}"
EndProject
Project("{9A19103F-16F7-4668-BE54-9A1E7A4F7556}") = "Day16", "2020\Day16\Day16.csproj", "{7D05075F-180A-401A-851A-29476931976F}"
EndProject
Project("{9A19103F-16F7-4668-BE54-9A1E7A4F7556}") = "Day17", "2020\Day17\Day17.csproj", "{434D1083-B843-4D9B-A6EF-AEA18FCB9C4D}"
EndProject
Project("{9A19103F-16F7-4668-BE54-9A1E7A4F7556}") = "Day18", "2020\Day18\Day18.csproj", "{318F5AB4-334F-4586-BED0-8743A64AAC41}"
EndProject
Project("{9A19103F-16F7-4668-BE54-9A1E7A4F7556}") = "Day19", "2020\Day19\Day19.csproj", "{6DC6E630-497B-40D8-8B26-C68AA9772860}"
EndProject
Project("{9A19103F-16F7-4668-BE54-9A1E7A4F7556}") = "Day20", "2020\Day20\Day20.csproj", "{C776F965-AE60-446D-BC52-F5F7C7E0AC39}"
EndProject
Project("{9A19103F-16F7-4668-BE54-9A1E7A4F7556}") = "Day21", "2020\Day21\Day21.csproj", "{E520B20A-9515-4591-932F-D562E65005B2}"
EndProject
Project("{9A19103F-16F7-4668-BE54-9A1E7A4F7556}") = "Day22", "2020\Day22\Day22.csproj", "{2381F273-458B-40BE-A13E-F8B867C93670}"
EndProject
Project("{9A19103F-16F7-4668-BE54-9A1E7A4F7556}") = "Day23", "2020\Day23\Day23.csproj", "{E82CA46E-1FF7-443A-A341-9EEBB3C6ED50}"
EndProject
Project("{9A19103F-16F7-4668-BE54-9A1E7A4F7556}") = "Day24", "2020\Day24\Day24.csproj", "{05B3E91F-08DF-4BFB-90D6-40CB1707CDC7}"
EndProject
Project("{9A19103F-16F7-4668-BE54-9A1E7A4F7556}") = "Day25", "2020\Day25\Day25.csproj", "{F84111F7-A266-4580-BFCC-BCB3D10644B4}"
EndProject
Project("{2150E333-8FDC-42A3-9474-1A3956D46DE8}") = "Common", "Common", "{6EBE7E1E-24FE-4608-A6D8-2A630DA44803}"
EndProject
Project("{FAE04EC0-301F-11D3-BF4B-00C04F79EFBC}") = "TypedRegex.Generator", "Common\TypedRegex.Generator\TypedRegex.Generator.csproj", "{45DE722A-6B67-4766-B7EC-2E56864DC324}"
EndProject
Global
	GlobalSection(SolutionConfigurationPlatforms) = preSolution
		Debug|Any CPU = Debug|Any CPU
		Release|Any CPU = Release|Any CPU
	EndGlobalSection
	GlobalSection(ProjectConfigurationPlatforms) = postSolution
		{29855D0A-9725-4A78-B2C3-497892FB9B4B}.Debug|Any CPU.ActiveCfg = Debug|Any CPU
		{29855D0A-9725-4A78-B2C3-497892FB9B4B}.Debug|Any CPU.Build.0 = Debug|Any CPU
		{29855D0A-9725-4A78-B2C3-497892FB9B4B}.Release|Any CPU.ActiveCfg = Release|Any CPU
		{29855D0A-9725-4A78-B2C3-497892FB9B4B}.Release|Any CPU.Build.0 = Release|Any CPU
		{8C2A5978-D4E5-47F2-8F09-8D86235AA071}.Debug|Any CPU.ActiveCfg = Debug|Any CPU
		{8C2A5978-D4E5-47F2-8F09-8D86235AA071}.Debug|Any CPU.Build.0 = Debug|Any CPU
		{8C2A5978-D4E5-47F2-8F09-8D86235AA071}.Release|Any CPU.ActiveCfg = Release|Any CPU
		{8C2A5978-D4E5-47F2-8F09-8D86235AA071}.Release|Any CPU.Build.0 = Release|Any CPU
		{CC0308C7-3F53-492C-832C-96645AF36645}.Debug|Any CPU.ActiveCfg = Debug|Any CPU
		{CC0308C7-3F53-492C-832C-96645AF36645}.Debug|Any CPU.Build.0 = Debug|Any CPU
		{CC0308C7-3F53-492C-832C-96645AF36645}.Release|Any CPU.ActiveCfg = Release|Any CPU
		{CC0308C7-3F53-492C-832C-96645AF36645}.Release|Any CPU.Build.0 = Release|Any CPU
		{BD347F8C-63E1-40A2-B148-C6E4560B39B4}.Debug|Any CPU.ActiveCfg = Debug|Any CPU
		{BD347F8C-63E1-40A2-B148-C6E4560B39B4}.Debug|Any CPU.Build.0 = Debug|Any CPU
		{BD347F8C-63E1-40A2-B148-C6E4560B39B4}.Release|Any CPU.ActiveCfg = Release|Any CPU
		{BD347F8C-63E1-40A2-B148-C6E4560B39B4}.Release|Any CPU.Build.0 = Release|Any CPU
		{60023F18-7920-4E42-B8C1-6E0487561B5F}.Debug|Any CPU.ActiveCfg = Debug|Any CPU
		{60023F18-7920-4E42-B8C1-6E0487561B5F}.Debug|Any CPU.Build.0 = Debug|Any CPU
		{60023F18-7920-4E42-B8C1-6E0487561B5F}.Release|Any CPU.ActiveCfg = Release|Any CPU
		{60023F18-7920-4E42-B8C1-6E0487561B5F}.Release|Any CPU.Build.0 = Release|Any CPU
		{CF993698-D928-4EAB-804C-CC57D27E40FA}.Debug|Any CPU.ActiveCfg = Debug|Any CPU
		{CF993698-D928-4EAB-804C-CC57D27E40FA}.Debug|Any CPU.Build.0 = Debug|Any CPU
		{CF993698-D928-4EAB-804C-CC57D27E40FA}.Release|Any CPU.ActiveCfg = Release|Any CPU
		{CF993698-D928-4EAB-804C-CC57D27E40FA}.Release|Any CPU.Build.0 = Release|Any CPU
		{2C5A6224-9332-4316-B818-A861DF048F23}.Debug|Any CPU.ActiveCfg = Debug|Any CPU
		{2C5A6224-9332-4316-B818-A861DF048F23}.Debug|Any CPU.Build.0 = Debug|Any CPU
		{2C5A6224-9332-4316-B818-A861DF048F23}.Release|Any CPU.ActiveCfg = Release|Any CPU
		{2C5A6224-9332-4316-B818-A861DF048F23}.Release|Any CPU.Build.0 = Release|Any CPU
		{D6CB15C3-9186-4583-B598-F7F9808C3343}.Debug|Any CPU.ActiveCfg = Debug|Any CPU
		{D6CB15C3-9186-4583-B598-F7F9808C3343}.Debug|Any CPU.Build.0 = Debug|Any CPU
		{D6CB15C3-9186-4583-B598-F7F9808C3343}.Release|Any CPU.ActiveCfg = Release|Any CPU
		{D6CB15C3-9186-4583-B598-F7F9808C3343}.Release|Any CPU.Build.0 = Release|Any CPU
		{0A8ABB15-C5F9-4459-87ED-BD9242254DBC}.Debug|Any CPU.ActiveCfg = Debug|Any CPU
		{0A8ABB15-C5F9-4459-87ED-BD9242254DBC}.Debug|Any CPU.Build.0 = Debug|Any CPU
		{0A8ABB15-C5F9-4459-87ED-BD9242254DBC}.Release|Any CPU.ActiveCfg = Release|Any CPU
		{0A8ABB15-C5F9-4459-87ED-BD9242254DBC}.Release|Any CPU.Build.0 = Release|Any CPU
		{A5BD9222-BC42-425B-825A-0AE7E25C2688}.Debug|Any CPU.ActiveCfg = Debug|Any CPU
		{A5BD9222-BC42-425B-825A-0AE7E25C2688}.Debug|Any CPU.Build.0 = Debug|Any CPU
		{A5BD9222-BC42-425B-825A-0AE7E25C2688}.Release|Any CPU.ActiveCfg = Release|Any CPU
		{A5BD9222-BC42-425B-825A-0AE7E25C2688}.Release|Any CPU.Build.0 = Release|Any CPU
		{35B96488-FB62-4FBD-AF8D-E93640896611}.Debug|Any CPU.ActiveCfg = Debug|Any CPU
		{35B96488-FB62-4FBD-AF8D-E93640896611}.Debug|Any CPU.Build.0 = Debug|Any CPU
		{35B96488-FB62-4FBD-AF8D-E93640896611}.Release|Any CPU.ActiveCfg = Release|Any CPU
		{35B96488-FB62-4FBD-AF8D-E93640896611}.Release|Any CPU.Build.0 = Release|Any CPU
		{0C4E273B-4F41-42EF-945B-A2B2B0839E22}.Debug|Any CPU.ActiveCfg = Debug|Any CPU
		{0C4E273B-4F41-42EF-945B-A2B2B0839E22}.Debug|Any CPU.Build.0 = Debug|Any CPU
		{0C4E273B-4F41-42EF-945B-A2B2B0839E22}.Release|Any CPU.ActiveCfg = Release|Any CPU
		{0C4E273B-4F41-42EF-945B-A2B2B0839E22}.Release|Any CPU.Build.0 = Release|Any CPU
		{1B5915AD-1AE0-4D3F-B198-4CBA7F32569B}.Debug|Any CPU.ActiveCfg = Debug|Any CPU
		{1B5915AD-1AE0-4D3F-B198-4CBA7F32569B}.Debug|Any CPU.Build.0 = Debug|Any CPU
		{1B5915AD-1AE0-4D3F-B198-4CBA7F32569B}.Release|Any CPU.ActiveCfg = Release|Any CPU
		{1B5915AD-1AE0-4D3F-B198-4CBA7F32569B}.Release|Any CPU.Build.0 = Release|Any CPU
		{8C67A14B-098F-42BA-9A27-74FE2150B17C}.Debug|Any CPU.ActiveCfg = Debug|Any CPU
		{8C67A14B-098F-42BA-9A27-74FE2150B17C}.Debug|Any CPU.Build.0 = Debug|Any CPU
		{8C67A14B-098F-42BA-9A27-74FE2150B17C}.Release|Any CPU.ActiveCfg = Release|Any CPU
		{8C67A14B-098F-42BA-9A27-74FE2150B17C}.Release|Any CPU.Build.0 = Release|Any CPU
		{668606F8-89CE-48F0-BE30-4420CC161FEF}.Debug|Any CPU.ActiveCfg = Debug|Any CPU
		{668606F8-89CE-48F0-BE30-4420CC161FEF}.Debug|Any CPU.Build.0 = Debug|Any CPU
		{668606F8-89CE-48F0-BE30-4420CC161FEF}.Release|Any CPU.ActiveCfg = Release|Any CPU
		{668606F8-89CE-48F0-BE30-4420CC161FEF}.Release|Any CPU.Build.0 = Release|Any CPU
		{C299F9C4-3CEC-4EAA-B434-C4521EF958F9}.Debug|Any CPU.ActiveCfg = Debug|Any CPU
		{C299F9C4-3CEC-4EAA-B434-C4521EF958F9}.Debug|Any CPU.Build.0 = Debug|Any CPU
		{C299F9C4-3CEC-4EAA-B434-C4521EF958F9}.Release|Any CPU.ActiveCfg = Release|Any CPU
		{C299F9C4-3CEC-4EAA-B434-C4521EF958F9}.Release|Any CPU.Build.0 = Release|Any CPU
		{1AF05073-9C42-4773-8E8F-83E245D3CE51}.Debug|Any CPU.ActiveCfg = Debug|Any CPU
		{1AF05073-9C42-4773-8E8F-83E245D3CE51}.Debug|Any CPU.Build.0 = Debug|Any CPU
		{1AF05073-9C42-4773-8E8F-83E245D3CE51}.Release|Any CPU.ActiveCfg = Release|Any CPU
		{1AF05073-9C42-4773-8E8F-83E245D3CE51}.Release|Any CPU.Build.0 = Release|Any CPU
		{EC59679E-B190-4E55-BA2C-BA569896C97B}.Debug|Any CPU.ActiveCfg = Debug|Any CPU
		{EC59679E-B190-4E55-BA2C-BA569896C97B}.Debug|Any CPU.Build.0 = Debug|Any CPU
		{EC59679E-B190-4E55-BA2C-BA569896C97B}.Release|Any CPU.ActiveCfg = Release|Any CPU
		{EC59679E-B190-4E55-BA2C-BA569896C97B}.Release|Any CPU.Build.0 = Release|Any CPU
		{AABF56DB-9BB1-4EA4-B1FA-D3DFA48F0BBA}.Debug|Any CPU.ActiveCfg = Debug|Any CPU
		{AABF56DB-9BB1-4EA4-B1FA-D3DFA48F0BBA}.Debug|Any CPU.Build.0 = Debug|Any CPU
		{AABF56DB-9BB1-4EA4-B1FA-D3DFA48F0BBA}.Release|Any CPU.ActiveCfg = Release|Any CPU
		{AABF56DB-9BB1-4EA4-B1FA-D3DFA48F0BBA}.Release|Any CPU.Build.0 = Release|Any CPU
		{67F7B43F-42AD-4640-873D-90C8ACD9934D}.Debug|Any CPU.ActiveCfg = Debug|Any CPU
		{67F7B43F-42AD-4640-873D-90C8ACD9934D}.Debug|Any CPU.Build.0 = Debug|Any CPU
		{67F7B43F-42AD-4640-873D-90C8ACD9934D}.Release|Any CPU.ActiveCfg = Release|Any CPU
		{67F7B43F-42AD-4640-873D-90C8ACD9934D}.Release|Any CPU.Build.0 = Release|Any CPU
		{0B02F1DF-4D72-443A-BB45-FC4C69E8DEC8}.Debug|Any CPU.ActiveCfg = Debug|Any CPU
		{0B02F1DF-4D72-443A-BB45-FC4C69E8DEC8}.Debug|Any CPU.Build.0 = Debug|Any CPU
		{0B02F1DF-4D72-443A-BB45-FC4C69E8DEC8}.Release|Any CPU.ActiveCfg = Release|Any CPU
		{0B02F1DF-4D72-443A-BB45-FC4C69E8DEC8}.Release|Any CPU.Build.0 = Release|Any CPU
		{7B53B871-74FD-480B-A7EE-DC3EE9846085}.Debug|Any CPU.ActiveCfg = Debug|Any CPU
		{7B53B871-74FD-480B-A7EE-DC3EE9846085}.Debug|Any CPU.Build.0 = Debug|Any CPU
		{7B53B871-74FD-480B-A7EE-DC3EE9846085}.Release|Any CPU.ActiveCfg = Release|Any CPU
		{7B53B871-74FD-480B-A7EE-DC3EE9846085}.Release|Any CPU.Build.0 = Release|Any CPU
		{32259FDA-FCDA-4A60-AD7C-DF68EB12A191}.Debug|Any CPU.ActiveCfg = Debug|Any CPU
		{32259FDA-FCDA-4A60-AD7C-DF68EB12A191}.Debug|Any CPU.Build.0 = Debug|Any CPU
		{32259FDA-FCDA-4A60-AD7C-DF68EB12A191}.Release|Any CPU.ActiveCfg = Release|Any CPU
		{32259FDA-FCDA-4A60-AD7C-DF68EB12A191}.Release|Any CPU.Build.0 = Release|Any CPU
		{1970145B-DE90-4E80-83EB-C3FC66BA0CEC}.Debug|Any CPU.ActiveCfg = Debug|Any CPU
		{1970145B-DE90-4E80-83EB-C3FC66BA0CEC}.Debug|Any CPU.Build.0 = Debug|Any CPU
		{1970145B-DE90-4E80-83EB-C3FC66BA0CEC}.Release|Any CPU.ActiveCfg = Release|Any CPU
		{1970145B-DE90-4E80-83EB-C3FC66BA0CEC}.Release|Any CPU.Build.0 = Release|Any CPU
		{C2065DE6-2295-4251-B500-1BE944A605AA}.Debug|Any CPU.ActiveCfg = Debug|Any CPU
		{C2065DE6-2295-4251-B500-1BE944A605AA}.Debug|Any CPU.Build.0 = Debug|Any CPU
		{C2065DE6-2295-4251-B500-1BE944A605AA}.Release|Any CPU.ActiveCfg = Release|Any CPU
		{C2065DE6-2295-4251-B500-1BE944A605AA}.Release|Any CPU.Build.0 = Release|Any CPU
		{5662A3EE-4F0D-4535-BF9C-CFC9DF78C308}.Debug|Any CPU.ActiveCfg = Debug|Any CPU
		{5662A3EE-4F0D-4535-BF9C-CFC9DF78C308}.Debug|Any CPU.Build.0 = Debug|Any CPU
		{5662A3EE-4F0D-4535-BF9C-CFC9DF78C308}.Release|Any CPU.ActiveCfg = Debug|Any CPU
		{5662A3EE-4F0D-4535-BF9C-CFC9DF78C308}.Release|Any CPU.Build.0 = Debug|Any CPU
		{44DC5330-BE2B-4EB4-A7EB-150BEDE69F6A}.Debug|Any CPU.ActiveCfg = Debug|Any CPU
		{44DC5330-BE2B-4EB4-A7EB-150BEDE69F6A}.Debug|Any CPU.Build.0 = Debug|Any CPU
		{44DC5330-BE2B-4EB4-A7EB-150BEDE69F6A}.Release|Any CPU.ActiveCfg = Release|Any CPU
		{44DC5330-BE2B-4EB4-A7EB-150BEDE69F6A}.Release|Any CPU.Build.0 = Release|Any CPU
		{9957BFDD-79A9-40E4-8B6F-35D56CB12CF3}.Debug|Any CPU.ActiveCfg = Debug|Any CPU
		{9957BFDD-79A9-40E4-8B6F-35D56CB12CF3}.Debug|Any CPU.Build.0 = Debug|Any CPU
		{9957BFDD-79A9-40E4-8B6F-35D56CB12CF3}.Release|Any CPU.ActiveCfg = Release|Any CPU
		{9957BFDD-79A9-40E4-8B6F-35D56CB12CF3}.Release|Any CPU.Build.0 = Release|Any CPU
		{7F568771-144D-4CC5-B858-D6ADEC2E2252}.Debug|Any CPU.ActiveCfg = Debug|Any CPU
		{7F568771-144D-4CC5-B858-D6ADEC2E2252}.Debug|Any CPU.Build.0 = Debug|Any CPU
		{7F568771-144D-4CC5-B858-D6ADEC2E2252}.Release|Any CPU.ActiveCfg = Release|Any CPU
		{7F568771-144D-4CC5-B858-D6ADEC2E2252}.Release|Any CPU.Build.0 = Release|Any CPU
		{3E3CD57C-E51D-4D51-9484-FD27EAAC6472}.Debug|Any CPU.ActiveCfg = Debug|Any CPU
		{3E3CD57C-E51D-4D51-9484-FD27EAAC6472}.Debug|Any CPU.Build.0 = Debug|Any CPU
		{3E3CD57C-E51D-4D51-9484-FD27EAAC6472}.Release|Any CPU.ActiveCfg = Release|Any CPU
		{3E3CD57C-E51D-4D51-9484-FD27EAAC6472}.Release|Any CPU.Build.0 = Release|Any CPU
		{567FE490-505F-4779-BA07-D736291F45A4}.Debug|Any CPU.ActiveCfg = Debug|Any CPU
		{567FE490-505F-4779-BA07-D736291F45A4}.Debug|Any CPU.Build.0 = Debug|Any CPU
		{567FE490-505F-4779-BA07-D736291F45A4}.Release|Any CPU.ActiveCfg = Release|Any CPU
		{567FE490-505F-4779-BA07-D736291F45A4}.Release|Any CPU.Build.0 = Release|Any CPU
		{C1437112-351A-49A8-AC6F-FE46B090AE8F}.Debug|Any CPU.ActiveCfg = Debug|Any CPU
		{C1437112-351A-49A8-AC6F-FE46B090AE8F}.Debug|Any CPU.Build.0 = Debug|Any CPU
		{C1437112-351A-49A8-AC6F-FE46B090AE8F}.Release|Any CPU.ActiveCfg = Release|Any CPU
		{C1437112-351A-49A8-AC6F-FE46B090AE8F}.Release|Any CPU.Build.0 = Release|Any CPU
		{07A37B0A-B52A-4C8D-924F-6AD6E64472A4}.Debug|Any CPU.ActiveCfg = Debug|Any CPU
		{07A37B0A-B52A-4C8D-924F-6AD6E64472A4}.Debug|Any CPU.Build.0 = Debug|Any CPU
		{07A37B0A-B52A-4C8D-924F-6AD6E64472A4}.Release|Any CPU.ActiveCfg = Release|Any CPU
		{07A37B0A-B52A-4C8D-924F-6AD6E64472A4}.Release|Any CPU.Build.0 = Release|Any CPU
		{85E14C2C-4439-4F66-9CC0-B1ECDCA77918}.Debug|Any CPU.ActiveCfg = Debug|Any CPU
		{85E14C2C-4439-4F66-9CC0-B1ECDCA77918}.Debug|Any CPU.Build.0 = Debug|Any CPU
		{85E14C2C-4439-4F66-9CC0-B1ECDCA77918}.Release|Any CPU.ActiveCfg = Release|Any CPU
		{85E14C2C-4439-4F66-9CC0-B1ECDCA77918}.Release|Any CPU.Build.0 = Release|Any CPU
		{CD10D74F-7E0C-4C64-A6E8-DA6A2592F5DA}.Debug|Any CPU.ActiveCfg = Debug|Any CPU
		{CD10D74F-7E0C-4C64-A6E8-DA6A2592F5DA}.Debug|Any CPU.Build.0 = Debug|Any CPU
		{CD10D74F-7E0C-4C64-A6E8-DA6A2592F5DA}.Release|Any CPU.ActiveCfg = Release|Any CPU
		{CD10D74F-7E0C-4C64-A6E8-DA6A2592F5DA}.Release|Any CPU.Build.0 = Release|Any CPU
		{CE0DD8A6-0D18-4CC9-B62B-1173287EA993}.Debug|Any CPU.ActiveCfg = Debug|Any CPU
		{CE0DD8A6-0D18-4CC9-B62B-1173287EA993}.Debug|Any CPU.Build.0 = Debug|Any CPU
		{CE0DD8A6-0D18-4CC9-B62B-1173287EA993}.Release|Any CPU.ActiveCfg = Release|Any CPU
		{CE0DD8A6-0D18-4CC9-B62B-1173287EA993}.Release|Any CPU.Build.0 = Release|Any CPU
		{2F343CE7-8C8C-44D5-BE53-9F05A76684D1}.Debug|Any CPU.ActiveCfg = Debug|Any CPU
		{2F343CE7-8C8C-44D5-BE53-9F05A76684D1}.Debug|Any CPU.Build.0 = Debug|Any CPU
		{2F343CE7-8C8C-44D5-BE53-9F05A76684D1}.Release|Any CPU.ActiveCfg = Release|Any CPU
		{2F343CE7-8C8C-44D5-BE53-9F05A76684D1}.Release|Any CPU.Build.0 = Release|Any CPU
		{A6043AD1-BDB0-4133-993D-D985F542029C}.Debug|Any CPU.ActiveCfg = Debug|Any CPU
		{A6043AD1-BDB0-4133-993D-D985F542029C}.Debug|Any CPU.Build.0 = Debug|Any CPU
		{A6043AD1-BDB0-4133-993D-D985F542029C}.Release|Any CPU.ActiveCfg = Release|Any CPU
		{A6043AD1-BDB0-4133-993D-D985F542029C}.Release|Any CPU.Build.0 = Release|Any CPU
		{BCCA63D0-A766-4E34-A9AD-E41A1F1E0A01}.Debug|Any CPU.ActiveCfg = Debug|Any CPU
		{BCCA63D0-A766-4E34-A9AD-E41A1F1E0A01}.Debug|Any CPU.Build.0 = Debug|Any CPU
		{BCCA63D0-A766-4E34-A9AD-E41A1F1E0A01}.Release|Any CPU.ActiveCfg = Release|Any CPU
		{BCCA63D0-A766-4E34-A9AD-E41A1F1E0A01}.Release|Any CPU.Build.0 = Release|Any CPU
		{190FB404-1EEA-4894-92D2-CFD9AA1CF002}.Debug|Any CPU.ActiveCfg = Debug|Any CPU
		{190FB404-1EEA-4894-92D2-CFD9AA1CF002}.Debug|Any CPU.Build.0 = Debug|Any CPU
		{190FB404-1EEA-4894-92D2-CFD9AA1CF002}.Release|Any CPU.ActiveCfg = Release|Any CPU
		{190FB404-1EEA-4894-92D2-CFD9AA1CF002}.Release|Any CPU.Build.0 = Release|Any CPU
		{20075C0A-19F2-43E6-9AB5-C058B579E6D1}.Debug|Any CPU.ActiveCfg = Debug|Any CPU
		{20075C0A-19F2-43E6-9AB5-C058B579E6D1}.Debug|Any CPU.Build.0 = Debug|Any CPU
		{20075C0A-19F2-43E6-9AB5-C058B579E6D1}.Release|Any CPU.ActiveCfg = Release|Any CPU
		{20075C0A-19F2-43E6-9AB5-C058B579E6D1}.Release|Any CPU.Build.0 = Release|Any CPU
		{E0423A49-C422-495E-9A53-5684A6C3D490}.Debug|Any CPU.ActiveCfg = Debug|Any CPU
		{E0423A49-C422-495E-9A53-5684A6C3D490}.Debug|Any CPU.Build.0 = Debug|Any CPU
		{E0423A49-C422-495E-9A53-5684A6C3D490}.Release|Any CPU.ActiveCfg = Release|Any CPU
		{E0423A49-C422-495E-9A53-5684A6C3D490}.Release|Any CPU.Build.0 = Release|Any CPU
		{220A8866-FF8B-41A5-8331-A6B0F392A3D7}.Debug|Any CPU.ActiveCfg = Debug|Any CPU
		{220A8866-FF8B-41A5-8331-A6B0F392A3D7}.Debug|Any CPU.Build.0 = Debug|Any CPU
		{220A8866-FF8B-41A5-8331-A6B0F392A3D7}.Release|Any CPU.ActiveCfg = Release|Any CPU
		{220A8866-FF8B-41A5-8331-A6B0F392A3D7}.Release|Any CPU.Build.0 = Release|Any CPU
		{96E89A50-0E4E-4E00-B938-2EC50D49CE4B}.Debug|Any CPU.ActiveCfg = Debug|Any CPU
		{96E89A50-0E4E-4E00-B938-2EC50D49CE4B}.Debug|Any CPU.Build.0 = Debug|Any CPU
		{96E89A50-0E4E-4E00-B938-2EC50D49CE4B}.Release|Any CPU.ActiveCfg = Release|Any CPU
		{96E89A50-0E4E-4E00-B938-2EC50D49CE4B}.Release|Any CPU.Build.0 = Release|Any CPU
		{C7599389-26AF-47B0-B4C8-FE1F6A008253}.Debug|Any CPU.ActiveCfg = Debug|Any CPU
		{C7599389-26AF-47B0-B4C8-FE1F6A008253}.Debug|Any CPU.Build.0 = Debug|Any CPU
		{C7599389-26AF-47B0-B4C8-FE1F6A008253}.Release|Any CPU.ActiveCfg = Release|Any CPU
		{C7599389-26AF-47B0-B4C8-FE1F6A008253}.Release|Any CPU.Build.0 = Release|Any CPU
		{963622EC-45B6-4972-AA80-28170499D821}.Debug|Any CPU.ActiveCfg = Debug|Any CPU
		{963622EC-45B6-4972-AA80-28170499D821}.Debug|Any CPU.Build.0 = Debug|Any CPU
		{963622EC-45B6-4972-AA80-28170499D821}.Release|Any CPU.ActiveCfg = Release|Any CPU
		{963622EC-45B6-4972-AA80-28170499D821}.Release|Any CPU.Build.0 = Release|Any CPU
		{47FBCD9B-E949-4F93-B4A2-3A8EC798F36E}.Debug|Any CPU.ActiveCfg = Debug|Any CPU
		{47FBCD9B-E949-4F93-B4A2-3A8EC798F36E}.Debug|Any CPU.Build.0 = Debug|Any CPU
		{47FBCD9B-E949-4F93-B4A2-3A8EC798F36E}.Release|Any CPU.ActiveCfg = Release|Any CPU
		{47FBCD9B-E949-4F93-B4A2-3A8EC798F36E}.Release|Any CPU.Build.0 = Release|Any CPU
		{874298C9-06D7-4864-ACA8-DAE7FACE388B}.Debug|Any CPU.ActiveCfg = Debug|Any CPU
		{874298C9-06D7-4864-ACA8-DAE7FACE388B}.Debug|Any CPU.Build.0 = Debug|Any CPU
		{874298C9-06D7-4864-ACA8-DAE7FACE388B}.Release|Any CPU.ActiveCfg = Release|Any CPU
		{874298C9-06D7-4864-ACA8-DAE7FACE388B}.Release|Any CPU.Build.0 = Release|Any CPU
		{220A238E-A831-4977-84BC-9A745D88A941}.Debug|Any CPU.ActiveCfg = Debug|Any CPU
		{220A238E-A831-4977-84BC-9A745D88A941}.Debug|Any CPU.Build.0 = Debug|Any CPU
		{220A238E-A831-4977-84BC-9A745D88A941}.Release|Any CPU.ActiveCfg = Release|Any CPU
		{220A238E-A831-4977-84BC-9A745D88A941}.Release|Any CPU.Build.0 = Release|Any CPU
		{11521708-9731-4F1F-B68F-006962C96BBC}.Debug|Any CPU.ActiveCfg = Debug|Any CPU
		{11521708-9731-4F1F-B68F-006962C96BBC}.Debug|Any CPU.Build.0 = Debug|Any CPU
		{11521708-9731-4F1F-B68F-006962C96BBC}.Release|Any CPU.ActiveCfg = Release|Any CPU
		{11521708-9731-4F1F-B68F-006962C96BBC}.Release|Any CPU.Build.0 = Release|Any CPU
		{EBA1AF23-5AA9-4A40-B1F5-9AF6B63CC637}.Debug|Any CPU.ActiveCfg = Debug|Any CPU
		{EBA1AF23-5AA9-4A40-B1F5-9AF6B63CC637}.Debug|Any CPU.Build.0 = Debug|Any CPU
		{EBA1AF23-5AA9-4A40-B1F5-9AF6B63CC637}.Release|Any CPU.ActiveCfg = Release|Any CPU
		{EBA1AF23-5AA9-4A40-B1F5-9AF6B63CC637}.Release|Any CPU.Build.0 = Release|Any CPU
		{7DCFFB24-8749-4F14-B729-9F2D6168ED70}.Debug|Any CPU.ActiveCfg = Debug|Any CPU
		{7DCFFB24-8749-4F14-B729-9F2D6168ED70}.Debug|Any CPU.Build.0 = Debug|Any CPU
		{7DCFFB24-8749-4F14-B729-9F2D6168ED70}.Release|Any CPU.ActiveCfg = Release|Any CPU
		{7DCFFB24-8749-4F14-B729-9F2D6168ED70}.Release|Any CPU.Build.0 = Release|Any CPU
		{9C4FD8E3-143C-4F48-AD5F-38E713A3D809}.Debug|Any CPU.ActiveCfg = Debug|Any CPU
		{9C4FD8E3-143C-4F48-AD5F-38E713A3D809}.Debug|Any CPU.Build.0 = Debug|Any CPU
		{9C4FD8E3-143C-4F48-AD5F-38E713A3D809}.Release|Any CPU.ActiveCfg = Release|Any CPU
		{9C4FD8E3-143C-4F48-AD5F-38E713A3D809}.Release|Any CPU.Build.0 = Release|Any CPU
		{89442F30-2622-45E5-BCFC-D13F6F2581C3}.Debug|Any CPU.ActiveCfg = Debug|Any CPU
		{89442F30-2622-45E5-BCFC-D13F6F2581C3}.Debug|Any CPU.Build.0 = Debug|Any CPU
		{89442F30-2622-45E5-BCFC-D13F6F2581C3}.Release|Any CPU.ActiveCfg = Release|Any CPU
		{89442F30-2622-45E5-BCFC-D13F6F2581C3}.Release|Any CPU.Build.0 = Release|Any CPU
		{3673C6CB-CB6B-460C-8F33-87D7CF6D48DB}.Debug|Any CPU.ActiveCfg = Debug|Any CPU
		{3673C6CB-CB6B-460C-8F33-87D7CF6D48DB}.Debug|Any CPU.Build.0 = Debug|Any CPU
		{3673C6CB-CB6B-460C-8F33-87D7CF6D48DB}.Release|Any CPU.ActiveCfg = Release|Any CPU
		{3673C6CB-CB6B-460C-8F33-87D7CF6D48DB}.Release|Any CPU.Build.0 = Release|Any CPU
		{6B11D073-7C34-4E28-BF63-46218B76870A}.Debug|Any CPU.ActiveCfg = Debug|Any CPU
		{6B11D073-7C34-4E28-BF63-46218B76870A}.Debug|Any CPU.Build.0 = Debug|Any CPU
		{6B11D073-7C34-4E28-BF63-46218B76870A}.Release|Any CPU.ActiveCfg = Release|Any CPU
		{6B11D073-7C34-4E28-BF63-46218B76870A}.Release|Any CPU.Build.0 = Release|Any CPU
		{221AE436-BBF1-4ED2-B5AB-6EF0E90A1585}.Debug|Any CPU.ActiveCfg = Debug|Any CPU
		{221AE436-BBF1-4ED2-B5AB-6EF0E90A1585}.Debug|Any CPU.Build.0 = Debug|Any CPU
		{221AE436-BBF1-4ED2-B5AB-6EF0E90A1585}.Release|Any CPU.ActiveCfg = Release|Any CPU
		{221AE436-BBF1-4ED2-B5AB-6EF0E90A1585}.Release|Any CPU.Build.0 = Release|Any CPU
		{5200B780-09B6-4F0B-A89A-D3575556ACCC}.Debug|Any CPU.ActiveCfg = Debug|Any CPU
		{5200B780-09B6-4F0B-A89A-D3575556ACCC}.Debug|Any CPU.Build.0 = Debug|Any CPU
		{5200B780-09B6-4F0B-A89A-D3575556ACCC}.Release|Any CPU.ActiveCfg = Release|Any CPU
		{5200B780-09B6-4F0B-A89A-D3575556ACCC}.Release|Any CPU.Build.0 = Release|Any CPU
		{A0069412-2B05-42EA-9430-6BAF6DAEB2AA}.Debug|Any CPU.ActiveCfg = Debug|Any CPU
		{A0069412-2B05-42EA-9430-6BAF6DAEB2AA}.Debug|Any CPU.Build.0 = Debug|Any CPU
		{A0069412-2B05-42EA-9430-6BAF6DAEB2AA}.Release|Any CPU.ActiveCfg = Release|Any CPU
		{A0069412-2B05-42EA-9430-6BAF6DAEB2AA}.Release|Any CPU.Build.0 = Release|Any CPU
		{DF1796D2-4089-483C-BB33-A106F2C00814}.Debug|Any CPU.ActiveCfg = Debug|Any CPU
		{DF1796D2-4089-483C-BB33-A106F2C00814}.Debug|Any CPU.Build.0 = Debug|Any CPU
		{DF1796D2-4089-483C-BB33-A106F2C00814}.Release|Any CPU.ActiveCfg = Release|Any CPU
		{DF1796D2-4089-483C-BB33-A106F2C00814}.Release|Any CPU.Build.0 = Release|Any CPU
		{313ABFC6-44D8-4065-AF96-666D528B1789}.Debug|Any CPU.ActiveCfg = Debug|Any CPU
		{313ABFC6-44D8-4065-AF96-666D528B1789}.Debug|Any CPU.Build.0 = Debug|Any CPU
		{313ABFC6-44D8-4065-AF96-666D528B1789}.Release|Any CPU.ActiveCfg = Release|Any CPU
		{313ABFC6-44D8-4065-AF96-666D528B1789}.Release|Any CPU.Build.0 = Release|Any CPU
		{C77EB281-CA44-48E7-B44B-A8A2061E0760}.Debug|Any CPU.ActiveCfg = Debug|Any CPU
		{C77EB281-CA44-48E7-B44B-A8A2061E0760}.Debug|Any CPU.Build.0 = Debug|Any CPU
		{C77EB281-CA44-48E7-B44B-A8A2061E0760}.Release|Any CPU.ActiveCfg = Release|Any CPU
		{C77EB281-CA44-48E7-B44B-A8A2061E0760}.Release|Any CPU.Build.0 = Release|Any CPU
		{E2410334-1DA8-428D-BB09-4191099D8492}.Debug|Any CPU.ActiveCfg = Debug|Any CPU
		{E2410334-1DA8-428D-BB09-4191099D8492}.Debug|Any CPU.Build.0 = Debug|Any CPU
		{E2410334-1DA8-428D-BB09-4191099D8492}.Release|Any CPU.ActiveCfg = Release|Any CPU
		{E2410334-1DA8-428D-BB09-4191099D8492}.Release|Any CPU.Build.0 = Release|Any CPU
		{5CEFA069-4AE3-452E-A4A2-C8F2C2D5C92D}.Debug|Any CPU.ActiveCfg = Debug|Any CPU
		{5CEFA069-4AE3-452E-A4A2-C8F2C2D5C92D}.Debug|Any CPU.Build.0 = Debug|Any CPU
		{5CEFA069-4AE3-452E-A4A2-C8F2C2D5C92D}.Release|Any CPU.ActiveCfg = Release|Any CPU
		{5CEFA069-4AE3-452E-A4A2-C8F2C2D5C92D}.Release|Any CPU.Build.0 = Release|Any CPU
		{0758E734-C9D6-477B-8967-91A9D61014FC}.Debug|Any CPU.ActiveCfg = Debug|Any CPU
		{0758E734-C9D6-477B-8967-91A9D61014FC}.Debug|Any CPU.Build.0 = Debug|Any CPU
		{0758E734-C9D6-477B-8967-91A9D61014FC}.Release|Any CPU.ActiveCfg = Release|Any CPU
		{0758E734-C9D6-477B-8967-91A9D61014FC}.Release|Any CPU.Build.0 = Release|Any CPU
		{F59226AF-7538-47DE-AE0E-55B8F1031DA7}.Debug|Any CPU.ActiveCfg = Debug|Any CPU
		{F59226AF-7538-47DE-AE0E-55B8F1031DA7}.Debug|Any CPU.Build.0 = Debug|Any CPU
		{F59226AF-7538-47DE-AE0E-55B8F1031DA7}.Release|Any CPU.ActiveCfg = Release|Any CPU
		{F59226AF-7538-47DE-AE0E-55B8F1031DA7}.Release|Any CPU.Build.0 = Release|Any CPU
		{E351862B-2F2E-4C6E-B69C-AAEF9B249654}.Debug|Any CPU.ActiveCfg = Debug|Any CPU
		{E351862B-2F2E-4C6E-B69C-AAEF9B249654}.Debug|Any CPU.Build.0 = Debug|Any CPU
		{E351862B-2F2E-4C6E-B69C-AAEF9B249654}.Release|Any CPU.ActiveCfg = Release|Any CPU
		{E351862B-2F2E-4C6E-B69C-AAEF9B249654}.Release|Any CPU.Build.0 = Release|Any CPU
		{946EBEC5-A621-4149-BDCD-FBAA73241118}.Debug|Any CPU.ActiveCfg = Debug|Any CPU
		{946EBEC5-A621-4149-BDCD-FBAA73241118}.Debug|Any CPU.Build.0 = Debug|Any CPU
		{946EBEC5-A621-4149-BDCD-FBAA73241118}.Release|Any CPU.ActiveCfg = Release|Any CPU
		{946EBEC5-A621-4149-BDCD-FBAA73241118}.Release|Any CPU.Build.0 = Release|Any CPU
		{ECA797A4-FD2E-429A-9DFE-4D8E6FB40E06}.Debug|Any CPU.ActiveCfg = Debug|Any CPU
		{ECA797A4-FD2E-429A-9DFE-4D8E6FB40E06}.Debug|Any CPU.Build.0 = Debug|Any CPU
		{ECA797A4-FD2E-429A-9DFE-4D8E6FB40E06}.Release|Any CPU.ActiveCfg = Release|Any CPU
		{ECA797A4-FD2E-429A-9DFE-4D8E6FB40E06}.Release|Any CPU.Build.0 = Release|Any CPU
		{19C3F167-EFF8-41A4-BFAF-3C5BF4793456}.Debug|Any CPU.ActiveCfg = Debug|Any CPU
		{19C3F167-EFF8-41A4-BFAF-3C5BF4793456}.Debug|Any CPU.Build.0 = Debug|Any CPU
		{19C3F167-EFF8-41A4-BFAF-3C5BF4793456}.Release|Any CPU.ActiveCfg = Release|Any CPU
		{19C3F167-EFF8-41A4-BFAF-3C5BF4793456}.Release|Any CPU.Build.0 = Release|Any CPU
		{16F263C0-92C3-45E1-BD29-382CC1756676}.Debug|Any CPU.ActiveCfg = Debug|Any CPU
		{16F263C0-92C3-45E1-BD29-382CC1756676}.Debug|Any CPU.Build.0 = Debug|Any CPU
		{16F263C0-92C3-45E1-BD29-382CC1756676}.Release|Any CPU.ActiveCfg = Release|Any CPU
		{16F263C0-92C3-45E1-BD29-382CC1756676}.Release|Any CPU.Build.0 = Release|Any CPU
		{EC1BE2ED-B177-46A4-A504-D78B0E0103F7}.Debug|Any CPU.ActiveCfg = Debug|Any CPU
		{EC1BE2ED-B177-46A4-A504-D78B0E0103F7}.Debug|Any CPU.Build.0 = Debug|Any CPU
		{EC1BE2ED-B177-46A4-A504-D78B0E0103F7}.Release|Any CPU.ActiveCfg = Release|Any CPU
		{EC1BE2ED-B177-46A4-A504-D78B0E0103F7}.Release|Any CPU.Build.0 = Release|Any CPU
		{FA8C5ADF-DBA4-4174-A9DC-DEEB1FECDA8F}.Debug|Any CPU.ActiveCfg = Debug|Any CPU
		{FA8C5ADF-DBA4-4174-A9DC-DEEB1FECDA8F}.Debug|Any CPU.Build.0 = Debug|Any CPU
		{FA8C5ADF-DBA4-4174-A9DC-DEEB1FECDA8F}.Release|Any CPU.ActiveCfg = Release|Any CPU
		{FA8C5ADF-DBA4-4174-A9DC-DEEB1FECDA8F}.Release|Any CPU.Build.0 = Release|Any CPU
		{2644275C-4A35-48DB-966F-EBC53A7F8588}.Debug|Any CPU.ActiveCfg = Debug|Any CPU
		{2644275C-4A35-48DB-966F-EBC53A7F8588}.Debug|Any CPU.Build.0 = Debug|Any CPU
		{2644275C-4A35-48DB-966F-EBC53A7F8588}.Release|Any CPU.ActiveCfg = Release|Any CPU
		{2644275C-4A35-48DB-966F-EBC53A7F8588}.Release|Any CPU.Build.0 = Release|Any CPU
		{0A162889-1604-463C-A970-E5F83B7B11D2}.Debug|Any CPU.ActiveCfg = Debug|Any CPU
		{0A162889-1604-463C-A970-E5F83B7B11D2}.Debug|Any CPU.Build.0 = Debug|Any CPU
		{0A162889-1604-463C-A970-E5F83B7B11D2}.Release|Any CPU.ActiveCfg = Release|Any CPU
		{0A162889-1604-463C-A970-E5F83B7B11D2}.Release|Any CPU.Build.0 = Release|Any CPU
		{19073A37-D52D-46FD-9876-B09A127AAF00}.Debug|Any CPU.ActiveCfg = Debug|Any CPU
		{19073A37-D52D-46FD-9876-B09A127AAF00}.Debug|Any CPU.Build.0 = Debug|Any CPU
		{19073A37-D52D-46FD-9876-B09A127AAF00}.Release|Any CPU.ActiveCfg = Release|Any CPU
		{19073A37-D52D-46FD-9876-B09A127AAF00}.Release|Any CPU.Build.0 = Release|Any CPU
		{4A9AD1F8-B27B-4BED-90B7-E8D7EDB2FC6E}.Debug|Any CPU.ActiveCfg = Debug|Any CPU
		{4A9AD1F8-B27B-4BED-90B7-E8D7EDB2FC6E}.Debug|Any CPU.Build.0 = Debug|Any CPU
		{4A9AD1F8-B27B-4BED-90B7-E8D7EDB2FC6E}.Release|Any CPU.ActiveCfg = Release|Any CPU
		{4A9AD1F8-B27B-4BED-90B7-E8D7EDB2FC6E}.Release|Any CPU.Build.0 = Release|Any CPU
		{B06D2AD1-A1BD-4886-AECA-90CE787AA20A}.Debug|Any CPU.ActiveCfg = Debug|Any CPU
		{B06D2AD1-A1BD-4886-AECA-90CE787AA20A}.Debug|Any CPU.Build.0 = Debug|Any CPU
		{B06D2AD1-A1BD-4886-AECA-90CE787AA20A}.Release|Any CPU.ActiveCfg = Release|Any CPU
		{B06D2AD1-A1BD-4886-AECA-90CE787AA20A}.Release|Any CPU.Build.0 = Release|Any CPU
		{9305C1C6-8201-4F59-B826-466CEA7706DF}.Debug|Any CPU.ActiveCfg = Debug|Any CPU
		{9305C1C6-8201-4F59-B826-466CEA7706DF}.Debug|Any CPU.Build.0 = Debug|Any CPU
		{9305C1C6-8201-4F59-B826-466CEA7706DF}.Release|Any CPU.ActiveCfg = Release|Any CPU
		{9305C1C6-8201-4F59-B826-466CEA7706DF}.Release|Any CPU.Build.0 = Release|Any CPU
		{81BF8B44-9513-48E7-A6CB-5B78DC832356}.Debug|Any CPU.ActiveCfg = Debug|Any CPU
		{81BF8B44-9513-48E7-A6CB-5B78DC832356}.Debug|Any CPU.Build.0 = Debug|Any CPU
		{81BF8B44-9513-48E7-A6CB-5B78DC832356}.Release|Any CPU.ActiveCfg = Release|Any CPU
		{81BF8B44-9513-48E7-A6CB-5B78DC832356}.Release|Any CPU.Build.0 = Release|Any CPU
		{80AEDC24-2843-4C41-8091-745FDC011142}.Debug|Any CPU.ActiveCfg = Debug|Any CPU
		{80AEDC24-2843-4C41-8091-745FDC011142}.Debug|Any CPU.Build.0 = Debug|Any CPU
		{80AEDC24-2843-4C41-8091-745FDC011142}.Release|Any CPU.ActiveCfg = Release|Any CPU
		{80AEDC24-2843-4C41-8091-745FDC011142}.Release|Any CPU.Build.0 = Release|Any CPU
		{94DDC3B5-B0C1-4315-AE05-95F8A7A32934}.Debug|Any CPU.ActiveCfg = Debug|Any CPU
		{94DDC3B5-B0C1-4315-AE05-95F8A7A32934}.Debug|Any CPU.Build.0 = Debug|Any CPU
		{94DDC3B5-B0C1-4315-AE05-95F8A7A32934}.Release|Any CPU.ActiveCfg = Release|Any CPU
		{94DDC3B5-B0C1-4315-AE05-95F8A7A32934}.Release|Any CPU.Build.0 = Release|Any CPU
		{53D4C6C0-A673-4D5D-BBA1-8AB2624C2C1B}.Debug|Any CPU.ActiveCfg = Debug|Any CPU
		{53D4C6C0-A673-4D5D-BBA1-8AB2624C2C1B}.Debug|Any CPU.Build.0 = Debug|Any CPU
		{53D4C6C0-A673-4D5D-BBA1-8AB2624C2C1B}.Release|Any CPU.ActiveCfg = Release|Any CPU
		{53D4C6C0-A673-4D5D-BBA1-8AB2624C2C1B}.Release|Any CPU.Build.0 = Release|Any CPU
		{29723A15-FDA5-41E8-BACD-7B092F06F0F7}.Debug|Any CPU.ActiveCfg = Debug|Any CPU
		{29723A15-FDA5-41E8-BACD-7B092F06F0F7}.Debug|Any CPU.Build.0 = Debug|Any CPU
		{29723A15-FDA5-41E8-BACD-7B092F06F0F7}.Release|Any CPU.ActiveCfg = Release|Any CPU
		{29723A15-FDA5-41E8-BACD-7B092F06F0F7}.Release|Any CPU.Build.0 = Release|Any CPU
		{08642911-30D7-471D-94B5-1344655F9D61}.Debug|Any CPU.ActiveCfg = Debug|Any CPU
		{08642911-30D7-471D-94B5-1344655F9D61}.Debug|Any CPU.Build.0 = Debug|Any CPU
		{08642911-30D7-471D-94B5-1344655F9D61}.Release|Any CPU.ActiveCfg = Release|Any CPU
		{08642911-30D7-471D-94B5-1344655F9D61}.Release|Any CPU.Build.0 = Release|Any CPU
		{FB6FA041-AF14-40D1-9C80-77467BF91F8A}.Debug|Any CPU.ActiveCfg = Debug|Any CPU
		{FB6FA041-AF14-40D1-9C80-77467BF91F8A}.Debug|Any CPU.Build.0 = Debug|Any CPU
		{FB6FA041-AF14-40D1-9C80-77467BF91F8A}.Release|Any CPU.ActiveCfg = Release|Any CPU
		{FB6FA041-AF14-40D1-9C80-77467BF91F8A}.Release|Any CPU.Build.0 = Release|Any CPU
		{84644FCC-DDD0-4032-83D8-EA36ADDF5139}.Debug|Any CPU.ActiveCfg = Debug|Any CPU
		{84644FCC-DDD0-4032-83D8-EA36ADDF5139}.Debug|Any CPU.Build.0 = Debug|Any CPU
		{84644FCC-DDD0-4032-83D8-EA36ADDF5139}.Release|Any CPU.ActiveCfg = Release|Any CPU
		{84644FCC-DDD0-4032-83D8-EA36ADDF5139}.Release|Any CPU.Build.0 = Release|Any CPU
		{B697F134-B415-46D5-A999-267599107AF1}.Debug|Any CPU.ActiveCfg = Debug|Any CPU
		{B697F134-B415-46D5-A999-267599107AF1}.Debug|Any CPU.Build.0 = Debug|Any CPU
		{B697F134-B415-46D5-A999-267599107AF1}.Release|Any CPU.ActiveCfg = Release|Any CPU
		{B697F134-B415-46D5-A999-267599107AF1}.Release|Any CPU.Build.0 = Release|Any CPU
		{F873A501-8FBE-4A15-9DD4-B12352209FC0}.Debug|Any CPU.ActiveCfg = Debug|Any CPU
		{F873A501-8FBE-4A15-9DD4-B12352209FC0}.Debug|Any CPU.Build.0 = Debug|Any CPU
		{F873A501-8FBE-4A15-9DD4-B12352209FC0}.Release|Any CPU.ActiveCfg = Release|Any CPU
		{F873A501-8FBE-4A15-9DD4-B12352209FC0}.Release|Any CPU.Build.0 = Release|Any CPU
		{C5EB4FA7-8E3E-43D5-990E-1163B5411755}.Debug|Any CPU.ActiveCfg = Debug|Any CPU
		{C5EB4FA7-8E3E-43D5-990E-1163B5411755}.Debug|Any CPU.Build.0 = Debug|Any CPU
		{C5EB4FA7-8E3E-43D5-990E-1163B5411755}.Release|Any CPU.ActiveCfg = Release|Any CPU
		{C5EB4FA7-8E3E-43D5-990E-1163B5411755}.Release|Any CPU.Build.0 = Release|Any CPU
		{6877A9DF-754C-4250-96B6-E0CF45BF952E}.Debug|Any CPU.ActiveCfg = Debug|Any CPU
		{6877A9DF-754C-4250-96B6-E0CF45BF952E}.Debug|Any CPU.Build.0 = Debug|Any CPU
		{6877A9DF-754C-4250-96B6-E0CF45BF952E}.Release|Any CPU.ActiveCfg = Release|Any CPU
		{6877A9DF-754C-4250-96B6-E0CF45BF952E}.Release|Any CPU.Build.0 = Release|Any CPU
		{0A4DA771-E71D-4008-B221-9C1AD53C6D3A}.Debug|Any CPU.ActiveCfg = Debug|Any CPU
		{0A4DA771-E71D-4008-B221-9C1AD53C6D3A}.Debug|Any CPU.Build.0 = Debug|Any CPU
		{0A4DA771-E71D-4008-B221-9C1AD53C6D3A}.Release|Any CPU.ActiveCfg = Release|Any CPU
		{0A4DA771-E71D-4008-B221-9C1AD53C6D3A}.Release|Any CPU.Build.0 = Release|Any CPU
		{CFE23408-72B8-400E-811C-6964F53E2EF8}.Debug|Any CPU.ActiveCfg = Debug|Any CPU
		{CFE23408-72B8-400E-811C-6964F53E2EF8}.Debug|Any CPU.Build.0 = Debug|Any CPU
		{CFE23408-72B8-400E-811C-6964F53E2EF8}.Release|Any CPU.ActiveCfg = Release|Any CPU
		{CFE23408-72B8-400E-811C-6964F53E2EF8}.Release|Any CPU.Build.0 = Release|Any CPU
		{40896638-8304-4861-98B3-54D5AB8603D6}.Debug|Any CPU.ActiveCfg = Debug|Any CPU
		{40896638-8304-4861-98B3-54D5AB8603D6}.Debug|Any CPU.Build.0 = Debug|Any CPU
		{40896638-8304-4861-98B3-54D5AB8603D6}.Release|Any CPU.ActiveCfg = Release|Any CPU
		{40896638-8304-4861-98B3-54D5AB8603D6}.Release|Any CPU.Build.0 = Release|Any CPU
		{B3EE3C17-8647-4E48-89A9-61BF4D1D72C6}.Debug|Any CPU.ActiveCfg = Debug|Any CPU
		{B3EE3C17-8647-4E48-89A9-61BF4D1D72C6}.Debug|Any CPU.Build.0 = Debug|Any CPU
		{B3EE3C17-8647-4E48-89A9-61BF4D1D72C6}.Release|Any CPU.ActiveCfg = Release|Any CPU
		{B3EE3C17-8647-4E48-89A9-61BF4D1D72C6}.Release|Any CPU.Build.0 = Release|Any CPU
		{103D785F-5479-4E12-BC71-715C717C538D}.Debug|Any CPU.ActiveCfg = Debug|Any CPU
		{103D785F-5479-4E12-BC71-715C717C538D}.Debug|Any CPU.Build.0 = Debug|Any CPU
		{103D785F-5479-4E12-BC71-715C717C538D}.Release|Any CPU.ActiveCfg = Release|Any CPU
		{103D785F-5479-4E12-BC71-715C717C538D}.Release|Any CPU.Build.0 = Release|Any CPU
		{4A531954-464B-4908-8D07-C223559AB3FA}.Debug|Any CPU.ActiveCfg = Debug|Any CPU
		{4A531954-464B-4908-8D07-C223559AB3FA}.Debug|Any CPU.Build.0 = Debug|Any CPU
		{4A531954-464B-4908-8D07-C223559AB3FA}.Release|Any CPU.ActiveCfg = Release|Any CPU
		{4A531954-464B-4908-8D07-C223559AB3FA}.Release|Any CPU.Build.0 = Release|Any CPU
		{439A474D-FF4C-41FB-80F7-70D4667A79EC}.Debug|Any CPU.ActiveCfg = Debug|Any CPU
		{439A474D-FF4C-41FB-80F7-70D4667A79EC}.Debug|Any CPU.Build.0 = Debug|Any CPU
		{439A474D-FF4C-41FB-80F7-70D4667A79EC}.Release|Any CPU.ActiveCfg = Release|Any CPU
		{439A474D-FF4C-41FB-80F7-70D4667A79EC}.Release|Any CPU.Build.0 = Release|Any CPU
		{7D05075F-180A-401A-851A-29476931976F}.Debug|Any CPU.ActiveCfg = Debug|Any CPU
		{7D05075F-180A-401A-851A-29476931976F}.Debug|Any CPU.Build.0 = Debug|Any CPU
		{7D05075F-180A-401A-851A-29476931976F}.Release|Any CPU.ActiveCfg = Release|Any CPU
		{7D05075F-180A-401A-851A-29476931976F}.Release|Any CPU.Build.0 = Release|Any CPU
		{434D1083-B843-4D9B-A6EF-AEA18FCB9C4D}.Debug|Any CPU.ActiveCfg = Debug|Any CPU
		{434D1083-B843-4D9B-A6EF-AEA18FCB9C4D}.Debug|Any CPU.Build.0 = Debug|Any CPU
		{434D1083-B843-4D9B-A6EF-AEA18FCB9C4D}.Release|Any CPU.ActiveCfg = Release|Any CPU
		{434D1083-B843-4D9B-A6EF-AEA18FCB9C4D}.Release|Any CPU.Build.0 = Release|Any CPU
		{318F5AB4-334F-4586-BED0-8743A64AAC41}.Debug|Any CPU.ActiveCfg = Debug|Any CPU
		{318F5AB4-334F-4586-BED0-8743A64AAC41}.Debug|Any CPU.Build.0 = Debug|Any CPU
		{318F5AB4-334F-4586-BED0-8743A64AAC41}.Release|Any CPU.ActiveCfg = Release|Any CPU
		{318F5AB4-334F-4586-BED0-8743A64AAC41}.Release|Any CPU.Build.0 = Release|Any CPU
		{6DC6E630-497B-40D8-8B26-C68AA9772860}.Debug|Any CPU.ActiveCfg = Debug|Any CPU
		{6DC6E630-497B-40D8-8B26-C68AA9772860}.Debug|Any CPU.Build.0 = Debug|Any CPU
		{6DC6E630-497B-40D8-8B26-C68AA9772860}.Release|Any CPU.ActiveCfg = Release|Any CPU
		{6DC6E630-497B-40D8-8B26-C68AA9772860}.Release|Any CPU.Build.0 = Release|Any CPU
		{C776F965-AE60-446D-BC52-F5F7C7E0AC39}.Debug|Any CPU.ActiveCfg = Debug|Any CPU
		{C776F965-AE60-446D-BC52-F5F7C7E0AC39}.Debug|Any CPU.Build.0 = Debug|Any CPU
		{C776F965-AE60-446D-BC52-F5F7C7E0AC39}.Release|Any CPU.ActiveCfg = Release|Any CPU
		{C776F965-AE60-446D-BC52-F5F7C7E0AC39}.Release|Any CPU.Build.0 = Release|Any CPU
		{E520B20A-9515-4591-932F-D562E65005B2}.Debug|Any CPU.ActiveCfg = Debug|Any CPU
		{E520B20A-9515-4591-932F-D562E65005B2}.Debug|Any CPU.Build.0 = Debug|Any CPU
		{E520B20A-9515-4591-932F-D562E65005B2}.Release|Any CPU.ActiveCfg = Release|Any CPU
		{E520B20A-9515-4591-932F-D562E65005B2}.Release|Any CPU.Build.0 = Release|Any CPU
		{2381F273-458B-40BE-A13E-F8B867C93670}.Debug|Any CPU.ActiveCfg = Debug|Any CPU
		{2381F273-458B-40BE-A13E-F8B867C93670}.Debug|Any CPU.Build.0 = Debug|Any CPU
		{2381F273-458B-40BE-A13E-F8B867C93670}.Release|Any CPU.ActiveCfg = Release|Any CPU
		{2381F273-458B-40BE-A13E-F8B867C93670}.Release|Any CPU.Build.0 = Release|Any CPU
		{E82CA46E-1FF7-443A-A341-9EEBB3C6ED50}.Debug|Any CPU.ActiveCfg = Debug|Any CPU
		{E82CA46E-1FF7-443A-A341-9EEBB3C6ED50}.Debug|Any CPU.Build.0 = Debug|Any CPU
		{E82CA46E-1FF7-443A-A341-9EEBB3C6ED50}.Release|Any CPU.ActiveCfg = Release|Any CPU
		{E82CA46E-1FF7-443A-A341-9EEBB3C6ED50}.Release|Any CPU.Build.0 = Release|Any CPU
		{05B3E91F-08DF-4BFB-90D6-40CB1707CDC7}.Debug|Any CPU.ActiveCfg = Debug|Any CPU
		{05B3E91F-08DF-4BFB-90D6-40CB1707CDC7}.Debug|Any CPU.Build.0 = Debug|Any CPU
		{05B3E91F-08DF-4BFB-90D6-40CB1707CDC7}.Release|Any CPU.ActiveCfg = Release|Any CPU
		{05B3E91F-08DF-4BFB-90D6-40CB1707CDC7}.Release|Any CPU.Build.0 = Release|Any CPU
		{F84111F7-A266-4580-BFCC-BCB3D10644B4}.Debug|Any CPU.ActiveCfg = Debug|Any CPU
		{F84111F7-A266-4580-BFCC-BCB3D10644B4}.Debug|Any CPU.Build.0 = Debug|Any CPU
		{F84111F7-A266-4580-BFCC-BCB3D10644B4}.Release|Any CPU.ActiveCfg = Release|Any CPU
		{F84111F7-A266-4580-BFCC-BCB3D10644B4}.Release|Any CPU.Build.0 = Release|Any CPU
		{45DE722A-6B67-4766-B7EC-2E56864DC324}.Debug|Any CPU.ActiveCfg = Debug|Any CPU
		{45DE722A-6B67-4766-B7EC-2E56864DC324}.Debug|Any CPU.Build.0 = Debug|Any CPU
		{45DE722A-6B67-4766-B7EC-2E56864DC324}.Release|Any CPU.ActiveCfg = Release|Any CPU
		{45DE722A-6B67-4766-B7EC-2E56864DC324}.Release|Any CPU.Build.0 = Release|Any CPU
	EndGlobalSection
	GlobalSection(SolutionProperties) = preSolution
		HideSolutionNode = FALSE
	EndGlobalSection
	GlobalSection(NestedProjects) = preSolution
		{29855D0A-9725-4A78-B2C3-497892FB9B4B} = {26B5D4A6-7B38-4796-998A-41D48E12344A}
		{8C2A5978-D4E5-47F2-8F09-8D86235AA071} = {26B5D4A6-7B38-4796-998A-41D48E12344A}
		{CC0308C7-3F53-492C-832C-96645AF36645} = {26B5D4A6-7B38-4796-998A-41D48E12344A}
		{BD347F8C-63E1-40A2-B148-C6E4560B39B4} = {26B5D4A6-7B38-4796-998A-41D48E12344A}
		{60023F18-7920-4E42-B8C1-6E0487561B5F} = {26B5D4A6-7B38-4796-998A-41D48E12344A}
		{CF993698-D928-4EAB-804C-CC57D27E40FA} = {26B5D4A6-7B38-4796-998A-41D48E12344A}
		{2C5A6224-9332-4316-B818-A861DF048F23} = {26B5D4A6-7B38-4796-998A-41D48E12344A}
		{D6CB15C3-9186-4583-B598-F7F9808C3343} = {26B5D4A6-7B38-4796-998A-41D48E12344A}
		{0A8ABB15-C5F9-4459-87ED-BD9242254DBC} = {26B5D4A6-7B38-4796-998A-41D48E12344A}
		{A5BD9222-BC42-425B-825A-0AE7E25C2688} = {26B5D4A6-7B38-4796-998A-41D48E12344A}
		{35B96488-FB62-4FBD-AF8D-E93640896611} = {26B5D4A6-7B38-4796-998A-41D48E12344A}
		{0C4E273B-4F41-42EF-945B-A2B2B0839E22} = {26B5D4A6-7B38-4796-998A-41D48E12344A}
		{1B5915AD-1AE0-4D3F-B198-4CBA7F32569B} = {26B5D4A6-7B38-4796-998A-41D48E12344A}
		{8C67A14B-098F-42BA-9A27-74FE2150B17C} = {26B5D4A6-7B38-4796-998A-41D48E12344A}
		{668606F8-89CE-48F0-BE30-4420CC161FEF} = {26B5D4A6-7B38-4796-998A-41D48E12344A}
		{C299F9C4-3CEC-4EAA-B434-C4521EF958F9} = {26B5D4A6-7B38-4796-998A-41D48E12344A}
		{1AF05073-9C42-4773-8E8F-83E245D3CE51} = {26B5D4A6-7B38-4796-998A-41D48E12344A}
		{EC59679E-B190-4E55-BA2C-BA569896C97B} = {26B5D4A6-7B38-4796-998A-41D48E12344A}
		{AABF56DB-9BB1-4EA4-B1FA-D3DFA48F0BBA} = {26B5D4A6-7B38-4796-998A-41D48E12344A}
		{67F7B43F-42AD-4640-873D-90C8ACD9934D} = {26B5D4A6-7B38-4796-998A-41D48E12344A}
		{0B02F1DF-4D72-443A-BB45-FC4C69E8DEC8} = {26B5D4A6-7B38-4796-998A-41D48E12344A}
		{7B53B871-74FD-480B-A7EE-DC3EE9846085} = {26B5D4A6-7B38-4796-998A-41D48E12344A}
		{32259FDA-FCDA-4A60-AD7C-DF68EB12A191} = {26B5D4A6-7B38-4796-998A-41D48E12344A}
		{1970145B-DE90-4E80-83EB-C3FC66BA0CEC} = {26B5D4A6-7B38-4796-998A-41D48E12344A}
		{C2065DE6-2295-4251-B500-1BE944A605AA} = {26B5D4A6-7B38-4796-998A-41D48E12344A}
		{5662A3EE-4F0D-4535-BF9C-CFC9DF78C308} = {17862ACF-5E83-4F00-82E4-702A121342E6}
		{44DC5330-BE2B-4EB4-A7EB-150BEDE69F6A} = {17862ACF-5E83-4F00-82E4-702A121342E6}
		{9957BFDD-79A9-40E4-8B6F-35D56CB12CF3} = {17862ACF-5E83-4F00-82E4-702A121342E6}
		{7F568771-144D-4CC5-B858-D6ADEC2E2252} = {17862ACF-5E83-4F00-82E4-702A121342E6}
		{3E3CD57C-E51D-4D51-9484-FD27EAAC6472} = {17862ACF-5E83-4F00-82E4-702A121342E6}
		{567FE490-505F-4779-BA07-D736291F45A4} = {17862ACF-5E83-4F00-82E4-702A121342E6}
		{C1437112-351A-49A8-AC6F-FE46B090AE8F} = {17862ACF-5E83-4F00-82E4-702A121342E6}
		{07A37B0A-B52A-4C8D-924F-6AD6E64472A4} = {17862ACF-5E83-4F00-82E4-702A121342E6}
		{85E14C2C-4439-4F66-9CC0-B1ECDCA77918} = {17862ACF-5E83-4F00-82E4-702A121342E6}
		{CD10D74F-7E0C-4C64-A6E8-DA6A2592F5DA} = {187F744F-91E6-49F2-A06E-D5BD01DA48D2}
		{CE0DD8A6-0D18-4CC9-B62B-1173287EA993} = {187F744F-91E6-49F2-A06E-D5BD01DA48D2}
		{2F343CE7-8C8C-44D5-BE53-9F05A76684D1} = {187F744F-91E6-49F2-A06E-D5BD01DA48D2}
		{A6043AD1-BDB0-4133-993D-D985F542029C} = {187F744F-91E6-49F2-A06E-D5BD01DA48D2}
		{BCCA63D0-A766-4E34-A9AD-E41A1F1E0A01} = {187F744F-91E6-49F2-A06E-D5BD01DA48D2}
		{190FB404-1EEA-4894-92D2-CFD9AA1CF002} = {187F744F-91E6-49F2-A06E-D5BD01DA48D2}
		{20075C0A-19F2-43E6-9AB5-C058B579E6D1} = {187F744F-91E6-49F2-A06E-D5BD01DA48D2}
		{E0423A49-C422-495E-9A53-5684A6C3D490} = {187F744F-91E6-49F2-A06E-D5BD01DA48D2}
		{220A8866-FF8B-41A5-8331-A6B0F392A3D7} = {187F744F-91E6-49F2-A06E-D5BD01DA48D2}
		{96E89A50-0E4E-4E00-B938-2EC50D49CE4B} = {187F744F-91E6-49F2-A06E-D5BD01DA48D2}
		{C7599389-26AF-47B0-B4C8-FE1F6A008253} = {187F744F-91E6-49F2-A06E-D5BD01DA48D2}
		{963622EC-45B6-4972-AA80-28170499D821} = {187F744F-91E6-49F2-A06E-D5BD01DA48D2}
		{47FBCD9B-E949-4F93-B4A2-3A8EC798F36E} = {187F744F-91E6-49F2-A06E-D5BD01DA48D2}
		{874298C9-06D7-4864-ACA8-DAE7FACE388B} = {187F744F-91E6-49F2-A06E-D5BD01DA48D2}
		{220A238E-A831-4977-84BC-9A745D88A941} = {187F744F-91E6-49F2-A06E-D5BD01DA48D2}
		{11521708-9731-4F1F-B68F-006962C96BBC} = {187F744F-91E6-49F2-A06E-D5BD01DA48D2}
		{EBA1AF23-5AA9-4A40-B1F5-9AF6B63CC637} = {187F744F-91E6-49F2-A06E-D5BD01DA48D2}
		{7DCFFB24-8749-4F14-B729-9F2D6168ED70} = {187F744F-91E6-49F2-A06E-D5BD01DA48D2}
		{9C4FD8E3-143C-4F48-AD5F-38E713A3D809} = {187F744F-91E6-49F2-A06E-D5BD01DA48D2}
		{89442F30-2622-45E5-BCFC-D13F6F2581C3} = {187F744F-91E6-49F2-A06E-D5BD01DA48D2}
		{3673C6CB-CB6B-460C-8F33-87D7CF6D48DB} = {187F744F-91E6-49F2-A06E-D5BD01DA48D2}
		{6B11D073-7C34-4E28-BF63-46218B76870A} = {187F744F-91E6-49F2-A06E-D5BD01DA48D2}
		{221AE436-BBF1-4ED2-B5AB-6EF0E90A1585} = {187F744F-91E6-49F2-A06E-D5BD01DA48D2}
		{5200B780-09B6-4F0B-A89A-D3575556ACCC} = {187F744F-91E6-49F2-A06E-D5BD01DA48D2}
		{A0069412-2B05-42EA-9430-6BAF6DAEB2AA} = {187F744F-91E6-49F2-A06E-D5BD01DA48D2}
		{DF1796D2-4089-483C-BB33-A106F2C00814} = {8C5ECC1C-E914-4224-A434-A9F296F36277}
		{313ABFC6-44D8-4065-AF96-666D528B1789} = {8C5ECC1C-E914-4224-A434-A9F296F36277}
		{C77EB281-CA44-48E7-B44B-A8A2061E0760} = {8C5ECC1C-E914-4224-A434-A9F296F36277}
		{E2410334-1DA8-428D-BB09-4191099D8492} = {8C5ECC1C-E914-4224-A434-A9F296F36277}
		{5CEFA069-4AE3-452E-A4A2-C8F2C2D5C92D} = {8C5ECC1C-E914-4224-A434-A9F296F36277}
		{0758E734-C9D6-477B-8967-91A9D61014FC} = {8C5ECC1C-E914-4224-A434-A9F296F36277}
		{F59226AF-7538-47DE-AE0E-55B8F1031DA7} = {8C5ECC1C-E914-4224-A434-A9F296F36277}
		{E351862B-2F2E-4C6E-B69C-AAEF9B249654} = {8C5ECC1C-E914-4224-A434-A9F296F36277}
		{946EBEC5-A621-4149-BDCD-FBAA73241118} = {8C5ECC1C-E914-4224-A434-A9F296F36277}
		{ECA797A4-FD2E-429A-9DFE-4D8E6FB40E06} = {8C5ECC1C-E914-4224-A434-A9F296F36277}
		{19C3F167-EFF8-41A4-BFAF-3C5BF4793456} = {8C5ECC1C-E914-4224-A434-A9F296F36277}
		{16F263C0-92C3-45E1-BD29-382CC1756676} = {8C5ECC1C-E914-4224-A434-A9F296F36277}
		{EC1BE2ED-B177-46A4-A504-D78B0E0103F7} = {8C5ECC1C-E914-4224-A434-A9F296F36277}
		{FA8C5ADF-DBA4-4174-A9DC-DEEB1FECDA8F} = {8C5ECC1C-E914-4224-A434-A9F296F36277}
		{2644275C-4A35-48DB-966F-EBC53A7F8588} = {8C5ECC1C-E914-4224-A434-A9F296F36277}
		{0A162889-1604-463C-A970-E5F83B7B11D2} = {8C5ECC1C-E914-4224-A434-A9F296F36277}
		{19073A37-D52D-46FD-9876-B09A127AAF00} = {8C5ECC1C-E914-4224-A434-A9F296F36277}
		{4A9AD1F8-B27B-4BED-90B7-E8D7EDB2FC6E} = {8C5ECC1C-E914-4224-A434-A9F296F36277}
		{B06D2AD1-A1BD-4886-AECA-90CE787AA20A} = {B5C06100-7AD2-4944-ABAB-3A7D428743A0}
		{9305C1C6-8201-4F59-B826-466CEA7706DF} = {B5C06100-7AD2-4944-ABAB-3A7D428743A0}
		{81BF8B44-9513-48E7-A6CB-5B78DC832356} = {B5C06100-7AD2-4944-ABAB-3A7D428743A0}
		{80AEDC24-2843-4C41-8091-745FDC011142} = {B5C06100-7AD2-4944-ABAB-3A7D428743A0}
		{94DDC3B5-B0C1-4315-AE05-95F8A7A32934} = {B5C06100-7AD2-4944-ABAB-3A7D428743A0}
		{53D4C6C0-A673-4D5D-BBA1-8AB2624C2C1B} = {B5C06100-7AD2-4944-ABAB-3A7D428743A0}
		{29723A15-FDA5-41E8-BACD-7B092F06F0F7} = {6642C797-7556-4E46-A628-E0AC81126AD5}
		{08642911-30D7-471D-94B5-1344655F9D61} = {6642C797-7556-4E46-A628-E0AC81126AD5}
		{FB6FA041-AF14-40D1-9C80-77467BF91F8A} = {6642C797-7556-4E46-A628-E0AC81126AD5}
		{84644FCC-DDD0-4032-83D8-EA36ADDF5139} = {6642C797-7556-4E46-A628-E0AC81126AD5}
		{B697F134-B415-46D5-A999-267599107AF1} = {6642C797-7556-4E46-A628-E0AC81126AD5}
		{F873A501-8FBE-4A15-9DD4-B12352209FC0} = {6642C797-7556-4E46-A628-E0AC81126AD5}
		{C5EB4FA7-8E3E-43D5-990E-1163B5411755} = {6642C797-7556-4E46-A628-E0AC81126AD5}
		{6877A9DF-754C-4250-96B6-E0CF45BF952E} = {6642C797-7556-4E46-A628-E0AC81126AD5}
		{0A4DA771-E71D-4008-B221-9C1AD53C6D3A} = {6642C797-7556-4E46-A628-E0AC81126AD5}
		{CFE23408-72B8-400E-811C-6964F53E2EF8} = {6642C797-7556-4E46-A628-E0AC81126AD5}
		{40896638-8304-4861-98B3-54D5AB8603D6} = {6642C797-7556-4E46-A628-E0AC81126AD5}
		{B3EE3C17-8647-4E48-89A9-61BF4D1D72C6} = {6642C797-7556-4E46-A628-E0AC81126AD5}
		{103D785F-5479-4E12-BC71-715C717C538D} = {6642C797-7556-4E46-A628-E0AC81126AD5}
		{4A531954-464B-4908-8D07-C223559AB3FA} = {6642C797-7556-4E46-A628-E0AC81126AD5}
		{439A474D-FF4C-41FB-80F7-70D4667A79EC} = {6642C797-7556-4E46-A628-E0AC81126AD5}
		{7D05075F-180A-401A-851A-29476931976F} = {6642C797-7556-4E46-A628-E0AC81126AD5}
		{434D1083-B843-4D9B-A6EF-AEA18FCB9C4D} = {6642C797-7556-4E46-A628-E0AC81126AD5}
		{318F5AB4-334F-4586-BED0-8743A64AAC41} = {6642C797-7556-4E46-A628-E0AC81126AD5}
		{6DC6E630-497B-40D8-8B26-C68AA9772860} = {6642C797-7556-4E46-A628-E0AC81126AD5}
		{C776F965-AE60-446D-BC52-F5F7C7E0AC39} = {6642C797-7556-4E46-A628-E0AC81126AD5}
		{E520B20A-9515-4591-932F-D562E65005B2} = {6642C797-7556-4E46-A628-E0AC81126AD5}
		{2381F273-458B-40BE-A13E-F8B867C93670} = {6642C797-7556-4E46-A628-E0AC81126AD5}
		{E82CA46E-1FF7-443A-A341-9EEBB3C6ED50} = {6642C797-7556-4E46-A628-E0AC81126AD5}
		{05B3E91F-08DF-4BFB-90D6-40CB1707CDC7} = {6642C797-7556-4E46-A628-E0AC81126AD5}
		{F84111F7-A266-4580-BFCC-BCB3D10644B4} = {6642C797-7556-4E46-A628-E0AC81126AD5}
		{45DE722A-6B67-4766-B7EC-2E56864DC324} = {6EBE7E1E-24FE-4608-A6D8-2A630DA44803}
	EndGlobalSection
	GlobalSection(ExtensibilityGlobals) = postSolution
		SolutionGuid = {2945180A-2A03-4775-B192-B0CC82DCDBEB}
	EndGlobalSection
EndGlobal
