
Microsoft Visual Studio Solution File, Format Version 12.00
# Visual Studio Version 16
VisualStudioVersion = 16.0.30114.105
MinimumVisualStudioVersion = 10.0.40219.1
Project("{FAE04EC0-301F-11D3-BF4B-00C04F79EFBC}") = "AoC.2018.Day01", "Day01\AoC.2018.Day01.csproj", "{B691B4CC-632F-4A1B-9AA6-2D90D8297B00}"
EndProject
Project("{FAE04EC0-301F-11D3-BF4B-00C04F79EFBC}") = "AoC.2018.Day02", "Day02\AoC.2018.Day02.csproj", "{C04F1A6A-0176-4543-8D2D-620A196761D0}"
EndProject
Project("{FAE04EC0-301F-11D3-BF4B-00C04F79EFBC}") = "AoC.2018.Day03", "Day03\AoC.2018.Day03.csproj", "{4ABF1D9E-B957-4522-B87C-3C643CC332D3}"
EndProject
Project("{FAE04EC0-301F-11D3-BF4B-00C04F79EFBC}") = "AoC.2018.Day04", "Day04\AoC.2018.Day04.csproj", "{B648B1CC-8296-4FAA-8E59-C138C269DB67}"
EndProject
Project("{FAE04EC0-301F-11D3-BF4B-00C04F79EFBC}") = "AoC.2018.Day05", "Day05\AoC.2018.Day05.csproj", "{41984429-8983-4099-95E6-6CAC590120B9}"
EndProject
Project("{FAE04EC0-301F-11D3-BF4B-00C04F79EFBC}") = "AoC.2018.Day06", "Day06\AoC.2018.Day06.csproj", "{DB02C977-C2CA-485A-85C4-523510995D5B}"
EndProject
Project("{FAE04EC0-301F-11D3-BF4B-00C04F79EFBC}") = "AoC.2018.Day07", "Day07\AoC.2018.Day07.csproj", "{5A28B7D3-26AF-4371-BEFD-D347D675A601}"
EndProject
Project("{FAE04EC0-301F-11D3-BF4B-00C04F79EFBC}") = "AoC.2018.Day08", "Day08\AoC.2018.Day08.csproj", "{DAC8595C-0E16-484D-BE5D-0FC4B9C18A67}"
EndProject
Project("{FAE04EC0-301F-11D3-BF4B-00C04F79EFBC}") = "AoC.2018.Day09", "Day09\AoC.2018.Day09.csproj", "{FA4EBB55-D7F3-4F03-8581-A4599749D2A9}"
EndProject
Project("{FAE04EC0-301F-11D3-BF4B-00C04F79EFBC}") = "AoC.2018.Day10", "Day10\AoC.2018.Day10.csproj", "{E470AAEB-81B5-4974-A069-7E07705D232A}"
EndProject
Project("{FAE04EC0-301F-11D3-BF4B-00C04F79EFBC}") = "AoC.2018.Day11", "Day11\AoC.2018.Day11.csproj", "{D6F7868D-CFF6-46E9-8154-D2D3E19AA8F6}"
EndProject
Project("{FAE04EC0-301F-11D3-BF4B-00C04F79EFBC}") = "AoC.2018.Day12", "Day12\AoC.2018.Day12.csproj", "{E4B18D45-1D14-46DA-8245-C0F19E32AB62}"
EndProject
Project("{FAE04EC0-301F-11D3-BF4B-00C04F79EFBC}") = "AoC.2018.Day13", "Day13\AoC.2018.Day13.csproj", "{22109992-D0BD-4E7D-B214-F07BA890D01F}"
EndProject
Project("{FAE04EC0-301F-11D3-BF4B-00C04F79EFBC}") = "AoC.2018.Day14", "Day14\AoC.2018.Day14.csproj", "{846A7FFB-4CC7-44A1-971D-597BEF75CF42}"
EndProject
Project("{FAE04EC0-301F-11D3-BF4B-00C04F79EFBC}") = "AoC.2018.Day15", "Day15\AoC.2018.Day15.csproj", "{CBE63297-1033-453F-952D-0CF7672FDF8D}"
EndProject
Project("{FAE04EC0-301F-11D3-BF4B-00C04F79EFBC}") = "AoC.2018.Day16", "Day16\AoC.2018.Day16.csproj", "{79CD9ACB-C9D9-4AF1-9F9A-A2D50F20E6FD}"
EndProject
Project("{FAE04EC0-301F-11D3-BF4B-00C04F79EFBC}") = "AoC.2018.Day17", "Day17\AoC.2018.Day17.csproj", "{DD66BD89-9A97-422F-A562-F43D311F992D}"
EndProject
Project("{FAE04EC0-301F-11D3-BF4B-00C04F79EFBC}") = "AoC.2018.Day18", "Day18\AoC.2018.Day18.csproj", "{95A94F4E-7512-4439-979E-454B810A1EA0}"
EndProject
Project("{FAE04EC0-301F-11D3-BF4B-00C04F79EFBC}") = "AoC.2018.Day19", "Day19\AoC.2018.Day19.csproj", "{7DF04E16-F7EA-4054-9B13-A8EAA5A0CDF8}"
EndProject
Project("{FAE04EC0-301F-11D3-BF4B-00C04F79EFBC}") = "AoC.2018.Day20", "Day20\AoC.2018.Day20.csproj", "{CC23D62A-4233-4776-A542-E79D54BCD173}"
EndProject
Project("{FAE04EC0-301F-11D3-BF4B-00C04F79EFBC}") = "AoC.2018.Day21", "Day21\AoC.2018.Day21.csproj", "{7AED479E-CF95-4128-8225-8FD5CF8EB072}"
EndProject
Project("{FAE04EC0-301F-11D3-BF4B-00C04F79EFBC}") = "AoC.2018.Day22", "Day22\AoC.2018.Day22.csproj", "{22F08527-FD1E-4A7E-9031-6C04719D51AB}"
EndProject
Project("{FAE04EC0-301F-11D3-BF4B-00C04F79EFBC}") = "AoC.2018.Day23", "Day23\AoC.2018.Day23.csproj", "{EB5FE345-C1D2-479E-8653-6C55C1B30AA4}"
EndProject
Project("{FAE04EC0-301F-11D3-BF4B-00C04F79EFBC}") = "AoC.2018.Day24", "Day24\AoC.2018.Day24.csproj", "{0469AAF8-D196-4819-9EFD-B686986AF0A5}"
EndProject
Project("{FAE04EC0-301F-11D3-BF4B-00C04F79EFBC}") = "AoC.2018.Day25", "Day25\AoC.2018.Day25.csproj", "{09A74F47-BD73-47BA-AAC7-175DC69C94D1}"
EndProject
Global
	GlobalSection(SolutionConfigurationPlatforms) = preSolution
		Debug|Any CPU = Debug|Any CPU
		Release|Any CPU = Release|Any CPU
	EndGlobalSection
	GlobalSection(SolutionProperties) = preSolution
		HideSolutionNode = FALSE
	EndGlobalSection
	GlobalSection(ProjectConfigurationPlatforms) = postSolution
		{B691B4CC-632F-4A1B-9AA6-2D90D8297B00}.Debug|Any CPU.ActiveCfg = Debug|Any CPU
		{B691B4CC-632F-4A1B-9AA6-2D90D8297B00}.Debug|Any CPU.Build.0 = Debug|Any CPU
		{B691B4CC-632F-4A1B-9AA6-2D90D8297B00}.Release|Any CPU.ActiveCfg = Release|Any CPU
		{B691B4CC-632F-4A1B-9AA6-2D90D8297B00}.Release|Any CPU.Build.0 = Release|Any CPU
		{C04F1A6A-0176-4543-8D2D-620A196761D0}.Debug|Any CPU.ActiveCfg = Debug|Any CPU
		{C04F1A6A-0176-4543-8D2D-620A196761D0}.Debug|Any CPU.Build.0 = Debug|Any CPU
		{C04F1A6A-0176-4543-8D2D-620A196761D0}.Release|Any CPU.ActiveCfg = Release|Any CPU
		{C04F1A6A-0176-4543-8D2D-620A196761D0}.Release|Any CPU.Build.0 = Release|Any CPU
		{4ABF1D9E-B957-4522-B87C-3C643CC332D3}.Debug|Any CPU.ActiveCfg = Debug|Any CPU
		{4ABF1D9E-B957-4522-B87C-3C643CC332D3}.Debug|Any CPU.Build.0 = Debug|Any CPU
		{4ABF1D9E-B957-4522-B87C-3C643CC332D3}.Release|Any CPU.ActiveCfg = Release|Any CPU
		{4ABF1D9E-B957-4522-B87C-3C643CC332D3}.Release|Any CPU.Build.0 = Release|Any CPU
		{B648B1CC-8296-4FAA-8E59-C138C269DB67}.Debug|Any CPU.ActiveCfg = Debug|Any CPU
		{B648B1CC-8296-4FAA-8E59-C138C269DB67}.Debug|Any CPU.Build.0 = Debug|Any CPU
		{B648B1CC-8296-4FAA-8E59-C138C269DB67}.Release|Any CPU.ActiveCfg = Release|Any CPU
		{B648B1CC-8296-4FAA-8E59-C138C269DB67}.Release|Any CPU.Build.0 = Release|Any CPU
		{41984429-8983-4099-95E6-6CAC590120B9}.Debug|Any CPU.ActiveCfg = Debug|Any CPU
		{41984429-8983-4099-95E6-6CAC590120B9}.Debug|Any CPU.Build.0 = Debug|Any CPU
		{41984429-8983-4099-95E6-6CAC590120B9}.Release|Any CPU.ActiveCfg = Release|Any CPU
		{41984429-8983-4099-95E6-6CAC590120B9}.Release|Any CPU.Build.0 = Release|Any CPU
		{DB02C977-C2CA-485A-85C4-523510995D5B}.Debug|Any CPU.ActiveCfg = Debug|Any CPU
		{DB02C977-C2CA-485A-85C4-523510995D5B}.Debug|Any CPU.Build.0 = Debug|Any CPU
		{DB02C977-C2CA-485A-85C4-523510995D5B}.Release|Any CPU.ActiveCfg = Release|Any CPU
		{DB02C977-C2CA-485A-85C4-523510995D5B}.Release|Any CPU.Build.0 = Release|Any CPU
		{5A28B7D3-26AF-4371-BEFD-D347D675A601}.Debug|Any CPU.ActiveCfg = Debug|Any CPU
		{5A28B7D3-26AF-4371-BEFD-D347D675A601}.Debug|Any CPU.Build.0 = Debug|Any CPU
		{5A28B7D3-26AF-4371-BEFD-D347D675A601}.Release|Any CPU.ActiveCfg = Release|Any CPU
		{5A28B7D3-26AF-4371-BEFD-D347D675A601}.Release|Any CPU.Build.0 = Release|Any CPU
		{DAC8595C-0E16-484D-BE5D-0FC4B9C18A67}.Debug|Any CPU.ActiveCfg = Debug|Any CPU
		{DAC8595C-0E16-484D-BE5D-0FC4B9C18A67}.Debug|Any CPU.Build.0 = Debug|Any CPU
		{DAC8595C-0E16-484D-BE5D-0FC4B9C18A67}.Release|Any CPU.ActiveCfg = Release|Any CPU
		{DAC8595C-0E16-484D-BE5D-0FC4B9C18A67}.Release|Any CPU.Build.0 = Release|Any CPU
		{FA4EBB55-D7F3-4F03-8581-A4599749D2A9}.Debug|Any CPU.ActiveCfg = Debug|Any CPU
		{FA4EBB55-D7F3-4F03-8581-A4599749D2A9}.Debug|Any CPU.Build.0 = Debug|Any CPU
		{FA4EBB55-D7F3-4F03-8581-A4599749D2A9}.Release|Any CPU.ActiveCfg = Release|Any CPU
		{FA4EBB55-D7F3-4F03-8581-A4599749D2A9}.Release|Any CPU.Build.0 = Release|Any CPU
		{E470AAEB-81B5-4974-A069-7E07705D232A}.Debug|Any CPU.ActiveCfg = Debug|Any CPU
		{E470AAEB-81B5-4974-A069-7E07705D232A}.Debug|Any CPU.Build.0 = Debug|Any CPU
		{E470AAEB-81B5-4974-A069-7E07705D232A}.Release|Any CPU.ActiveCfg = Release|Any CPU
		{E470AAEB-81B5-4974-A069-7E07705D232A}.Release|Any CPU.Build.0 = Release|Any CPU
		{D6F7868D-CFF6-46E9-8154-D2D3E19AA8F6}.Debug|Any CPU.ActiveCfg = Debug|Any CPU
		{D6F7868D-CFF6-46E9-8154-D2D3E19AA8F6}.Debug|Any CPU.Build.0 = Debug|Any CPU
		{D6F7868D-CFF6-46E9-8154-D2D3E19AA8F6}.Release|Any CPU.ActiveCfg = Release|Any CPU
		{D6F7868D-CFF6-46E9-8154-D2D3E19AA8F6}.Release|Any CPU.Build.0 = Release|Any CPU
		{E4B18D45-1D14-46DA-8245-C0F19E32AB62}.Debug|Any CPU.ActiveCfg = Debug|Any CPU
		{E4B18D45-1D14-46DA-8245-C0F19E32AB62}.Debug|Any CPU.Build.0 = Debug|Any CPU
		{E4B18D45-1D14-46DA-8245-C0F19E32AB62}.Release|Any CPU.ActiveCfg = Release|Any CPU
		{E4B18D45-1D14-46DA-8245-C0F19E32AB62}.Release|Any CPU.Build.0 = Release|Any CPU
		{22109992-D0BD-4E7D-B214-F07BA890D01F}.Debug|Any CPU.ActiveCfg = Debug|Any CPU
		{22109992-D0BD-4E7D-B214-F07BA890D01F}.Debug|Any CPU.Build.0 = Debug|Any CPU
		{22109992-D0BD-4E7D-B214-F07BA890D01F}.Release|Any CPU.ActiveCfg = Release|Any CPU
		{22109992-D0BD-4E7D-B214-F07BA890D01F}.Release|Any CPU.Build.0 = Release|Any CPU
		{846A7FFB-4CC7-44A1-971D-597BEF75CF42}.Debug|Any CPU.ActiveCfg = Debug|Any CPU
		{846A7FFB-4CC7-44A1-971D-597BEF75CF42}.Debug|Any CPU.Build.0 = Debug|Any CPU
		{846A7FFB-4CC7-44A1-971D-597BEF75CF42}.Release|Any CPU.ActiveCfg = Release|Any CPU
		{846A7FFB-4CC7-44A1-971D-597BEF75CF42}.Release|Any CPU.Build.0 = Release|Any CPU
		{CBE63297-1033-453F-952D-0CF7672FDF8D}.Debug|Any CPU.ActiveCfg = Debug|Any CPU
		{CBE63297-1033-453F-952D-0CF7672FDF8D}.Debug|Any CPU.Build.0 = Debug|Any CPU
		{CBE63297-1033-453F-952D-0CF7672FDF8D}.Release|Any CPU.ActiveCfg = Release|Any CPU
		{CBE63297-1033-453F-952D-0CF7672FDF8D}.Release|Any CPU.Build.0 = Release|Any CPU
		{79CD9ACB-C9D9-4AF1-9F9A-A2D50F20E6FD}.Debug|Any CPU.ActiveCfg = Debug|Any CPU
		{79CD9ACB-C9D9-4AF1-9F9A-A2D50F20E6FD}.Debug|Any CPU.Build.0 = Debug|Any CPU
		{79CD9ACB-C9D9-4AF1-9F9A-A2D50F20E6FD}.Release|Any CPU.ActiveCfg = Release|Any CPU
		{79CD9ACB-C9D9-4AF1-9F9A-A2D50F20E6FD}.Release|Any CPU.Build.0 = Release|Any CPU
		{DD66BD89-9A97-422F-A562-F43D311F992D}.Debug|Any CPU.ActiveCfg = Debug|Any CPU
		{DD66BD89-9A97-422F-A562-F43D311F992D}.Debug|Any CPU.Build.0 = Debug|Any CPU
		{DD66BD89-9A97-422F-A562-F43D311F992D}.Release|Any CPU.ActiveCfg = Release|Any CPU
		{DD66BD89-9A97-422F-A562-F43D311F992D}.Release|Any CPU.Build.0 = Release|Any CPU
		{95A94F4E-7512-4439-979E-454B810A1EA0}.Debug|Any CPU.ActiveCfg = Debug|Any CPU
		{95A94F4E-7512-4439-979E-454B810A1EA0}.Debug|Any CPU.Build.0 = Debug|Any CPU
		{95A94F4E-7512-4439-979E-454B810A1EA0}.Release|Any CPU.ActiveCfg = Release|Any CPU
		{95A94F4E-7512-4439-979E-454B810A1EA0}.Release|Any CPU.Build.0 = Release|Any CPU
		{7DF04E16-F7EA-4054-9B13-A8EAA5A0CDF8}.Debug|Any CPU.ActiveCfg = Debug|Any CPU
		{7DF04E16-F7EA-4054-9B13-A8EAA5A0CDF8}.Debug|Any CPU.Build.0 = Debug|Any CPU
		{7DF04E16-F7EA-4054-9B13-A8EAA5A0CDF8}.Release|Any CPU.ActiveCfg = Release|Any CPU
		{7DF04E16-F7EA-4054-9B13-A8EAA5A0CDF8}.Release|Any CPU.Build.0 = Release|Any CPU
		{CC23D62A-4233-4776-A542-E79D54BCD173}.Debug|Any CPU.ActiveCfg = Debug|Any CPU
		{CC23D62A-4233-4776-A542-E79D54BCD173}.Debug|Any CPU.Build.0 = Debug|Any CPU
		{CC23D62A-4233-4776-A542-E79D54BCD173}.Release|Any CPU.ActiveCfg = Release|Any CPU
		{CC23D62A-4233-4776-A542-E79D54BCD173}.Release|Any CPU.Build.0 = Release|Any CPU
		{7AED479E-CF95-4128-8225-8FD5CF8EB072}.Debug|Any CPU.ActiveCfg = Debug|Any CPU
		{7AED479E-CF95-4128-8225-8FD5CF8EB072}.Debug|Any CPU.Build.0 = Debug|Any CPU
		{7AED479E-CF95-4128-8225-8FD5CF8EB072}.Release|Any CPU.ActiveCfg = Release|Any CPU
		{7AED479E-CF95-4128-8225-8FD5CF8EB072}.Release|Any CPU.Build.0 = Release|Any CPU
		{22F08527-FD1E-4A7E-9031-6C04719D51AB}.Debug|Any CPU.ActiveCfg = Debug|Any CPU
		{22F08527-FD1E-4A7E-9031-6C04719D51AB}.Debug|Any CPU.Build.0 = Debug|Any CPU
		{22F08527-FD1E-4A7E-9031-6C04719D51AB}.Release|Any CPU.ActiveCfg = Release|Any CPU
		{22F08527-FD1E-4A7E-9031-6C04719D51AB}.Release|Any CPU.Build.0 = Release|Any CPU
		{EB5FE345-C1D2-479E-8653-6C55C1B30AA4}.Debug|Any CPU.ActiveCfg = Debug|Any CPU
		{EB5FE345-C1D2-479E-8653-6C55C1B30AA4}.Debug|Any CPU.Build.0 = Debug|Any CPU
		{EB5FE345-C1D2-479E-8653-6C55C1B30AA4}.Release|Any CPU.ActiveCfg = Release|Any CPU
		{EB5FE345-C1D2-479E-8653-6C55C1B30AA4}.Release|Any CPU.Build.0 = Release|Any CPU
		{0469AAF8-D196-4819-9EFD-B686986AF0A5}.Debug|Any CPU.ActiveCfg = Debug|Any CPU
		{0469AAF8-D196-4819-9EFD-B686986AF0A5}.Debug|Any CPU.Build.0 = Debug|Any CPU
		{0469AAF8-D196-4819-9EFD-B686986AF0A5}.Release|Any CPU.ActiveCfg = Release|Any CPU
		{0469AAF8-D196-4819-9EFD-B686986AF0A5}.Release|Any CPU.Build.0 = Release|Any CPU
		{09A74F47-BD73-47BA-AAC7-175DC69C94D1}.Debug|Any CPU.ActiveCfg = Debug|Any CPU
		{09A74F47-BD73-47BA-AAC7-175DC69C94D1}.Debug|Any CPU.Build.0 = Debug|Any CPU
		{09A74F47-BD73-47BA-AAC7-175DC69C94D1}.Release|Any CPU.ActiveCfg = Release|Any CPU
		{09A74F47-BD73-47BA-AAC7-175DC69C94D1}.Release|Any CPU.Build.0 = Release|Any CPU
	EndGlobalSection
EndGlobal
