
Microsoft Visual Studio Solution File, Format Version 12.00
# Visual Studio Version 16
VisualStudioVersion = 16.0.30114.105
MinimumVisualStudioVersion = 10.0.40219.1
Project("{FAE04EC0-301F-11D3-BF4B-00C04F79EFBC}") = "Day01", "Day01\Day01.csproj", "{B2FCEC3B-ABCD-4F63-B2D9-9D545529A224}"
EndProject
Project("{FAE04EC0-301F-11D3-BF4B-00C04F79EFBC}") = "Day02", "Day02\Day02.csproj", "{0FB30134-F8B3-43C7-BF7D-5F779E364E56}"
EndProject
Project("{FAE04EC0-301F-11D3-BF4B-00C04F79EFBC}") = "Day03", "Day03\Day03.csproj", "{DDB8C611-C5AB-4D38-97AC-E72837F4F863}"
EndProject
Project("{FAE04EC0-301F-11D3-BF4B-00C04F79EFBC}") = "Day04", "Day04\Day04.csproj", "{02C17343-F890-433E-9354-776EFF706DDD}"
EndProject
Project("{FAE04EC0-301F-11D3-BF4B-00C04F79EFBC}") = "Day05", "Day05\Day05.csproj", "{FA6F8BB5-CCC1-4A6D-8C18-141B1F8253E3}"
EndProject
Project("{FAE04EC0-301F-11D3-BF4B-00C04F79EFBC}") = "Day06", "Day06\Day06.csproj", "{8B4009CB-35EB-457D-99E9-06A6A2238C11}"
EndProject
Project("{FAE04EC0-301F-11D3-BF4B-00C04F79EFBC}") = "Day07", "Day07\Day07.csproj", "{E46E0906-0EA8-48C7-BBC7-E1CCDF90D2F4}"
EndProject
Project("{FAE04EC0-301F-11D3-BF4B-00C04F79EFBC}") = "Day08", "Day08\Day08.csproj", "{490697FA-5E66-4E22-B552-D24897D94B76}"
EndProject
Project("{FAE04EC0-301F-11D3-BF4B-00C04F79EFBC}") = "Day09", "Day09\Day09.csproj", "{C681730A-3C53-4196-BB21-458F67BFAF99}"
EndProject
Project("{FAE04EC0-301F-11D3-BF4B-00C04F79EFBC}") = "Day10", "Day10\Day10.csproj", "{8EF89E75-EBAF-4AF5-A5D8-FFE6F14E2206}"
EndProject
Project("{FAE04EC0-301F-11D3-BF4B-00C04F79EFBC}") = "Day11", "Day11\Day11.csproj", "{DE27D3AF-A4AF-439D-BA7B-2FE7BA0D1327}"
EndProject
Project("{FAE04EC0-301F-11D3-BF4B-00C04F79EFBC}") = "Day12", "Day12\Day12.csproj", "{7BE67C76-E8F4-4469-830D-E4DC1E2AF058}"
EndProject
Project("{FAE04EC0-301F-11D3-BF4B-00C04F79EFBC}") = "Day13", "Day13\Day13.csproj", "{1C7D6AEB-85CC-43E7-842F-0CA0C9A1F12C}"
EndProject
Project("{FAE04EC0-301F-11D3-BF4B-00C04F79EFBC}") = "Day14", "Day14\Day14.csproj", "{7AACC984-B99F-490E-8BE6-E46DECA485BF}"
EndProject
Project("{FAE04EC0-301F-11D3-BF4B-00C04F79EFBC}") = "Day15", "Day15\Day15.csproj", "{FFF8DD04-4E81-439C-9344-5FC2EA4EF0D1}"
EndProject
Project("{FAE04EC0-301F-11D3-BF4B-00C04F79EFBC}") = "Day16", "Day16\Day16.csproj", "{225A0357-806B-4E23-ABF3-776025CEA329}"
EndProject
Project("{FAE04EC0-301F-11D3-BF4B-00C04F79EFBC}") = "Day17", "Day17\Day17.csproj", "{D4818AF2-0B8C-4D05-A806-D4639B7E557D}"
EndProject
Project("{FAE04EC0-301F-11D3-BF4B-00C04F79EFBC}") = "Day18", "Day18\Day18.csproj", "{F7371B2E-5F87-40BA-B8B9-F2CD1D89F61B}"
EndProject
Project("{FAE04EC0-301F-11D3-BF4B-00C04F79EFBC}") = "Day19", "Day19\Day19.csproj", "{6A189DFD-E3C5-4147-BC6A-9C82FCCA6CA5}"
EndProject
Project("{FAE04EC0-301F-11D3-BF4B-00C04F79EFBC}") = "Day20", "Day20\Day20.csproj", "{FB6E7193-23AA-4E9F-A020-9A7A45D8EFBE}"
EndProject
Project("{FAE04EC0-301F-11D3-BF4B-00C04F79EFBC}") = "Day21", "Day21\Day21.csproj", "{CBAFF552-4199-4978-9AAC-1F1E13BB28B2}"
EndProject
Project("{FAE04EC0-301F-11D3-BF4B-00C04F79EFBC}") = "Day22", "Day22\Day22.csproj", "{0A35AFD2-3AA6-4699-AD28-8B4995A55485}"
EndProject
Project("{FAE04EC0-301F-11D3-BF4B-00C04F79EFBC}") = "Day23", "Day23\Day23.csproj", "{AB6FB2D6-861C-44F7-95C5-71A9E1575A54}"
EndProject
Project("{FAE04EC0-301F-11D3-BF4B-00C04F79EFBC}") = "Day24", "Day24\Day24.csproj", "{439FB67F-D12D-4B81-9907-2443B5A34010}"
EndProject
Project("{FAE04EC0-301F-11D3-BF4B-00C04F79EFBC}") = "Day25", "Day25\Day25.csproj", "{E6E589E7-D6EA-44D9-BD79-E974BC3C8A0F}"
EndProject
Global
	GlobalSection(SolutionConfigurationPlatforms) = preSolution
		Debug|Any CPU = Debug|Any CPU
		Release|Any CPU = Release|Any CPU
	EndGlobalSection
	GlobalSection(SolutionProperties) = preSolution
		HideSolutionNode = FALSE
	EndGlobalSection
	GlobalSection(ProjectConfigurationPlatforms) = postSolution
		{B2FCEC3B-ABCD-4F63-B2D9-9D545529A224}.Debug|Any CPU.ActiveCfg = Debug|Any CPU
		{B2FCEC3B-ABCD-4F63-B2D9-9D545529A224}.Debug|Any CPU.Build.0 = Debug|Any CPU
		{B2FCEC3B-ABCD-4F63-B2D9-9D545529A224}.Release|Any CPU.ActiveCfg = Release|Any CPU
		{B2FCEC3B-ABCD-4F63-B2D9-9D545529A224}.Release|Any CPU.Build.0 = Release|Any CPU
		{0FB30134-F8B3-43C7-BF7D-5F779E364E56}.Debug|Any CPU.ActiveCfg = Debug|Any CPU
		{0FB30134-F8B3-43C7-BF7D-5F779E364E56}.Debug|Any CPU.Build.0 = Debug|Any CPU
		{0FB30134-F8B3-43C7-BF7D-5F779E364E56}.Release|Any CPU.ActiveCfg = Release|Any CPU
		{0FB30134-F8B3-43C7-BF7D-5F779E364E56}.Release|Any CPU.Build.0 = Release|Any CPU
		{DDB8C611-C5AB-4D38-97AC-E72837F4F863}.Debug|Any CPU.ActiveCfg = Debug|Any CPU
		{DDB8C611-C5AB-4D38-97AC-E72837F4F863}.Debug|Any CPU.Build.0 = Debug|Any CPU
		{DDB8C611-C5AB-4D38-97AC-E72837F4F863}.Release|Any CPU.ActiveCfg = Release|Any CPU
		{DDB8C611-C5AB-4D38-97AC-E72837F4F863}.Release|Any CPU.Build.0 = Release|Any CPU
		{02C17343-F890-433E-9354-776EFF706DDD}.Debug|Any CPU.ActiveCfg = Debug|Any CPU
		{02C17343-F890-433E-9354-776EFF706DDD}.Debug|Any CPU.Build.0 = Debug|Any CPU
		{02C17343-F890-433E-9354-776EFF706DDD}.Release|Any CPU.ActiveCfg = Release|Any CPU
		{02C17343-F890-433E-9354-776EFF706DDD}.Release|Any CPU.Build.0 = Release|Any CPU
		{FA6F8BB5-CCC1-4A6D-8C18-141B1F8253E3}.Debug|Any CPU.ActiveCfg = Debug|Any CPU
		{FA6F8BB5-CCC1-4A6D-8C18-141B1F8253E3}.Debug|Any CPU.Build.0 = Debug|Any CPU
		{FA6F8BB5-CCC1-4A6D-8C18-141B1F8253E3}.Release|Any CPU.ActiveCfg = Release|Any CPU
		{FA6F8BB5-CCC1-4A6D-8C18-141B1F8253E3}.Release|Any CPU.Build.0 = Release|Any CPU
		{8B4009CB-35EB-457D-99E9-06A6A2238C11}.Debug|Any CPU.ActiveCfg = Debug|Any CPU
		{8B4009CB-35EB-457D-99E9-06A6A2238C11}.Debug|Any CPU.Build.0 = Debug|Any CPU
		{8B4009CB-35EB-457D-99E9-06A6A2238C11}.Release|Any CPU.ActiveCfg = Release|Any CPU
		{8B4009CB-35EB-457D-99E9-06A6A2238C11}.Release|Any CPU.Build.0 = Release|Any CPU
		{E46E0906-0EA8-48C7-BBC7-E1CCDF90D2F4}.Debug|Any CPU.ActiveCfg = Debug|Any CPU
		{E46E0906-0EA8-48C7-BBC7-E1CCDF90D2F4}.Debug|Any CPU.Build.0 = Debug|Any CPU
		{E46E0906-0EA8-48C7-BBC7-E1CCDF90D2F4}.Release|Any CPU.ActiveCfg = Release|Any CPU
		{E46E0906-0EA8-48C7-BBC7-E1CCDF90D2F4}.Release|Any CPU.Build.0 = Release|Any CPU
		{490697FA-5E66-4E22-B552-D24897D94B76}.Debug|Any CPU.ActiveCfg = Debug|Any CPU
		{490697FA-5E66-4E22-B552-D24897D94B76}.Debug|Any CPU.Build.0 = Debug|Any CPU
		{490697FA-5E66-4E22-B552-D24897D94B76}.Release|Any CPU.ActiveCfg = Release|Any CPU
		{490697FA-5E66-4E22-B552-D24897D94B76}.Release|Any CPU.Build.0 = Release|Any CPU
		{C681730A-3C53-4196-BB21-458F67BFAF99}.Debug|Any CPU.ActiveCfg = Debug|Any CPU
		{C681730A-3C53-4196-BB21-458F67BFAF99}.Debug|Any CPU.Build.0 = Debug|Any CPU
		{C681730A-3C53-4196-BB21-458F67BFAF99}.Release|Any CPU.ActiveCfg = Release|Any CPU
		{C681730A-3C53-4196-BB21-458F67BFAF99}.Release|Any CPU.Build.0 = Release|Any CPU
		{8EF89E75-EBAF-4AF5-A5D8-FFE6F14E2206}.Debug|Any CPU.ActiveCfg = Debug|Any CPU
		{8EF89E75-EBAF-4AF5-A5D8-FFE6F14E2206}.Debug|Any CPU.Build.0 = Debug|Any CPU
		{8EF89E75-EBAF-4AF5-A5D8-FFE6F14E2206}.Release|Any CPU.ActiveCfg = Release|Any CPU
		{8EF89E75-EBAF-4AF5-A5D8-FFE6F14E2206}.Release|Any CPU.Build.0 = Release|Any CPU
		{DE27D3AF-A4AF-439D-BA7B-2FE7BA0D1327}.Debug|Any CPU.ActiveCfg = Debug|Any CPU
		{DE27D3AF-A4AF-439D-BA7B-2FE7BA0D1327}.Debug|Any CPU.Build.0 = Debug|Any CPU
		{DE27D3AF-A4AF-439D-BA7B-2FE7BA0D1327}.Release|Any CPU.ActiveCfg = Release|Any CPU
		{DE27D3AF-A4AF-439D-BA7B-2FE7BA0D1327}.Release|Any CPU.Build.0 = Release|Any CPU
		{7BE67C76-E8F4-4469-830D-E4DC1E2AF058}.Debug|Any CPU.ActiveCfg = Debug|Any CPU
		{7BE67C76-E8F4-4469-830D-E4DC1E2AF058}.Debug|Any CPU.Build.0 = Debug|Any CPU
		{7BE67C76-E8F4-4469-830D-E4DC1E2AF058}.Release|Any CPU.ActiveCfg = Release|Any CPU
		{7BE67C76-E8F4-4469-830D-E4DC1E2AF058}.Release|Any CPU.Build.0 = Release|Any CPU
		{1C7D6AEB-85CC-43E7-842F-0CA0C9A1F12C}.Debug|Any CPU.ActiveCfg = Debug|Any CPU
		{1C7D6AEB-85CC-43E7-842F-0CA0C9A1F12C}.Debug|Any CPU.Build.0 = Debug|Any CPU
		{1C7D6AEB-85CC-43E7-842F-0CA0C9A1F12C}.Release|Any CPU.ActiveCfg = Release|Any CPU
		{1C7D6AEB-85CC-43E7-842F-0CA0C9A1F12C}.Release|Any CPU.Build.0 = Release|Any CPU
		{7AACC984-B99F-490E-8BE6-E46DECA485BF}.Debug|Any CPU.ActiveCfg = Debug|Any CPU
		{7AACC984-B99F-490E-8BE6-E46DECA485BF}.Debug|Any CPU.Build.0 = Debug|Any CPU
		{7AACC984-B99F-490E-8BE6-E46DECA485BF}.Release|Any CPU.ActiveCfg = Release|Any CPU
		{7AACC984-B99F-490E-8BE6-E46DECA485BF}.Release|Any CPU.Build.0 = Release|Any CPU
		{FFF8DD04-4E81-439C-9344-5FC2EA4EF0D1}.Debug|Any CPU.ActiveCfg = Debug|Any CPU
		{FFF8DD04-4E81-439C-9344-5FC2EA4EF0D1}.Debug|Any CPU.Build.0 = Debug|Any CPU
		{FFF8DD04-4E81-439C-9344-5FC2EA4EF0D1}.Release|Any CPU.ActiveCfg = Release|Any CPU
		{FFF8DD04-4E81-439C-9344-5FC2EA4EF0D1}.Release|Any CPU.Build.0 = Release|Any CPU
		{225A0357-806B-4E23-ABF3-776025CEA329}.Debug|Any CPU.ActiveCfg = Debug|Any CPU
		{225A0357-806B-4E23-ABF3-776025CEA329}.Debug|Any CPU.Build.0 = Debug|Any CPU
		{225A0357-806B-4E23-ABF3-776025CEA329}.Release|Any CPU.ActiveCfg = Release|Any CPU
		{225A0357-806B-4E23-ABF3-776025CEA329}.Release|Any CPU.Build.0 = Release|Any CPU
		{D4818AF2-0B8C-4D05-A806-D4639B7E557D}.Debug|Any CPU.ActiveCfg = Debug|Any CPU
		{D4818AF2-0B8C-4D05-A806-D4639B7E557D}.Debug|Any CPU.Build.0 = Debug|Any CPU
		{D4818AF2-0B8C-4D05-A806-D4639B7E557D}.Release|Any CPU.ActiveCfg = Release|Any CPU
		{D4818AF2-0B8C-4D05-A806-D4639B7E557D}.Release|Any CPU.Build.0 = Release|Any CPU
		{F7371B2E-5F87-40BA-B8B9-F2CD1D89F61B}.Debug|Any CPU.ActiveCfg = Debug|Any CPU
		{F7371B2E-5F87-40BA-B8B9-F2CD1D89F61B}.Debug|Any CPU.Build.0 = Debug|Any CPU
		{F7371B2E-5F87-40BA-B8B9-F2CD1D89F61B}.Release|Any CPU.ActiveCfg = Release|Any CPU
		{F7371B2E-5F87-40BA-B8B9-F2CD1D89F61B}.Release|Any CPU.Build.0 = Release|Any CPU
		{6A189DFD-E3C5-4147-BC6A-9C82FCCA6CA5}.Debug|Any CPU.ActiveCfg = Debug|Any CPU
		{6A189DFD-E3C5-4147-BC6A-9C82FCCA6CA5}.Debug|Any CPU.Build.0 = Debug|Any CPU
		{6A189DFD-E3C5-4147-BC6A-9C82FCCA6CA5}.Release|Any CPU.ActiveCfg = Release|Any CPU
		{6A189DFD-E3C5-4147-BC6A-9C82FCCA6CA5}.Release|Any CPU.Build.0 = Release|Any CPU
		{FB6E7193-23AA-4E9F-A020-9A7A45D8EFBE}.Debug|Any CPU.ActiveCfg = Debug|Any CPU
		{FB6E7193-23AA-4E9F-A020-9A7A45D8EFBE}.Debug|Any CPU.Build.0 = Debug|Any CPU
		{FB6E7193-23AA-4E9F-A020-9A7A45D8EFBE}.Release|Any CPU.ActiveCfg = Release|Any CPU
		{FB6E7193-23AA-4E9F-A020-9A7A45D8EFBE}.Release|Any CPU.Build.0 = Release|Any CPU
		{CBAFF552-4199-4978-9AAC-1F1E13BB28B2}.Debug|Any CPU.ActiveCfg = Debug|Any CPU
		{CBAFF552-4199-4978-9AAC-1F1E13BB28B2}.Debug|Any CPU.Build.0 = Debug|Any CPU
		{CBAFF552-4199-4978-9AAC-1F1E13BB28B2}.Release|Any CPU.ActiveCfg = Release|Any CPU
		{CBAFF552-4199-4978-9AAC-1F1E13BB28B2}.Release|Any CPU.Build.0 = Release|Any CPU
		{0A35AFD2-3AA6-4699-AD28-8B4995A55485}.Debug|Any CPU.ActiveCfg = Debug|Any CPU
		{0A35AFD2-3AA6-4699-AD28-8B4995A55485}.Debug|Any CPU.Build.0 = Debug|Any CPU
		{0A35AFD2-3AA6-4699-AD28-8B4995A55485}.Release|Any CPU.ActiveCfg = Release|Any CPU
		{0A35AFD2-3AA6-4699-AD28-8B4995A55485}.Release|Any CPU.Build.0 = Release|Any CPU
		{AB6FB2D6-861C-44F7-95C5-71A9E1575A54}.Debug|Any CPU.ActiveCfg = Debug|Any CPU
		{AB6FB2D6-861C-44F7-95C5-71A9E1575A54}.Debug|Any CPU.Build.0 = Debug|Any CPU
		{AB6FB2D6-861C-44F7-95C5-71A9E1575A54}.Release|Any CPU.ActiveCfg = Release|Any CPU
		{AB6FB2D6-861C-44F7-95C5-71A9E1575A54}.Release|Any CPU.Build.0 = Release|Any CPU
		{439FB67F-D12D-4B81-9907-2443B5A34010}.Debug|Any CPU.ActiveCfg = Debug|Any CPU
		{439FB67F-D12D-4B81-9907-2443B5A34010}.Debug|Any CPU.Build.0 = Debug|Any CPU
		{439FB67F-D12D-4B81-9907-2443B5A34010}.Release|Any CPU.ActiveCfg = Release|Any CPU
		{439FB67F-D12D-4B81-9907-2443B5A34010}.Release|Any CPU.Build.0 = Release|Any CPU
		{E6E589E7-D6EA-44D9-BD79-E974BC3C8A0F}.Debug|Any CPU.ActiveCfg = Debug|Any CPU
		{E6E589E7-D6EA-44D9-BD79-E974BC3C8A0F}.Debug|Any CPU.Build.0 = Debug|Any CPU
		{E6E589E7-D6EA-44D9-BD79-E974BC3C8A0F}.Release|Any CPU.ActiveCfg = Release|Any CPU
		{E6E589E7-D6EA-44D9-BD79-E974BC3C8A0F}.Release|Any CPU.Build.0 = Release|Any CPU
	EndGlobalSection
EndGlobal
