
Microsoft Visual Studio Solution File, Format Version 12.00
# Visual Studio Version 16
VisualStudioVersion = 16.0.30114.105
MinimumVisualStudioVersion = 10.0.40219.1
Project("{FAE04EC0-301F-11D3-BF4B-00C04F79EFBC}") = "AoC.2019.Day01", "Day01\AoC.2019.Day01.csproj", "{0C0E524A-5E74-4C13-901E-387B67631F4F}"
EndProject
Project("{FAE04EC0-301F-11D3-BF4B-00C04F79EFBC}") = "AoC.2019.Day02", "Day02\AoC.2019.Day02.csproj", "{44789C68-649B-4207-B9D6-07EDA1A42E56}"
EndProject
Project("{FAE04EC0-301F-11D3-BF4B-00C04F79EFBC}") = "AoC.2019.Day03", "Day03\AoC.2019.Day03.csproj", "{EE0DBC4A-D624-43C5-8B97-E28638F69A93}"
EndProject
Project("{FAE04EC0-301F-11D3-BF4B-00C04F79EFBC}") = "AoC.2019.Day04", "Day04\AoC.2019.Day04.csproj", "{BB1E1E31-8DD8-462C-A335-93125D13C615}"
EndProject
Project("{FAE04EC0-301F-11D3-BF4B-00C04F79EFBC}") = "AoC.2019.Day05", "Day05\AoC.2019.Day05.csproj", "{82EBD4A6-D512-4D32-8552-DDE2869E2A39}"
EndProject
Project("{FAE04EC0-301F-11D3-BF4B-00C04F79EFBC}") = "AoC.2019.Day06", "Day06\AoC.2019.Day06.csproj", "{1F04E423-C9D0-48F3-B986-80E6FFEDA8DB}"
EndProject
Project("{FAE04EC0-301F-11D3-BF4B-00C04F79EFBC}") = "AoC.2019.Day07", "Day07\AoC.2019.Day07.csproj", "{6C7E590E-E2E8-412C-BBA6-438C847EA597}"
EndProject
Project("{FAE04EC0-301F-11D3-BF4B-00C04F79EFBC}") = "AoC.2019.Day08", "Day08\AoC.2019.Day08.csproj", "{C2B665D6-D636-4D0C-9EF1-3A2E1BE89521}"
EndProject
Project("{FAE04EC0-301F-11D3-BF4B-00C04F79EFBC}") = "AoC.2019.Day09", "Day09\AoC.2019.Day09.csproj", "{1EAFE366-845C-46CD-9DF5-32FCDFDFC6E1}"
EndProject
Project("{FAE04EC0-301F-11D3-BF4B-00C04F79EFBC}") = "AoC.2019.Day10", "Day10\AoC.2019.Day10.csproj", "{70D0C0F9-2208-4B1A-B8CD-9C46F6E8A851}"
EndProject
Project("{FAE04EC0-301F-11D3-BF4B-00C04F79EFBC}") = "AoC.2019.Day11", "Day11\AoC.2019.Day11.csproj", "{2D38EF27-F8E7-42C7-A64B-CADC5986A773}"
EndProject
Project("{FAE04EC0-301F-11D3-BF4B-00C04F79EFBC}") = "AoC.2019.Day12", "Day12\AoC.2019.Day12.csproj", "{5A217D74-C3AB-42E6-A2EE-80F091ABE848}"
EndProject
Project("{FAE04EC0-301F-11D3-BF4B-00C04F79EFBC}") = "AoC.2019.Day13", "Day13\AoC.2019.Day13.csproj", "{8E0D37AB-6A73-4DDA-9187-860C8BE3A91F}"
EndProject
Project("{FAE04EC0-301F-11D3-BF4B-00C04F79EFBC}") = "AoC.2019.Day14", "Day14\AoC.2019.Day14.csproj", "{BA90DAFB-9657-487D-986C-DEA55279C219}"
EndProject
Project("{FAE04EC0-301F-11D3-BF4B-00C04F79EFBC}") = "AoC.2019.Day15", "Day15\AoC.2019.Day15.csproj", "{8DDAD875-ADC4-4679-97E5-7158DE390B2B}"
EndProject
Project("{FAE04EC0-301F-11D3-BF4B-00C04F79EFBC}") = "AoC.2019.Day16", "Day16\AoC.2019.Day16.csproj", "{F1739E98-0CAE-4BE0-8940-FBB6A86CE336}"
EndProject
Project("{FAE04EC0-301F-11D3-BF4B-00C04F79EFBC}") = "AoC.2019.Day17", "Day17\AoC.2019.Day17.csproj", "{7E3B4855-141B-491D-88D2-FA7847D3A993}"
EndProject
Project("{FAE04EC0-301F-11D3-BF4B-00C04F79EFBC}") = "AoC.2019.Day18", "Day18\AoC.2019.Day18.csproj", "{5E9E1480-82F0-43A1-A47D-A80080A17C43}"
EndProject
Project("{FAE04EC0-301F-11D3-BF4B-00C04F79EFBC}") = "AoC.2019.Day19", "Day19\AoC.2019.Day19.csproj", "{F7666E3A-9B48-4080-BF73-73212D37C624}"
EndProject
Project("{FAE04EC0-301F-11D3-BF4B-00C04F79EFBC}") = "AoC.2019.Day20", "Day20\AoC.2019.Day20.csproj", "{CFBC6F51-A125-49AD-94A9-D460309140D5}"
EndProject
Project("{FAE04EC0-301F-11D3-BF4B-00C04F79EFBC}") = "AoC.2019.Day21", "Day21\AoC.2019.Day21.csproj", "{D679C34A-B6C9-4AE8-BB38-07DBF2EDCBEA}"
EndProject
Project("{FAE04EC0-301F-11D3-BF4B-00C04F79EFBC}") = "AoC.2019.Day22", "Day22\AoC.2019.Day22.csproj", "{615C6A34-EDE3-47D4-93CF-4112E7649CA4}"
EndProject
Project("{FAE04EC0-301F-11D3-BF4B-00C04F79EFBC}") = "AoC.2019.Day23", "Day23\AoC.2019.Day23.csproj", "{F57077D1-58DD-4931-B0AF-35CDD5656995}"
EndProject
Project("{FAE04EC0-301F-11D3-BF4B-00C04F79EFBC}") = "AoC.2019.Day24", "Day24\AoC.2019.Day24.csproj", "{6FF4B024-3DCC-4F9C-BC7E-FE109038114E}"
EndProject
Project("{FAE04EC0-301F-11D3-BF4B-00C04F79EFBC}") = "AoC.2019.Day25", "Day25\AoC.2019.Day25.csproj", "{02FAAAB0-D542-41B5-B3E7-ABC83E32AAA6}"
EndProject
Global
	GlobalSection(SolutionConfigurationPlatforms) = preSolution
		Debug|Any CPU = Debug|Any CPU
		Release|Any CPU = Release|Any CPU
	EndGlobalSection
	GlobalSection(SolutionProperties) = preSolution
		HideSolutionNode = FALSE
	EndGlobalSection
	GlobalSection(ProjectConfigurationPlatforms) = postSolution
		{0C0E524A-5E74-4C13-901E-387B67631F4F}.Debug|Any CPU.ActiveCfg = Debug|Any CPU
		{0C0E524A-5E74-4C13-901E-387B67631F4F}.Debug|Any CPU.Build.0 = Debug|Any CPU
		{0C0E524A-5E74-4C13-901E-387B67631F4F}.Release|Any CPU.ActiveCfg = Release|Any CPU
		{0C0E524A-5E74-4C13-901E-387B67631F4F}.Release|Any CPU.Build.0 = Release|Any CPU
		{44789C68-649B-4207-B9D6-07EDA1A42E56}.Debug|Any CPU.ActiveCfg = Debug|Any CPU
		{44789C68-649B-4207-B9D6-07EDA1A42E56}.Debug|Any CPU.Build.0 = Debug|Any CPU
		{44789C68-649B-4207-B9D6-07EDA1A42E56}.Release|Any CPU.ActiveCfg = Release|Any CPU
		{44789C68-649B-4207-B9D6-07EDA1A42E56}.Release|Any CPU.Build.0 = Release|Any CPU
		{EE0DBC4A-D624-43C5-8B97-E28638F69A93}.Debug|Any CPU.ActiveCfg = Debug|Any CPU
		{EE0DBC4A-D624-43C5-8B97-E28638F69A93}.Debug|Any CPU.Build.0 = Debug|Any CPU
		{EE0DBC4A-D624-43C5-8B97-E28638F69A93}.Release|Any CPU.ActiveCfg = Release|Any CPU
		{EE0DBC4A-D624-43C5-8B97-E28638F69A93}.Release|Any CPU.Build.0 = Release|Any CPU
		{BB1E1E31-8DD8-462C-A335-93125D13C615}.Debug|Any CPU.ActiveCfg = Debug|Any CPU
		{BB1E1E31-8DD8-462C-A335-93125D13C615}.Debug|Any CPU.Build.0 = Debug|Any CPU
		{BB1E1E31-8DD8-462C-A335-93125D13C615}.Release|Any CPU.ActiveCfg = Release|Any CPU
		{BB1E1E31-8DD8-462C-A335-93125D13C615}.Release|Any CPU.Build.0 = Release|Any CPU
		{82EBD4A6-D512-4D32-8552-DDE2869E2A39}.Debug|Any CPU.ActiveCfg = Debug|Any CPU
		{82EBD4A6-D512-4D32-8552-DDE2869E2A39}.Debug|Any CPU.Build.0 = Debug|Any CPU
		{82EBD4A6-D512-4D32-8552-DDE2869E2A39}.Release|Any CPU.ActiveCfg = Release|Any CPU
		{82EBD4A6-D512-4D32-8552-DDE2869E2A39}.Release|Any CPU.Build.0 = Release|Any CPU
		{1F04E423-C9D0-48F3-B986-80E6FFEDA8DB}.Debug|Any CPU.ActiveCfg = Debug|Any CPU
		{1F04E423-C9D0-48F3-B986-80E6FFEDA8DB}.Debug|Any CPU.Build.0 = Debug|Any CPU
		{1F04E423-C9D0-48F3-B986-80E6FFEDA8DB}.Release|Any CPU.ActiveCfg = Release|Any CPU
		{1F04E423-C9D0-48F3-B986-80E6FFEDA8DB}.Release|Any CPU.Build.0 = Release|Any CPU
		{6C7E590E-E2E8-412C-BBA6-438C847EA597}.Debug|Any CPU.ActiveCfg = Debug|Any CPU
		{6C7E590E-E2E8-412C-BBA6-438C847EA597}.Debug|Any CPU.Build.0 = Debug|Any CPU
		{6C7E590E-E2E8-412C-BBA6-438C847EA597}.Release|Any CPU.ActiveCfg = Release|Any CPU
		{6C7E590E-E2E8-412C-BBA6-438C847EA597}.Release|Any CPU.Build.0 = Release|Any CPU
		{C2B665D6-D636-4D0C-9EF1-3A2E1BE89521}.Debug|Any CPU.ActiveCfg = Debug|Any CPU
		{C2B665D6-D636-4D0C-9EF1-3A2E1BE89521}.Debug|Any CPU.Build.0 = Debug|Any CPU
		{C2B665D6-D636-4D0C-9EF1-3A2E1BE89521}.Release|Any CPU.ActiveCfg = Release|Any CPU
		{C2B665D6-D636-4D0C-9EF1-3A2E1BE89521}.Release|Any CPU.Build.0 = Release|Any CPU
		{1EAFE366-845C-46CD-9DF5-32FCDFDFC6E1}.Debug|Any CPU.ActiveCfg = Debug|Any CPU
		{1EAFE366-845C-46CD-9DF5-32FCDFDFC6E1}.Debug|Any CPU.Build.0 = Debug|Any CPU
		{1EAFE366-845C-46CD-9DF5-32FCDFDFC6E1}.Release|Any CPU.ActiveCfg = Release|Any CPU
		{1EAFE366-845C-46CD-9DF5-32FCDFDFC6E1}.Release|Any CPU.Build.0 = Release|Any CPU
		{70D0C0F9-2208-4B1A-B8CD-9C46F6E8A851}.Debug|Any CPU.ActiveCfg = Debug|Any CPU
		{70D0C0F9-2208-4B1A-B8CD-9C46F6E8A851}.Debug|Any CPU.Build.0 = Debug|Any CPU
		{70D0C0F9-2208-4B1A-B8CD-9C46F6E8A851}.Release|Any CPU.ActiveCfg = Release|Any CPU
		{70D0C0F9-2208-4B1A-B8CD-9C46F6E8A851}.Release|Any CPU.Build.0 = Release|Any CPU
		{2D38EF27-F8E7-42C7-A64B-CADC5986A773}.Debug|Any CPU.ActiveCfg = Debug|Any CPU
		{2D38EF27-F8E7-42C7-A64B-CADC5986A773}.Debug|Any CPU.Build.0 = Debug|Any CPU
		{2D38EF27-F8E7-42C7-A64B-CADC5986A773}.Release|Any CPU.ActiveCfg = Release|Any CPU
		{2D38EF27-F8E7-42C7-A64B-CADC5986A773}.Release|Any CPU.Build.0 = Release|Any CPU
		{5A217D74-C3AB-42E6-A2EE-80F091ABE848}.Debug|Any CPU.ActiveCfg = Debug|Any CPU
		{5A217D74-C3AB-42E6-A2EE-80F091ABE848}.Debug|Any CPU.Build.0 = Debug|Any CPU
		{5A217D74-C3AB-42E6-A2EE-80F091ABE848}.Release|Any CPU.ActiveCfg = Release|Any CPU
		{5A217D74-C3AB-42E6-A2EE-80F091ABE848}.Release|Any CPU.Build.0 = Release|Any CPU
		{8E0D37AB-6A73-4DDA-9187-860C8BE3A91F}.Debug|Any CPU.ActiveCfg = Debug|Any CPU
		{8E0D37AB-6A73-4DDA-9187-860C8BE3A91F}.Debug|Any CPU.Build.0 = Debug|Any CPU
		{8E0D37AB-6A73-4DDA-9187-860C8BE3A91F}.Release|Any CPU.ActiveCfg = Release|Any CPU
		{8E0D37AB-6A73-4DDA-9187-860C8BE3A91F}.Release|Any CPU.Build.0 = Release|Any CPU
		{BA90DAFB-9657-487D-986C-DEA55279C219}.Debug|Any CPU.ActiveCfg = Debug|Any CPU
		{BA90DAFB-9657-487D-986C-DEA55279C219}.Debug|Any CPU.Build.0 = Debug|Any CPU
		{BA90DAFB-9657-487D-986C-DEA55279C219}.Release|Any CPU.ActiveCfg = Release|Any CPU
		{BA90DAFB-9657-487D-986C-DEA55279C219}.Release|Any CPU.Build.0 = Release|Any CPU
		{8DDAD875-ADC4-4679-97E5-7158DE390B2B}.Debug|Any CPU.ActiveCfg = Debug|Any CPU
		{8DDAD875-ADC4-4679-97E5-7158DE390B2B}.Debug|Any CPU.Build.0 = Debug|Any CPU
		{8DDAD875-ADC4-4679-97E5-7158DE390B2B}.Release|Any CPU.ActiveCfg = Release|Any CPU
		{8DDAD875-ADC4-4679-97E5-7158DE390B2B}.Release|Any CPU.Build.0 = Release|Any CPU
		{F1739E98-0CAE-4BE0-8940-FBB6A86CE336}.Debug|Any CPU.ActiveCfg = Debug|Any CPU
		{F1739E98-0CAE-4BE0-8940-FBB6A86CE336}.Debug|Any CPU.Build.0 = Debug|Any CPU
		{F1739E98-0CAE-4BE0-8940-FBB6A86CE336}.Release|Any CPU.ActiveCfg = Release|Any CPU
		{F1739E98-0CAE-4BE0-8940-FBB6A86CE336}.Release|Any CPU.Build.0 = Release|Any CPU
		{7E3B4855-141B-491D-88D2-FA7847D3A993}.Debug|Any CPU.ActiveCfg = Debug|Any CPU
		{7E3B4855-141B-491D-88D2-FA7847D3A993}.Debug|Any CPU.Build.0 = Debug|Any CPU
		{7E3B4855-141B-491D-88D2-FA7847D3A993}.Release|Any CPU.ActiveCfg = Release|Any CPU
		{7E3B4855-141B-491D-88D2-FA7847D3A993}.Release|Any CPU.Build.0 = Release|Any CPU
		{5E9E1480-82F0-43A1-A47D-A80080A17C43}.Debug|Any CPU.ActiveCfg = Debug|Any CPU
		{5E9E1480-82F0-43A1-A47D-A80080A17C43}.Debug|Any CPU.Build.0 = Debug|Any CPU
		{5E9E1480-82F0-43A1-A47D-A80080A17C43}.Release|Any CPU.ActiveCfg = Release|Any CPU
		{5E9E1480-82F0-43A1-A47D-A80080A17C43}.Release|Any CPU.Build.0 = Release|Any CPU
		{F7666E3A-9B48-4080-BF73-73212D37C624}.Debug|Any CPU.ActiveCfg = Debug|Any CPU
		{F7666E3A-9B48-4080-BF73-73212D37C624}.Debug|Any CPU.Build.0 = Debug|Any CPU
		{F7666E3A-9B48-4080-BF73-73212D37C624}.Release|Any CPU.ActiveCfg = Release|Any CPU
		{F7666E3A-9B48-4080-BF73-73212D37C624}.Release|Any CPU.Build.0 = Release|Any CPU
		{CFBC6F51-A125-49AD-94A9-D460309140D5}.Debug|Any CPU.ActiveCfg = Debug|Any CPU
		{CFBC6F51-A125-49AD-94A9-D460309140D5}.Debug|Any CPU.Build.0 = Debug|Any CPU
		{CFBC6F51-A125-49AD-94A9-D460309140D5}.Release|Any CPU.ActiveCfg = Release|Any CPU
		{CFBC6F51-A125-49AD-94A9-D460309140D5}.Release|Any CPU.Build.0 = Release|Any CPU
		{D679C34A-B6C9-4AE8-BB38-07DBF2EDCBEA}.Debug|Any CPU.ActiveCfg = Debug|Any CPU
		{D679C34A-B6C9-4AE8-BB38-07DBF2EDCBEA}.Debug|Any CPU.Build.0 = Debug|Any CPU
		{D679C34A-B6C9-4AE8-BB38-07DBF2EDCBEA}.Release|Any CPU.ActiveCfg = Release|Any CPU
		{D679C34A-B6C9-4AE8-BB38-07DBF2EDCBEA}.Release|Any CPU.Build.0 = Release|Any CPU
		{615C6A34-EDE3-47D4-93CF-4112E7649CA4}.Debug|Any CPU.ActiveCfg = Debug|Any CPU
		{615C6A34-EDE3-47D4-93CF-4112E7649CA4}.Debug|Any CPU.Build.0 = Debug|Any CPU
		{615C6A34-EDE3-47D4-93CF-4112E7649CA4}.Release|Any CPU.ActiveCfg = Release|Any CPU
		{615C6A34-EDE3-47D4-93CF-4112E7649CA4}.Release|Any CPU.Build.0 = Release|Any CPU
		{F57077D1-58DD-4931-B0AF-35CDD5656995}.Debug|Any CPU.ActiveCfg = Debug|Any CPU
		{F57077D1-58DD-4931-B0AF-35CDD5656995}.Debug|Any CPU.Build.0 = Debug|Any CPU
		{F57077D1-58DD-4931-B0AF-35CDD5656995}.Release|Any CPU.ActiveCfg = Release|Any CPU
		{F57077D1-58DD-4931-B0AF-35CDD5656995}.Release|Any CPU.Build.0 = Release|Any CPU
		{6FF4B024-3DCC-4F9C-BC7E-FE109038114E}.Debug|Any CPU.ActiveCfg = Debug|Any CPU
		{6FF4B024-3DCC-4F9C-BC7E-FE109038114E}.Debug|Any CPU.Build.0 = Debug|Any CPU
		{6FF4B024-3DCC-4F9C-BC7E-FE109038114E}.Release|Any CPU.ActiveCfg = Release|Any CPU
		{6FF4B024-3DCC-4F9C-BC7E-FE109038114E}.Release|Any CPU.Build.0 = Release|Any CPU
		{02FAAAB0-D542-41B5-B3E7-ABC83E32AAA6}.Debug|Any CPU.ActiveCfg = Debug|Any CPU
		{02FAAAB0-D542-41B5-B3E7-ABC83E32AAA6}.Debug|Any CPU.Build.0 = Debug|Any CPU
		{02FAAAB0-D542-41B5-B3E7-ABC83E32AAA6}.Release|Any CPU.ActiveCfg = Release|Any CPU
		{02FAAAB0-D542-41B5-B3E7-ABC83E32AAA6}.Release|Any CPU.Build.0 = Release|Any CPU
	EndGlobalSection
EndGlobal
