
Microsoft Visual Studio Solution File, Format Version 12.00
# Visual Studio Version 16
VisualStudioVersion = 16.0.30114.105
MinimumVisualStudioVersion = 10.0.40219.1
Project("{FAE04EC0-301F-11D3-BF4B-00C04F79EFBC}") = "Day01", "Day01\Day01.csproj", "{575A9140-50D7-475C-ABE0-90A769C6C4ED}"
EndProject
Project("{FAE04EC0-301F-11D3-BF4B-00C04F79EFBC}") = "Day02", "Day02\Day02.csproj", "{E96E9055-D74B-41A1-B59D-7F57D840D5F3}"
EndProject
Project("{FAE04EC0-301F-11D3-BF4B-00C04F79EFBC}") = "Day03", "Day03\Day03.csproj", "{D465D5D2-D38B-4556-B873-B80149A68C5C}"
EndProject
Project("{FAE04EC0-301F-11D3-BF4B-00C04F79EFBC}") = "Day04", "Day04\Day04.csproj", "{3238B839-D14C-4C52-9929-9036604002EB}"
EndProject
Project("{FAE04EC0-301F-11D3-BF4B-00C04F79EFBC}") = "Day05", "Day05\Day05.csproj", "{37B08F87-FBF0-4C1C-9609-7EBD648DCD13}"
EndProject
Project("{FAE04EC0-301F-11D3-BF4B-00C04F79EFBC}") = "Day06", "Day06\Day06.csproj", "{6BBFDA0B-9DFD-4834-9845-D26E48A8DCEF}"
EndProject
Project("{FAE04EC0-301F-11D3-BF4B-00C04F79EFBC}") = "Day07", "Day07\Day07.csproj", "{64161C70-CF19-404B-AEE3-CB6991F8AD22}"
EndProject
Project("{FAE04EC0-301F-11D3-BF4B-00C04F79EFBC}") = "Day08", "Day08\Day08.csproj", "{70C10B81-06F0-4585-BC87-61351A1D542D}"
EndProject
Project("{FAE04EC0-301F-11D3-BF4B-00C04F79EFBC}") = "Day09", "Day09\Day09.csproj", "{8854FDEE-48E7-4CFF-9936-B05C763336BA}"
EndProject
Project("{FAE04EC0-301F-11D3-BF4B-00C04F79EFBC}") = "Day10", "Day10\Day10.csproj", "{14CD7F92-3876-42C7-BB46-654F0C99B226}"
EndProject
Project("{FAE04EC0-301F-11D3-BF4B-00C04F79EFBC}") = "Day11", "Day11\Day11.csproj", "{7D5B1258-0FA9-4A76-932D-A5BF9DCA812E}"
EndProject
Project("{FAE04EC0-301F-11D3-BF4B-00C04F79EFBC}") = "Day12", "Day12\Day12.csproj", "{E6F0AA11-2A5A-487E-9747-BF1C4AAFC8DA}"
EndProject
Project("{FAE04EC0-301F-11D3-BF4B-00C04F79EFBC}") = "Day13", "Day13\Day13.csproj", "{272A4F42-5CAA-428D-8C0F-98B29E8C0D7A}"
EndProject
Project("{FAE04EC0-301F-11D3-BF4B-00C04F79EFBC}") = "Day14", "Day14\Day14.csproj", "{CA1EB2FC-6145-45EB-A790-50601D3E0B34}"
EndProject
Project("{FAE04EC0-301F-11D3-BF4B-00C04F79EFBC}") = "Day15", "Day15\Day15.csproj", "{E8F6A9A2-6865-4A8D-86C2-63932BAC86BE}"
EndProject
Project("{FAE04EC0-301F-11D3-BF4B-00C04F79EFBC}") = "Day16", "Day16\Day16.csproj", "{167E60BF-30CE-47DC-971E-C88567ADE0E0}"
EndProject
Project("{FAE04EC0-301F-11D3-BF4B-00C04F79EFBC}") = "Day17", "Day17\Day17.csproj", "{74D81DAB-9FB8-441D-81CD-4D072D6A02AB}"
EndProject
Project("{FAE04EC0-301F-11D3-BF4B-00C04F79EFBC}") = "Day18", "Day18\Day18.csproj", "{80BB576C-E38A-433D-9C72-F29E5147681C}"
EndProject
Project("{FAE04EC0-301F-11D3-BF4B-00C04F79EFBC}") = "Day19", "Day19\Day19.csproj", "{A8EE3B37-56AD-40AE-A1E3-A305C49FFB82}"
EndProject
Project("{FAE04EC0-301F-11D3-BF4B-00C04F79EFBC}") = "Day20", "Day20\Day20.csproj", "{DB395F2B-2D4D-4D83-AFDD-97BE6AB563F3}"
EndProject
Project("{FAE04EC0-301F-11D3-BF4B-00C04F79EFBC}") = "Day21", "Day21\Day21.csproj", "{D0EC7ED0-51CC-4081-8A40-A62BBE89A7C6}"
EndProject
Project("{FAE04EC0-301F-11D3-BF4B-00C04F79EFBC}") = "Day22", "Day22\Day22.csproj", "{DD39D309-D495-4C6A-93E4-9AE4608C4E9E}"
EndProject
Project("{FAE04EC0-301F-11D3-BF4B-00C04F79EFBC}") = "Day23", "Day23\Day23.csproj", "{EA0BC95D-C0F9-480C-BDBC-EE400D9F57DA}"
EndProject
Project("{FAE04EC0-301F-11D3-BF4B-00C04F79EFBC}") = "Day24", "Day24\Day24.csproj", "{DD39764D-E541-4C85-AB2E-60697E5878F4}"
EndProject
Project("{FAE04EC0-301F-11D3-BF4B-00C04F79EFBC}") = "Day25", "Day25\Day25.csproj", "{5C5D8E1D-7F86-4B18-A707-8DDCAC9EA8E5}"
EndProject
Global
	GlobalSection(SolutionConfigurationPlatforms) = preSolution
		Debug|Any CPU = Debug|Any CPU
		Release|Any CPU = Release|Any CPU
	EndGlobalSection
	GlobalSection(SolutionProperties) = preSolution
		HideSolutionNode = FALSE
	EndGlobalSection
	GlobalSection(ProjectConfigurationPlatforms) = postSolution
		{575A9140-50D7-475C-ABE0-90A769C6C4ED}.Debug|Any CPU.ActiveCfg = Debug|Any CPU
		{575A9140-50D7-475C-ABE0-90A769C6C4ED}.Debug|Any CPU.Build.0 = Debug|Any CPU
		{575A9140-50D7-475C-ABE0-90A769C6C4ED}.Release|Any CPU.ActiveCfg = Release|Any CPU
		{575A9140-50D7-475C-ABE0-90A769C6C4ED}.Release|Any CPU.Build.0 = Release|Any CPU
		{E96E9055-D74B-41A1-B59D-7F57D840D5F3}.Debug|Any CPU.ActiveCfg = Debug|Any CPU
		{E96E9055-D74B-41A1-B59D-7F57D840D5F3}.Debug|Any CPU.Build.0 = Debug|Any CPU
		{E96E9055-D74B-41A1-B59D-7F57D840D5F3}.Release|Any CPU.ActiveCfg = Release|Any CPU
		{E96E9055-D74B-41A1-B59D-7F57D840D5F3}.Release|Any CPU.Build.0 = Release|Any CPU
		{D465D5D2-D38B-4556-B873-B80149A68C5C}.Debug|Any CPU.ActiveCfg = Debug|Any CPU
		{D465D5D2-D38B-4556-B873-B80149A68C5C}.Debug|Any CPU.Build.0 = Debug|Any CPU
		{D465D5D2-D38B-4556-B873-B80149A68C5C}.Release|Any CPU.ActiveCfg = Release|Any CPU
		{D465D5D2-D38B-4556-B873-B80149A68C5C}.Release|Any CPU.Build.0 = Release|Any CPU
		{3238B839-D14C-4C52-9929-9036604002EB}.Debug|Any CPU.ActiveCfg = Debug|Any CPU
		{3238B839-D14C-4C52-9929-9036604002EB}.Debug|Any CPU.Build.0 = Debug|Any CPU
		{3238B839-D14C-4C52-9929-9036604002EB}.Release|Any CPU.ActiveCfg = Release|Any CPU
		{3238B839-D14C-4C52-9929-9036604002EB}.Release|Any CPU.Build.0 = Release|Any CPU
		{37B08F87-FBF0-4C1C-9609-7EBD648DCD13}.Debug|Any CPU.ActiveCfg = Debug|Any CPU
		{37B08F87-FBF0-4C1C-9609-7EBD648DCD13}.Debug|Any CPU.Build.0 = Debug|Any CPU
		{37B08F87-FBF0-4C1C-9609-7EBD648DCD13}.Release|Any CPU.ActiveCfg = Release|Any CPU
		{37B08F87-FBF0-4C1C-9609-7EBD648DCD13}.Release|Any CPU.Build.0 = Release|Any CPU
		{6BBFDA0B-9DFD-4834-9845-D26E48A8DCEF}.Debug|Any CPU.ActiveCfg = Debug|Any CPU
		{6BBFDA0B-9DFD-4834-9845-D26E48A8DCEF}.Debug|Any CPU.Build.0 = Debug|Any CPU
		{6BBFDA0B-9DFD-4834-9845-D26E48A8DCEF}.Release|Any CPU.ActiveCfg = Release|Any CPU
		{6BBFDA0B-9DFD-4834-9845-D26E48A8DCEF}.Release|Any CPU.Build.0 = Release|Any CPU
		{64161C70-CF19-404B-AEE3-CB6991F8AD22}.Debug|Any CPU.ActiveCfg = Debug|Any CPU
		{64161C70-CF19-404B-AEE3-CB6991F8AD22}.Debug|Any CPU.Build.0 = Debug|Any CPU
		{64161C70-CF19-404B-AEE3-CB6991F8AD22}.Release|Any CPU.ActiveCfg = Release|Any CPU
		{64161C70-CF19-404B-AEE3-CB6991F8AD22}.Release|Any CPU.Build.0 = Release|Any CPU
		{70C10B81-06F0-4585-BC87-61351A1D542D}.Debug|Any CPU.ActiveCfg = Debug|Any CPU
		{70C10B81-06F0-4585-BC87-61351A1D542D}.Debug|Any CPU.Build.0 = Debug|Any CPU
		{70C10B81-06F0-4585-BC87-61351A1D542D}.Release|Any CPU.ActiveCfg = Release|Any CPU
		{70C10B81-06F0-4585-BC87-61351A1D542D}.Release|Any CPU.Build.0 = Release|Any CPU
		{8854FDEE-48E7-4CFF-9936-B05C763336BA}.Debug|Any CPU.ActiveCfg = Debug|Any CPU
		{8854FDEE-48E7-4CFF-9936-B05C763336BA}.Debug|Any CPU.Build.0 = Debug|Any CPU
		{8854FDEE-48E7-4CFF-9936-B05C763336BA}.Release|Any CPU.ActiveCfg = Release|Any CPU
		{8854FDEE-48E7-4CFF-9936-B05C763336BA}.Release|Any CPU.Build.0 = Release|Any CPU
		{14CD7F92-3876-42C7-BB46-654F0C99B226}.Debug|Any CPU.ActiveCfg = Debug|Any CPU
		{14CD7F92-3876-42C7-BB46-654F0C99B226}.Debug|Any CPU.Build.0 = Debug|Any CPU
		{14CD7F92-3876-42C7-BB46-654F0C99B226}.Release|Any CPU.ActiveCfg = Release|Any CPU
		{14CD7F92-3876-42C7-BB46-654F0C99B226}.Release|Any CPU.Build.0 = Release|Any CPU
		{7D5B1258-0FA9-4A76-932D-A5BF9DCA812E}.Debug|Any CPU.ActiveCfg = Debug|Any CPU
		{7D5B1258-0FA9-4A76-932D-A5BF9DCA812E}.Debug|Any CPU.Build.0 = Debug|Any CPU
		{7D5B1258-0FA9-4A76-932D-A5BF9DCA812E}.Release|Any CPU.ActiveCfg = Release|Any CPU
		{7D5B1258-0FA9-4A76-932D-A5BF9DCA812E}.Release|Any CPU.Build.0 = Release|Any CPU
		{E6F0AA11-2A5A-487E-9747-BF1C4AAFC8DA}.Debug|Any CPU.ActiveCfg = Debug|Any CPU
		{E6F0AA11-2A5A-487E-9747-BF1C4AAFC8DA}.Debug|Any CPU.Build.0 = Debug|Any CPU
		{E6F0AA11-2A5A-487E-9747-BF1C4AAFC8DA}.Release|Any CPU.ActiveCfg = Release|Any CPU
		{E6F0AA11-2A5A-487E-9747-BF1C4AAFC8DA}.Release|Any CPU.Build.0 = Release|Any CPU
		{272A4F42-5CAA-428D-8C0F-98B29E8C0D7A}.Debug|Any CPU.ActiveCfg = Debug|Any CPU
		{272A4F42-5CAA-428D-8C0F-98B29E8C0D7A}.Debug|Any CPU.Build.0 = Debug|Any CPU
		{272A4F42-5CAA-428D-8C0F-98B29E8C0D7A}.Release|Any CPU.ActiveCfg = Release|Any CPU
		{272A4F42-5CAA-428D-8C0F-98B29E8C0D7A}.Release|Any CPU.Build.0 = Release|Any CPU
		{CA1EB2FC-6145-45EB-A790-50601D3E0B34}.Debug|Any CPU.ActiveCfg = Debug|Any CPU
		{CA1EB2FC-6145-45EB-A790-50601D3E0B34}.Debug|Any CPU.Build.0 = Debug|Any CPU
		{CA1EB2FC-6145-45EB-A790-50601D3E0B34}.Release|Any CPU.ActiveCfg = Release|Any CPU
		{CA1EB2FC-6145-45EB-A790-50601D3E0B34}.Release|Any CPU.Build.0 = Release|Any CPU
		{E8F6A9A2-6865-4A8D-86C2-63932BAC86BE}.Debug|Any CPU.ActiveCfg = Debug|Any CPU
		{E8F6A9A2-6865-4A8D-86C2-63932BAC86BE}.Debug|Any CPU.Build.0 = Debug|Any CPU
		{E8F6A9A2-6865-4A8D-86C2-63932BAC86BE}.Release|Any CPU.ActiveCfg = Release|Any CPU
		{E8F6A9A2-6865-4A8D-86C2-63932BAC86BE}.Release|Any CPU.Build.0 = Release|Any CPU
		{167E60BF-30CE-47DC-971E-C88567ADE0E0}.Debug|Any CPU.ActiveCfg = Debug|Any CPU
		{167E60BF-30CE-47DC-971E-C88567ADE0E0}.Debug|Any CPU.Build.0 = Debug|Any CPU
		{167E60BF-30CE-47DC-971E-C88567ADE0E0}.Release|Any CPU.ActiveCfg = Release|Any CPU
		{167E60BF-30CE-47DC-971E-C88567ADE0E0}.Release|Any CPU.Build.0 = Release|Any CPU
		{74D81DAB-9FB8-441D-81CD-4D072D6A02AB}.Debug|Any CPU.ActiveCfg = Debug|Any CPU
		{74D81DAB-9FB8-441D-81CD-4D072D6A02AB}.Debug|Any CPU.Build.0 = Debug|Any CPU
		{74D81DAB-9FB8-441D-81CD-4D072D6A02AB}.Release|Any CPU.ActiveCfg = Release|Any CPU
		{74D81DAB-9FB8-441D-81CD-4D072D6A02AB}.Release|Any CPU.Build.0 = Release|Any CPU
		{80BB576C-E38A-433D-9C72-F29E5147681C}.Debug|Any CPU.ActiveCfg = Debug|Any CPU
		{80BB576C-E38A-433D-9C72-F29E5147681C}.Debug|Any CPU.Build.0 = Debug|Any CPU
		{80BB576C-E38A-433D-9C72-F29E5147681C}.Release|Any CPU.ActiveCfg = Release|Any CPU
		{80BB576C-E38A-433D-9C72-F29E5147681C}.Release|Any CPU.Build.0 = Release|Any CPU
		{A8EE3B37-56AD-40AE-A1E3-A305C49FFB82}.Debug|Any CPU.ActiveCfg = Debug|Any CPU
		{A8EE3B37-56AD-40AE-A1E3-A305C49FFB82}.Debug|Any CPU.Build.0 = Debug|Any CPU
		{A8EE3B37-56AD-40AE-A1E3-A305C49FFB82}.Release|Any CPU.ActiveCfg = Release|Any CPU
		{A8EE3B37-56AD-40AE-A1E3-A305C49FFB82}.Release|Any CPU.Build.0 = Release|Any CPU
		{DB395F2B-2D4D-4D83-AFDD-97BE6AB563F3}.Debug|Any CPU.ActiveCfg = Debug|Any CPU
		{DB395F2B-2D4D-4D83-AFDD-97BE6AB563F3}.Debug|Any CPU.Build.0 = Debug|Any CPU
		{DB395F2B-2D4D-4D83-AFDD-97BE6AB563F3}.Release|Any CPU.ActiveCfg = Release|Any CPU
		{DB395F2B-2D4D-4D83-AFDD-97BE6AB563F3}.Release|Any CPU.Build.0 = Release|Any CPU
		{D0EC7ED0-51CC-4081-8A40-A62BBE89A7C6}.Debug|Any CPU.ActiveCfg = Debug|Any CPU
		{D0EC7ED0-51CC-4081-8A40-A62BBE89A7C6}.Debug|Any CPU.Build.0 = Debug|Any CPU
		{D0EC7ED0-51CC-4081-8A40-A62BBE89A7C6}.Release|Any CPU.ActiveCfg = Release|Any CPU
		{D0EC7ED0-51CC-4081-8A40-A62BBE89A7C6}.Release|Any CPU.Build.0 = Release|Any CPU
		{DD39D309-D495-4C6A-93E4-9AE4608C4E9E}.Debug|Any CPU.ActiveCfg = Debug|Any CPU
		{DD39D309-D495-4C6A-93E4-9AE4608C4E9E}.Debug|Any CPU.Build.0 = Debug|Any CPU
		{DD39D309-D495-4C6A-93E4-9AE4608C4E9E}.Release|Any CPU.ActiveCfg = Release|Any CPU
		{DD39D309-D495-4C6A-93E4-9AE4608C4E9E}.Release|Any CPU.Build.0 = Release|Any CPU
		{EA0BC95D-C0F9-480C-BDBC-EE400D9F57DA}.Debug|Any CPU.ActiveCfg = Debug|Any CPU
		{EA0BC95D-C0F9-480C-BDBC-EE400D9F57DA}.Debug|Any CPU.Build.0 = Debug|Any CPU
		{EA0BC95D-C0F9-480C-BDBC-EE400D9F57DA}.Release|Any CPU.ActiveCfg = Release|Any CPU
		{EA0BC95D-C0F9-480C-BDBC-EE400D9F57DA}.Release|Any CPU.Build.0 = Release|Any CPU
		{DD39764D-E541-4C85-AB2E-60697E5878F4}.Debug|Any CPU.ActiveCfg = Debug|Any CPU
		{DD39764D-E541-4C85-AB2E-60697E5878F4}.Debug|Any CPU.Build.0 = Debug|Any CPU
		{DD39764D-E541-4C85-AB2E-60697E5878F4}.Release|Any CPU.ActiveCfg = Release|Any CPU
		{DD39764D-E541-4C85-AB2E-60697E5878F4}.Release|Any CPU.Build.0 = Release|Any CPU
		{5C5D8E1D-7F86-4B18-A707-8DDCAC9EA8E5}.Debug|Any CPU.ActiveCfg = Debug|Any CPU
		{5C5D8E1D-7F86-4B18-A707-8DDCAC9EA8E5}.Debug|Any CPU.Build.0 = Debug|Any CPU
		{5C5D8E1D-7F86-4B18-A707-8DDCAC9EA8E5}.Release|Any CPU.ActiveCfg = Release|Any CPU
		{5C5D8E1D-7F86-4B18-A707-8DDCAC9EA8E5}.Release|Any CPU.Build.0 = Release|Any CPU
	EndGlobalSection
EndGlobal
