
Microsoft Visual Studio Solution File, Format Version 12.00
# Visual Studio Version 16
VisualStudioVersion = 16.0.30114.105
MinimumVisualStudioVersion = 10.0.40219.1
Project("{FAE04EC0-301F-11D3-BF4B-00C04F79EFBC}") = "AoC.2016.Day01", "Day01\AoC.2016.Day01.csproj", "{15F285D2-CD57-496F-8B48-D31C34459AEF}"
EndProject
Project("{FAE04EC0-301F-11D3-BF4B-00C04F79EFBC}") = "AoC.2016.Day02", "Day02\AoC.2016.Day02.csproj", "{0A156732-B8D6-4CEA-8732-E59B945AC03E}"
EndProject
Project("{FAE04EC0-301F-11D3-BF4B-00C04F79EFBC}") = "AoC.2016.Day03", "Day03\AoC.2016.Day03.csproj", "{4BDDFF74-0B7C-49AE-8BB9-2A8C5FF6ACCF}"
EndProject
Project("{FAE04EC0-301F-11D3-BF4B-00C04F79EFBC}") = "AoC.2016.Day04", "Day04\AoC.2016.Day04.csproj", "{57A104F0-0DFD-49F1-AE71-8FC227647280}"
EndProject
Project("{FAE04EC0-301F-11D3-BF4B-00C04F79EFBC}") = "AoC.2016.Day05", "Day05\AoC.2016.Day05.csproj", "{F0013C04-C044-4EFF-897C-E9044357D0EC}"
EndProject
Project("{FAE04EC0-301F-11D3-BF4B-00C04F79EFBC}") = "AoC.2016.Day06", "Day06\AoC.2016.Day06.csproj", "{B99F6935-EE62-4818-87F1-BB99F62F43A4}"
EndProject
Project("{FAE04EC0-301F-11D3-BF4B-00C04F79EFBC}") = "AoC.2016.Day07", "Day07\AoC.2016.Day07.csproj", "{BCD3F337-F01D-4417-AB25-338CB100C081}"
EndProject
Project("{FAE04EC0-301F-11D3-BF4B-00C04F79EFBC}") = "AoC.2016.Day08", "Day08\AoC.2016.Day08.csproj", "{4AC1205A-0306-4EF0-AA42-DEF710DF8D75}"
EndProject
Project("{FAE04EC0-301F-11D3-BF4B-00C04F79EFBC}") = "AoC.2016.Day09", "Day09\AoC.2016.Day09.csproj", "{83E24727-BFE6-42EA-8B44-CD4757797896}"
EndProject
Project("{FAE04EC0-301F-11D3-BF4B-00C04F79EFBC}") = "AoC.2016.Day10", "Day10\AoC.2016.Day10.csproj", "{56B1AE70-69CA-4A35-9F01-00529997F8F8}"
EndProject
Project("{FAE04EC0-301F-11D3-BF4B-00C04F79EFBC}") = "AoC.2016.Day11", "Day11\AoC.2016.Day11.csproj", "{2A57D015-8EF9-4D91-B8F5-1E8DF4779D03}"
EndProject
Project("{FAE04EC0-301F-11D3-BF4B-00C04F79EFBC}") = "AoC.2016.Day12", "Day12\AoC.2016.Day12.csproj", "{9DD78BAA-7D3C-4DFA-BEFC-2F367F2148B4}"
EndProject
Project("{FAE04EC0-301F-11D3-BF4B-00C04F79EFBC}") = "AoC.2016.Day13", "Day13\AoC.2016.Day13.csproj", "{F1934277-62DE-4D5D-85F5-F82D8F185DD2}"
EndProject
Project("{FAE04EC0-301F-11D3-BF4B-00C04F79EFBC}") = "AoC.2016.Day14", "Day14\AoC.2016.Day14.csproj", "{5C280BFC-F41C-4BF7-BD5F-1B512BF11ECF}"
EndProject
Project("{FAE04EC0-301F-11D3-BF4B-00C04F79EFBC}") = "AoC.2016.Day15", "Day15\AoC.2016.Day15.csproj", "{B6106DAB-8DFB-480D-BA74-399B92235184}"
EndProject
Project("{FAE04EC0-301F-11D3-BF4B-00C04F79EFBC}") = "AoC.2016.Day16", "Day16\AoC.2016.Day16.csproj", "{5896D95D-2434-49D0-94FD-5D6F31BBFEAD}"
EndProject
Project("{FAE04EC0-301F-11D3-BF4B-00C04F79EFBC}") = "AoC.2016.Day17", "Day17\AoC.2016.Day17.csproj", "{237C3194-ECA4-4B93-B302-1CD9577B4908}"
EndProject
Project("{FAE04EC0-301F-11D3-BF4B-00C04F79EFBC}") = "AoC.2016.Day18", "Day18\AoC.2016.Day18.csproj", "{C5570C9B-DFD1-4AFD-B5D0-D02FB6AD6F70}"
EndProject
Project("{FAE04EC0-301F-11D3-BF4B-00C04F79EFBC}") = "AoC.2016.Day19", "Day19\AoC.2016.Day19.csproj", "{07A91409-AF3C-4460-97FD-35B77D11BF5E}"
EndProject
Project("{FAE04EC0-301F-11D3-BF4B-00C04F79EFBC}") = "AoC.2016.Day20", "Day20\AoC.2016.Day20.csproj", "{2E362846-FD34-4AAE-BE0C-92736C85E519}"
EndProject
Project("{FAE04EC0-301F-11D3-BF4B-00C04F79EFBC}") = "AoC.2016.Day21", "Day21\AoC.2016.Day21.csproj", "{05EF705C-2E28-40D9-A9AD-EF672E7CE025}"
EndProject
Project("{FAE04EC0-301F-11D3-BF4B-00C04F79EFBC}") = "AoC.2016.Day22", "Day22\AoC.2016.Day22.csproj", "{9E809798-DBAF-40C8-9C3D-D7FC795265E6}"
EndProject
Project("{FAE04EC0-301F-11D3-BF4B-00C04F79EFBC}") = "AoC.2016.Day23", "Day23\AoC.2016.Day23.csproj", "{A9281E88-9C8E-4852-B0D5-4227A955EE6F}"
EndProject
Project("{FAE04EC0-301F-11D3-BF4B-00C04F79EFBC}") = "AoC.2016.Day24", "Day24\AoC.2016.Day24.csproj", "{C54F40A0-361F-496E-BAA2-2BFA5427CCFB}"
EndProject
Project("{FAE04EC0-301F-11D3-BF4B-00C04F79EFBC}") = "AoC.2016.Day25", "Day25\AoC.2016.Day25.csproj", "{D1F52CB1-6786-437E-BE0E-3F01CD888D22}"
EndProject
Global
	GlobalSection(SolutionConfigurationPlatforms) = preSolution
		Debug|Any CPU = Debug|Any CPU
		Release|Any CPU = Release|Any CPU
	EndGlobalSection
	GlobalSection(SolutionProperties) = preSolution
		HideSolutionNode = FALSE
	EndGlobalSection
	GlobalSection(ProjectConfigurationPlatforms) = postSolution
		{15F285D2-CD57-496F-8B48-D31C34459AEF}.Debug|Any CPU.ActiveCfg = Debug|Any CPU
		{15F285D2-CD57-496F-8B48-D31C34459AEF}.Debug|Any CPU.Build.0 = Debug|Any CPU
		{15F285D2-CD57-496F-8B48-D31C34459AEF}.Release|Any CPU.ActiveCfg = Release|Any CPU
		{15F285D2-CD57-496F-8B48-D31C34459AEF}.Release|Any CPU.Build.0 = Release|Any CPU
		{0A156732-B8D6-4CEA-8732-E59B945AC03E}.Debug|Any CPU.ActiveCfg = Debug|Any CPU
		{0A156732-B8D6-4CEA-8732-E59B945AC03E}.Debug|Any CPU.Build.0 = Debug|Any CPU
		{0A156732-B8D6-4CEA-8732-E59B945AC03E}.Release|Any CPU.ActiveCfg = Release|Any CPU
		{0A156732-B8D6-4CEA-8732-E59B945AC03E}.Release|Any CPU.Build.0 = Release|Any CPU
		{4BDDFF74-0B7C-49AE-8BB9-2A8C5FF6ACCF}.Debug|Any CPU.ActiveCfg = Debug|Any CPU
		{4BDDFF74-0B7C-49AE-8BB9-2A8C5FF6ACCF}.Debug|Any CPU.Build.0 = Debug|Any CPU
		{4BDDFF74-0B7C-49AE-8BB9-2A8C5FF6ACCF}.Release|Any CPU.ActiveCfg = Release|Any CPU
		{4BDDFF74-0B7C-49AE-8BB9-2A8C5FF6ACCF}.Release|Any CPU.Build.0 = Release|Any CPU
		{57A104F0-0DFD-49F1-AE71-8FC227647280}.Debug|Any CPU.ActiveCfg = Debug|Any CPU
		{57A104F0-0DFD-49F1-AE71-8FC227647280}.Debug|Any CPU.Build.0 = Debug|Any CPU
		{57A104F0-0DFD-49F1-AE71-8FC227647280}.Release|Any CPU.ActiveCfg = Release|Any CPU
		{57A104F0-0DFD-49F1-AE71-8FC227647280}.Release|Any CPU.Build.0 = Release|Any CPU
		{F0013C04-C044-4EFF-897C-E9044357D0EC}.Debug|Any CPU.ActiveCfg = Debug|Any CPU
		{F0013C04-C044-4EFF-897C-E9044357D0EC}.Debug|Any CPU.Build.0 = Debug|Any CPU
		{F0013C04-C044-4EFF-897C-E9044357D0EC}.Release|Any CPU.ActiveCfg = Release|Any CPU
		{F0013C04-C044-4EFF-897C-E9044357D0EC}.Release|Any CPU.Build.0 = Release|Any CPU
		{B99F6935-EE62-4818-87F1-BB99F62F43A4}.Debug|Any CPU.ActiveCfg = Debug|Any CPU
		{B99F6935-EE62-4818-87F1-BB99F62F43A4}.Debug|Any CPU.Build.0 = Debug|Any CPU
		{B99F6935-EE62-4818-87F1-BB99F62F43A4}.Release|Any CPU.ActiveCfg = Release|Any CPU
		{B99F6935-EE62-4818-87F1-BB99F62F43A4}.Release|Any CPU.Build.0 = Release|Any CPU
		{BCD3F337-F01D-4417-AB25-338CB100C081}.Debug|Any CPU.ActiveCfg = Debug|Any CPU
		{BCD3F337-F01D-4417-AB25-338CB100C081}.Debug|Any CPU.Build.0 = Debug|Any CPU
		{BCD3F337-F01D-4417-AB25-338CB100C081}.Release|Any CPU.ActiveCfg = Release|Any CPU
		{BCD3F337-F01D-4417-AB25-338CB100C081}.Release|Any CPU.Build.0 = Release|Any CPU
		{4AC1205A-0306-4EF0-AA42-DEF710DF8D75}.Debug|Any CPU.ActiveCfg = Debug|Any CPU
		{4AC1205A-0306-4EF0-AA42-DEF710DF8D75}.Debug|Any CPU.Build.0 = Debug|Any CPU
		{4AC1205A-0306-4EF0-AA42-DEF710DF8D75}.Release|Any CPU.ActiveCfg = Release|Any CPU
		{4AC1205A-0306-4EF0-AA42-DEF710DF8D75}.Release|Any CPU.Build.0 = Release|Any CPU
		{83E24727-BFE6-42EA-8B44-CD4757797896}.Debug|Any CPU.ActiveCfg = Debug|Any CPU
		{83E24727-BFE6-42EA-8B44-CD4757797896}.Debug|Any CPU.Build.0 = Debug|Any CPU
		{83E24727-BFE6-42EA-8B44-CD4757797896}.Release|Any CPU.ActiveCfg = Release|Any CPU
		{83E24727-BFE6-42EA-8B44-CD4757797896}.Release|Any CPU.Build.0 = Release|Any CPU
		{56B1AE70-69CA-4A35-9F01-00529997F8F8}.Debug|Any CPU.ActiveCfg = Debug|Any CPU
		{56B1AE70-69CA-4A35-9F01-00529997F8F8}.Debug|Any CPU.Build.0 = Debug|Any CPU
		{56B1AE70-69CA-4A35-9F01-00529997F8F8}.Release|Any CPU.ActiveCfg = Release|Any CPU
		{56B1AE70-69CA-4A35-9F01-00529997F8F8}.Release|Any CPU.Build.0 = Release|Any CPU
		{2A57D015-8EF9-4D91-B8F5-1E8DF4779D03}.Debug|Any CPU.ActiveCfg = Debug|Any CPU
		{2A57D015-8EF9-4D91-B8F5-1E8DF4779D03}.Debug|Any CPU.Build.0 = Debug|Any CPU
		{2A57D015-8EF9-4D91-B8F5-1E8DF4779D03}.Release|Any CPU.ActiveCfg = Release|Any CPU
		{2A57D015-8EF9-4D91-B8F5-1E8DF4779D03}.Release|Any CPU.Build.0 = Release|Any CPU
		{9DD78BAA-7D3C-4DFA-BEFC-2F367F2148B4}.Debug|Any CPU.ActiveCfg = Debug|Any CPU
		{9DD78BAA-7D3C-4DFA-BEFC-2F367F2148B4}.Debug|Any CPU.Build.0 = Debug|Any CPU
		{9DD78BAA-7D3C-4DFA-BEFC-2F367F2148B4}.Release|Any CPU.ActiveCfg = Release|Any CPU
		{9DD78BAA-7D3C-4DFA-BEFC-2F367F2148B4}.Release|Any CPU.Build.0 = Release|Any CPU
		{F1934277-62DE-4D5D-85F5-F82D8F185DD2}.Debug|Any CPU.ActiveCfg = Debug|Any CPU
		{F1934277-62DE-4D5D-85F5-F82D8F185DD2}.Debug|Any CPU.Build.0 = Debug|Any CPU
		{F1934277-62DE-4D5D-85F5-F82D8F185DD2}.Release|Any CPU.ActiveCfg = Release|Any CPU
		{F1934277-62DE-4D5D-85F5-F82D8F185DD2}.Release|Any CPU.Build.0 = Release|Any CPU
		{5C280BFC-F41C-4BF7-BD5F-1B512BF11ECF}.Debug|Any CPU.ActiveCfg = Debug|Any CPU
		{5C280BFC-F41C-4BF7-BD5F-1B512BF11ECF}.Debug|Any CPU.Build.0 = Debug|Any CPU
		{5C280BFC-F41C-4BF7-BD5F-1B512BF11ECF}.Release|Any CPU.ActiveCfg = Release|Any CPU
		{5C280BFC-F41C-4BF7-BD5F-1B512BF11ECF}.Release|Any CPU.Build.0 = Release|Any CPU
		{B6106DAB-8DFB-480D-BA74-399B92235184}.Debug|Any CPU.ActiveCfg = Debug|Any CPU
		{B6106DAB-8DFB-480D-BA74-399B92235184}.Debug|Any CPU.Build.0 = Debug|Any CPU
		{B6106DAB-8DFB-480D-BA74-399B92235184}.Release|Any CPU.ActiveCfg = Release|Any CPU
		{B6106DAB-8DFB-480D-BA74-399B92235184}.Release|Any CPU.Build.0 = Release|Any CPU
		{5896D95D-2434-49D0-94FD-5D6F31BBFEAD}.Debug|Any CPU.ActiveCfg = Debug|Any CPU
		{5896D95D-2434-49D0-94FD-5D6F31BBFEAD}.Debug|Any CPU.Build.0 = Debug|Any CPU
		{5896D95D-2434-49D0-94FD-5D6F31BBFEAD}.Release|Any CPU.ActiveCfg = Release|Any CPU
		{5896D95D-2434-49D0-94FD-5D6F31BBFEAD}.Release|Any CPU.Build.0 = Release|Any CPU
		{237C3194-ECA4-4B93-B302-1CD9577B4908}.Debug|Any CPU.ActiveCfg = Debug|Any CPU
		{237C3194-ECA4-4B93-B302-1CD9577B4908}.Debug|Any CPU.Build.0 = Debug|Any CPU
		{237C3194-ECA4-4B93-B302-1CD9577B4908}.Release|Any CPU.ActiveCfg = Release|Any CPU
		{237C3194-ECA4-4B93-B302-1CD9577B4908}.Release|Any CPU.Build.0 = Release|Any CPU
		{C5570C9B-DFD1-4AFD-B5D0-D02FB6AD6F70}.Debug|Any CPU.ActiveCfg = Debug|Any CPU
		{C5570C9B-DFD1-4AFD-B5D0-D02FB6AD6F70}.Debug|Any CPU.Build.0 = Debug|Any CPU
		{C5570C9B-DFD1-4AFD-B5D0-D02FB6AD6F70}.Release|Any CPU.ActiveCfg = Release|Any CPU
		{C5570C9B-DFD1-4AFD-B5D0-D02FB6AD6F70}.Release|Any CPU.Build.0 = Release|Any CPU
		{07A91409-AF3C-4460-97FD-35B77D11BF5E}.Debug|Any CPU.ActiveCfg = Debug|Any CPU
		{07A91409-AF3C-4460-97FD-35B77D11BF5E}.Debug|Any CPU.Build.0 = Debug|Any CPU
		{07A91409-AF3C-4460-97FD-35B77D11BF5E}.Release|Any CPU.ActiveCfg = Release|Any CPU
		{07A91409-AF3C-4460-97FD-35B77D11BF5E}.Release|Any CPU.Build.0 = Release|Any CPU
		{2E362846-FD34-4AAE-BE0C-92736C85E519}.Debug|Any CPU.ActiveCfg = Debug|Any CPU
		{2E362846-FD34-4AAE-BE0C-92736C85E519}.Debug|Any CPU.Build.0 = Debug|Any CPU
		{2E362846-FD34-4AAE-BE0C-92736C85E519}.Release|Any CPU.ActiveCfg = Release|Any CPU
		{2E362846-FD34-4AAE-BE0C-92736C85E519}.Release|Any CPU.Build.0 = Release|Any CPU
		{05EF705C-2E28-40D9-A9AD-EF672E7CE025}.Debug|Any CPU.ActiveCfg = Debug|Any CPU
		{05EF705C-2E28-40D9-A9AD-EF672E7CE025}.Debug|Any CPU.Build.0 = Debug|Any CPU
		{05EF705C-2E28-40D9-A9AD-EF672E7CE025}.Release|Any CPU.ActiveCfg = Release|Any CPU
		{05EF705C-2E28-40D9-A9AD-EF672E7CE025}.Release|Any CPU.Build.0 = Release|Any CPU
		{9E809798-DBAF-40C8-9C3D-D7FC795265E6}.Debug|Any CPU.ActiveCfg = Debug|Any CPU
		{9E809798-DBAF-40C8-9C3D-D7FC795265E6}.Debug|Any CPU.Build.0 = Debug|Any CPU
		{9E809798-DBAF-40C8-9C3D-D7FC795265E6}.Release|Any CPU.ActiveCfg = Release|Any CPU
		{9E809798-DBAF-40C8-9C3D-D7FC795265E6}.Release|Any CPU.Build.0 = Release|Any CPU
		{A9281E88-9C8E-4852-B0D5-4227A955EE6F}.Debug|Any CPU.ActiveCfg = Debug|Any CPU
		{A9281E88-9C8E-4852-B0D5-4227A955EE6F}.Debug|Any CPU.Build.0 = Debug|Any CPU
		{A9281E88-9C8E-4852-B0D5-4227A955EE6F}.Release|Any CPU.ActiveCfg = Release|Any CPU
		{A9281E88-9C8E-4852-B0D5-4227A955EE6F}.Release|Any CPU.Build.0 = Release|Any CPU
		{C54F40A0-361F-496E-BAA2-2BFA5427CCFB}.Debug|Any CPU.ActiveCfg = Debug|Any CPU
		{C54F40A0-361F-496E-BAA2-2BFA5427CCFB}.Debug|Any CPU.Build.0 = Debug|Any CPU
		{C54F40A0-361F-496E-BAA2-2BFA5427CCFB}.Release|Any CPU.ActiveCfg = Release|Any CPU
		{C54F40A0-361F-496E-BAA2-2BFA5427CCFB}.Release|Any CPU.Build.0 = Release|Any CPU
		{D1F52CB1-6786-437E-BE0E-3F01CD888D22}.Debug|Any CPU.ActiveCfg = Debug|Any CPU
		{D1F52CB1-6786-437E-BE0E-3F01CD888D22}.Debug|Any CPU.Build.0 = Debug|Any CPU
		{D1F52CB1-6786-437E-BE0E-3F01CD888D22}.Release|Any CPU.ActiveCfg = Release|Any CPU
		{D1F52CB1-6786-437E-BE0E-3F01CD888D22}.Release|Any CPU.Build.0 = Release|Any CPU
	EndGlobalSection
EndGlobal
