
Microsoft Visual Studio Solution File, Format Version 12.00
# Visual Studio Version 16
VisualStudioVersion = 16.0.30114.105
MinimumVisualStudioVersion = 10.0.40219.1
Project("{FAE04EC0-301F-11D3-BF4B-00C04F79EFBC}") = "AoC.2020.Day01", "Day01\AoC.2020.Day01.csproj", "{A0F8A66C-28C6-43AE-B1D2-0123C1A42213}"
EndProject
Project("{FAE04EC0-301F-11D3-BF4B-00C04F79EFBC}") = "AoC.2020.Day02", "Day02\AoC.2020.Day02.csproj", "{20745275-0C89-4467-A9F3-0C59F957D3C2}"
EndProject
Project("{FAE04EC0-301F-11D3-BF4B-00C04F79EFBC}") = "AoC.2020.Day03", "Day03\AoC.2020.Day03.csproj", "{F235D02F-0FF1-4101-A52A-36A4C2C9353B}"
EndProject
Project("{FAE04EC0-301F-11D3-BF4B-00C04F79EFBC}") = "AoC.2020.Day04", "Day04\AoC.2020.Day04.csproj", "{2B9C3AD8-EB74-47E1-8EF3-9EA536348EE4}"
EndProject
Project("{FAE04EC0-301F-11D3-BF4B-00C04F79EFBC}") = "AoC.2020.Day05", "Day05\AoC.2020.Day05.csproj", "{7996110F-C154-4A12-BA5A-AB58D848D109}"
EndProject
Project("{FAE04EC0-301F-11D3-BF4B-00C04F79EFBC}") = "AoC.2020.Day06", "Day06\AoC.2020.Day06.csproj", "{FEA8B093-F74A-41F3-B374-6DA86D6C261C}"
EndProject
Project("{FAE04EC0-301F-11D3-BF4B-00C04F79EFBC}") = "AoC.2020.Day07", "Day07\AoC.2020.Day07.csproj", "{9E314ECA-187E-4FD6-9EB5-C5F69691EFE4}"
EndProject
Project("{FAE04EC0-301F-11D3-BF4B-00C04F79EFBC}") = "AoC.2020.Day08", "Day08\AoC.2020.Day08.csproj", "{88959B90-9628-4688-8050-E367AA345B89}"
EndProject
Project("{FAE04EC0-301F-11D3-BF4B-00C04F79EFBC}") = "AoC.2020.Day09", "Day09\AoC.2020.Day09.csproj", "{FF2EF5FD-A144-486C-950B-63B87B85EBBA}"
EndProject
Project("{FAE04EC0-301F-11D3-BF4B-00C04F79EFBC}") = "AoC.2020.Day10", "Day10\AoC.2020.Day10.csproj", "{CC160422-7213-489A-A4BC-C1DE35C4E52F}"
EndProject
Project("{FAE04EC0-301F-11D3-BF4B-00C04F79EFBC}") = "AoC.2020.Day11", "Day11\AoC.2020.Day11.csproj", "{B2FFC41D-5B47-4638-B936-D1B335C53D13}"
EndProject
Project("{FAE04EC0-301F-11D3-BF4B-00C04F79EFBC}") = "AoC.2020.Day12", "Day12\AoC.2020.Day12.csproj", "{76E400AD-20D4-4158-8A90-F81349259E1D}"
EndProject
Project("{FAE04EC0-301F-11D3-BF4B-00C04F79EFBC}") = "AoC.2020.Day13", "Day13\AoC.2020.Day13.csproj", "{8C465774-77CB-4EE2-8246-07ADD0846EAE}"
EndProject
Project("{FAE04EC0-301F-11D3-BF4B-00C04F79EFBC}") = "AoC.2020.Day14", "Day14\AoC.2020.Day14.csproj", "{FC2751AA-49BA-4F37-9591-80183B9C89E7}"
EndProject
Project("{FAE04EC0-301F-11D3-BF4B-00C04F79EFBC}") = "AoC.2020.Day15", "Day15\AoC.2020.Day15.csproj", "{E73C827C-24DF-438B-9465-015EC3210308}"
EndProject
Project("{FAE04EC0-301F-11D3-BF4B-00C04F79EFBC}") = "AoC.2020.Day16", "Day16\AoC.2020.Day16.csproj", "{D4A3D913-1923-4A0C-9719-BF0DD84CAB76}"
EndProject
Project("{FAE04EC0-301F-11D3-BF4B-00C04F79EFBC}") = "AoC.2020.Day17", "Day17\AoC.2020.Day17.csproj", "{A726A77F-DAD0-4EC7-B5FC-C09ED6434B04}"
EndProject
Project("{FAE04EC0-301F-11D3-BF4B-00C04F79EFBC}") = "AoC.2020.Day18", "Day18\AoC.2020.Day18.csproj", "{11DFF9D1-7053-4DFB-A6DC-A3DF7686C691}"
EndProject
Project("{FAE04EC0-301F-11D3-BF4B-00C04F79EFBC}") = "AoC.2020.Day19", "Day19\AoC.2020.Day19.csproj", "{AEDC6E5F-3826-4307-AC79-D97440EEA9C7}"
EndProject
Project("{FAE04EC0-301F-11D3-BF4B-00C04F79EFBC}") = "AoC.2020.Day20", "Day20\AoC.2020.Day20.csproj", "{676DAC48-7B4C-428B-B829-4CE1A93D4CC6}"
EndProject
Project("{FAE04EC0-301F-11D3-BF4B-00C04F79EFBC}") = "AoC.2020.Day21", "Day21\AoC.2020.Day21.csproj", "{7353F2EC-C4CE-4D1F-9DC2-E157F29CAB25}"
EndProject
Project("{FAE04EC0-301F-11D3-BF4B-00C04F79EFBC}") = "AoC.2020.Day22", "Day22\AoC.2020.Day22.csproj", "{CD82D445-A93B-4F3C-A6B9-DE802EB877BF}"
EndProject
Project("{FAE04EC0-301F-11D3-BF4B-00C04F79EFBC}") = "AoC.2020.Day23", "Day23\AoC.2020.Day23.csproj", "{BF12D911-9EB6-44EB-8599-458D30A1AB70}"
EndProject
Project("{FAE04EC0-301F-11D3-BF4B-00C04F79EFBC}") = "AoC.2020.Day24", "Day24\AoC.2020.Day24.csproj", "{A1549B1A-E1AC-4B41-845F-BC6EDC724179}"
EndProject
Project("{FAE04EC0-301F-11D3-BF4B-00C04F79EFBC}") = "AoC.2020.Day25", "Day25\AoC.2020.Day25.csproj", "{F81B3929-9DED-4994-BDFE-8844D74F3BF8}"
EndProject
Global
	GlobalSection(SolutionConfigurationPlatforms) = preSolution
		Debug|Any CPU = Debug|Any CPU
		Release|Any CPU = Release|Any CPU
	EndGlobalSection
	GlobalSection(SolutionProperties) = preSolution
		HideSolutionNode = FALSE
	EndGlobalSection
	GlobalSection(ProjectConfigurationPlatforms) = postSolution
		{A0F8A66C-28C6-43AE-B1D2-0123C1A42213}.Debug|Any CPU.ActiveCfg = Debug|Any CPU
		{A0F8A66C-28C6-43AE-B1D2-0123C1A42213}.Debug|Any CPU.Build.0 = Debug|Any CPU
		{A0F8A66C-28C6-43AE-B1D2-0123C1A42213}.Release|Any CPU.ActiveCfg = Release|Any CPU
		{A0F8A66C-28C6-43AE-B1D2-0123C1A42213}.Release|Any CPU.Build.0 = Release|Any CPU
		{20745275-0C89-4467-A9F3-0C59F957D3C2}.Debug|Any CPU.ActiveCfg = Debug|Any CPU
		{20745275-0C89-4467-A9F3-0C59F957D3C2}.Debug|Any CPU.Build.0 = Debug|Any CPU
		{20745275-0C89-4467-A9F3-0C59F957D3C2}.Release|Any CPU.ActiveCfg = Release|Any CPU
		{20745275-0C89-4467-A9F3-0C59F957D3C2}.Release|Any CPU.Build.0 = Release|Any CPU
		{F235D02F-0FF1-4101-A52A-36A4C2C9353B}.Debug|Any CPU.ActiveCfg = Debug|Any CPU
		{F235D02F-0FF1-4101-A52A-36A4C2C9353B}.Debug|Any CPU.Build.0 = Debug|Any CPU
		{F235D02F-0FF1-4101-A52A-36A4C2C9353B}.Release|Any CPU.ActiveCfg = Release|Any CPU
		{F235D02F-0FF1-4101-A52A-36A4C2C9353B}.Release|Any CPU.Build.0 = Release|Any CPU
		{2B9C3AD8-EB74-47E1-8EF3-9EA536348EE4}.Debug|Any CPU.ActiveCfg = Debug|Any CPU
		{2B9C3AD8-EB74-47E1-8EF3-9EA536348EE4}.Debug|Any CPU.Build.0 = Debug|Any CPU
		{2B9C3AD8-EB74-47E1-8EF3-9EA536348EE4}.Release|Any CPU.ActiveCfg = Release|Any CPU
		{2B9C3AD8-EB74-47E1-8EF3-9EA536348EE4}.Release|Any CPU.Build.0 = Release|Any CPU
		{7996110F-C154-4A12-BA5A-AB58D848D109}.Debug|Any CPU.ActiveCfg = Debug|Any CPU
		{7996110F-C154-4A12-BA5A-AB58D848D109}.Debug|Any CPU.Build.0 = Debug|Any CPU
		{7996110F-C154-4A12-BA5A-AB58D848D109}.Release|Any CPU.ActiveCfg = Release|Any CPU
		{7996110F-C154-4A12-BA5A-AB58D848D109}.Release|Any CPU.Build.0 = Release|Any CPU
		{FEA8B093-F74A-41F3-B374-6DA86D6C261C}.Debug|Any CPU.ActiveCfg = Debug|Any CPU
		{FEA8B093-F74A-41F3-B374-6DA86D6C261C}.Debug|Any CPU.Build.0 = Debug|Any CPU
		{FEA8B093-F74A-41F3-B374-6DA86D6C261C}.Release|Any CPU.ActiveCfg = Release|Any CPU
		{FEA8B093-F74A-41F3-B374-6DA86D6C261C}.Release|Any CPU.Build.0 = Release|Any CPU
		{9E314ECA-187E-4FD6-9EB5-C5F69691EFE4}.Debug|Any CPU.ActiveCfg = Debug|Any CPU
		{9E314ECA-187E-4FD6-9EB5-C5F69691EFE4}.Debug|Any CPU.Build.0 = Debug|Any CPU
		{9E314ECA-187E-4FD6-9EB5-C5F69691EFE4}.Release|Any CPU.ActiveCfg = Release|Any CPU
		{9E314ECA-187E-4FD6-9EB5-C5F69691EFE4}.Release|Any CPU.Build.0 = Release|Any CPU
		{88959B90-9628-4688-8050-E367AA345B89}.Debug|Any CPU.ActiveCfg = Debug|Any CPU
		{88959B90-9628-4688-8050-E367AA345B89}.Debug|Any CPU.Build.0 = Debug|Any CPU
		{88959B90-9628-4688-8050-E367AA345B89}.Release|Any CPU.ActiveCfg = Release|Any CPU
		{88959B90-9628-4688-8050-E367AA345B89}.Release|Any CPU.Build.0 = Release|Any CPU
		{FF2EF5FD-A144-486C-950B-63B87B85EBBA}.Debug|Any CPU.ActiveCfg = Debug|Any CPU
		{FF2EF5FD-A144-486C-950B-63B87B85EBBA}.Debug|Any CPU.Build.0 = Debug|Any CPU
		{FF2EF5FD-A144-486C-950B-63B87B85EBBA}.Release|Any CPU.ActiveCfg = Release|Any CPU
		{FF2EF5FD-A144-486C-950B-63B87B85EBBA}.Release|Any CPU.Build.0 = Release|Any CPU
		{CC160422-7213-489A-A4BC-C1DE35C4E52F}.Debug|Any CPU.ActiveCfg = Debug|Any CPU
		{CC160422-7213-489A-A4BC-C1DE35C4E52F}.Debug|Any CPU.Build.0 = Debug|Any CPU
		{CC160422-7213-489A-A4BC-C1DE35C4E52F}.Release|Any CPU.ActiveCfg = Release|Any CPU
		{CC160422-7213-489A-A4BC-C1DE35C4E52F}.Release|Any CPU.Build.0 = Release|Any CPU
		{B2FFC41D-5B47-4638-B936-D1B335C53D13}.Debug|Any CPU.ActiveCfg = Debug|Any CPU
		{B2FFC41D-5B47-4638-B936-D1B335C53D13}.Debug|Any CPU.Build.0 = Debug|Any CPU
		{B2FFC41D-5B47-4638-B936-D1B335C53D13}.Release|Any CPU.ActiveCfg = Release|Any CPU
		{B2FFC41D-5B47-4638-B936-D1B335C53D13}.Release|Any CPU.Build.0 = Release|Any CPU
		{76E400AD-20D4-4158-8A90-F81349259E1D}.Debug|Any CPU.ActiveCfg = Debug|Any CPU
		{76E400AD-20D4-4158-8A90-F81349259E1D}.Debug|Any CPU.Build.0 = Debug|Any CPU
		{76E400AD-20D4-4158-8A90-F81349259E1D}.Release|Any CPU.ActiveCfg = Release|Any CPU
		{76E400AD-20D4-4158-8A90-F81349259E1D}.Release|Any CPU.Build.0 = Release|Any CPU
		{8C465774-77CB-4EE2-8246-07ADD0846EAE}.Debug|Any CPU.ActiveCfg = Debug|Any CPU
		{8C465774-77CB-4EE2-8246-07ADD0846EAE}.Debug|Any CPU.Build.0 = Debug|Any CPU
		{8C465774-77CB-4EE2-8246-07ADD0846EAE}.Release|Any CPU.ActiveCfg = Release|Any CPU
		{8C465774-77CB-4EE2-8246-07ADD0846EAE}.Release|Any CPU.Build.0 = Release|Any CPU
		{FC2751AA-49BA-4F37-9591-80183B9C89E7}.Debug|Any CPU.ActiveCfg = Debug|Any CPU
		{FC2751AA-49BA-4F37-9591-80183B9C89E7}.Debug|Any CPU.Build.0 = Debug|Any CPU
		{FC2751AA-49BA-4F37-9591-80183B9C89E7}.Release|Any CPU.ActiveCfg = Release|Any CPU
		{FC2751AA-49BA-4F37-9591-80183B9C89E7}.Release|Any CPU.Build.0 = Release|Any CPU
		{E73C827C-24DF-438B-9465-015EC3210308}.Debug|Any CPU.ActiveCfg = Debug|Any CPU
		{E73C827C-24DF-438B-9465-015EC3210308}.Debug|Any CPU.Build.0 = Debug|Any CPU
		{E73C827C-24DF-438B-9465-015EC3210308}.Release|Any CPU.ActiveCfg = Release|Any CPU
		{E73C827C-24DF-438B-9465-015EC3210308}.Release|Any CPU.Build.0 = Release|Any CPU
		{D4A3D913-1923-4A0C-9719-BF0DD84CAB76}.Debug|Any CPU.ActiveCfg = Debug|Any CPU
		{D4A3D913-1923-4A0C-9719-BF0DD84CAB76}.Debug|Any CPU.Build.0 = Debug|Any CPU
		{D4A3D913-1923-4A0C-9719-BF0DD84CAB76}.Release|Any CPU.ActiveCfg = Release|Any CPU
		{D4A3D913-1923-4A0C-9719-BF0DD84CAB76}.Release|Any CPU.Build.0 = Release|Any CPU
		{A726A77F-DAD0-4EC7-B5FC-C09ED6434B04}.Debug|Any CPU.ActiveCfg = Debug|Any CPU
		{A726A77F-DAD0-4EC7-B5FC-C09ED6434B04}.Debug|Any CPU.Build.0 = Debug|Any CPU
		{A726A77F-DAD0-4EC7-B5FC-C09ED6434B04}.Release|Any CPU.ActiveCfg = Release|Any CPU
		{A726A77F-DAD0-4EC7-B5FC-C09ED6434B04}.Release|Any CPU.Build.0 = Release|Any CPU
		{11DFF9D1-7053-4DFB-A6DC-A3DF7686C691}.Debug|Any CPU.ActiveCfg = Debug|Any CPU
		{11DFF9D1-7053-4DFB-A6DC-A3DF7686C691}.Debug|Any CPU.Build.0 = Debug|Any CPU
		{11DFF9D1-7053-4DFB-A6DC-A3DF7686C691}.Release|Any CPU.ActiveCfg = Release|Any CPU
		{11DFF9D1-7053-4DFB-A6DC-A3DF7686C691}.Release|Any CPU.Build.0 = Release|Any CPU
		{AEDC6E5F-3826-4307-AC79-D97440EEA9C7}.Debug|Any CPU.ActiveCfg = Debug|Any CPU
		{AEDC6E5F-3826-4307-AC79-D97440EEA9C7}.Debug|Any CPU.Build.0 = Debug|Any CPU
		{AEDC6E5F-3826-4307-AC79-D97440EEA9C7}.Release|Any CPU.ActiveCfg = Release|Any CPU
		{AEDC6E5F-3826-4307-AC79-D97440EEA9C7}.Release|Any CPU.Build.0 = Release|Any CPU
		{676DAC48-7B4C-428B-B829-4CE1A93D4CC6}.Debug|Any CPU.ActiveCfg = Debug|Any CPU
		{676DAC48-7B4C-428B-B829-4CE1A93D4CC6}.Debug|Any CPU.Build.0 = Debug|Any CPU
		{676DAC48-7B4C-428B-B829-4CE1A93D4CC6}.Release|Any CPU.ActiveCfg = Release|Any CPU
		{676DAC48-7B4C-428B-B829-4CE1A93D4CC6}.Release|Any CPU.Build.0 = Release|Any CPU
		{7353F2EC-C4CE-4D1F-9DC2-E157F29CAB25}.Debug|Any CPU.ActiveCfg = Debug|Any CPU
		{7353F2EC-C4CE-4D1F-9DC2-E157F29CAB25}.Debug|Any CPU.Build.0 = Debug|Any CPU
		{7353F2EC-C4CE-4D1F-9DC2-E157F29CAB25}.Release|Any CPU.ActiveCfg = Release|Any CPU
		{7353F2EC-C4CE-4D1F-9DC2-E157F29CAB25}.Release|Any CPU.Build.0 = Release|Any CPU
		{CD82D445-A93B-4F3C-A6B9-DE802EB877BF}.Debug|Any CPU.ActiveCfg = Debug|Any CPU
		{CD82D445-A93B-4F3C-A6B9-DE802EB877BF}.Debug|Any CPU.Build.0 = Debug|Any CPU
		{CD82D445-A93B-4F3C-A6B9-DE802EB877BF}.Release|Any CPU.ActiveCfg = Release|Any CPU
		{CD82D445-A93B-4F3C-A6B9-DE802EB877BF}.Release|Any CPU.Build.0 = Release|Any CPU
		{BF12D911-9EB6-44EB-8599-458D30A1AB70}.Debug|Any CPU.ActiveCfg = Debug|Any CPU
		{BF12D911-9EB6-44EB-8599-458D30A1AB70}.Debug|Any CPU.Build.0 = Debug|Any CPU
		{BF12D911-9EB6-44EB-8599-458D30A1AB70}.Release|Any CPU.ActiveCfg = Release|Any CPU
		{BF12D911-9EB6-44EB-8599-458D30A1AB70}.Release|Any CPU.Build.0 = Release|Any CPU
		{A1549B1A-E1AC-4B41-845F-BC6EDC724179}.Debug|Any CPU.ActiveCfg = Debug|Any CPU
		{A1549B1A-E1AC-4B41-845F-BC6EDC724179}.Debug|Any CPU.Build.0 = Debug|Any CPU
		{A1549B1A-E1AC-4B41-845F-BC6EDC724179}.Release|Any CPU.ActiveCfg = Release|Any CPU
		{A1549B1A-E1AC-4B41-845F-BC6EDC724179}.Release|Any CPU.Build.0 = Release|Any CPU
		{F81B3929-9DED-4994-BDFE-8844D74F3BF8}.Debug|Any CPU.ActiveCfg = Debug|Any CPU
		{F81B3929-9DED-4994-BDFE-8844D74F3BF8}.Debug|Any CPU.Build.0 = Debug|Any CPU
		{F81B3929-9DED-4994-BDFE-8844D74F3BF8}.Release|Any CPU.ActiveCfg = Release|Any CPU
		{F81B3929-9DED-4994-BDFE-8844D74F3BF8}.Release|Any CPU.Build.0 = Release|Any CPU
	EndGlobalSection
EndGlobal
