
Microsoft Visual Studio Solution File, Format Version 12.00
# Visual Studio Version 16
VisualStudioVersion = 16.0.30114.105
MinimumVisualStudioVersion = 10.0.40219.1
Project("{FAE04EC0-301F-11D3-BF4B-00C04F79EFBC}") = "Day01", "Day01\Day01.csproj", "{4EBDB229-B4F8-4C94-AF9B-82E4A688EA0E}"
EndProject
Project("{FAE04EC0-301F-11D3-BF4B-00C04F79EFBC}") = "Day02", "Day02\Day02.csproj", "{95CF91B3-E19F-4EDA-94A3-2569FE94D8F0}"
EndProject
Project("{FAE04EC0-301F-11D3-BF4B-00C04F79EFBC}") = "Day03", "Day03\Day03.csproj", "{658C579F-0C12-4047-A3C8-D727CD984D3D}"
EndProject
Project("{FAE04EC0-301F-11D3-BF4B-00C04F79EFBC}") = "Day04", "Day04\Day04.csproj", "{D10A090E-F100-4557-B62D-901C3FBB71BB}"
EndProject
Project("{FAE04EC0-301F-11D3-BF4B-00C04F79EFBC}") = "Day05", "Day05\Day05.csproj", "{CDB2A4C9-A2B5-4291-B49E-89709DB2D267}"
EndProject
Project("{FAE04EC0-301F-11D3-BF4B-00C04F79EFBC}") = "Day06", "Day06\Day06.csproj", "{65530143-242D-4FC5-A4B1-6933BE275A50}"
EndProject
Project("{FAE04EC0-301F-11D3-BF4B-00C04F79EFBC}") = "Day07", "Day07\Day07.csproj", "{18444A14-4895-4994-9E1B-0BDB608C30BC}"
EndProject
Project("{FAE04EC0-301F-11D3-BF4B-00C04F79EFBC}") = "Day08", "Day08\Day08.csproj", "{48EEFD55-48E9-4EF0-9996-F4FEE930A6CE}"
EndProject
Project("{FAE04EC0-301F-11D3-BF4B-00C04F79EFBC}") = "Day09", "Day09\Day09.csproj", "{E6C81244-B965-49BE-B9C6-F0E32E2D30AF}"
EndProject
Project("{FAE04EC0-301F-11D3-BF4B-00C04F79EFBC}") = "Day10", "Day10\Day10.csproj", "{D00C4901-9962-40D5-8BED-FBA9FE9349AF}"
EndProject
Project("{FAE04EC0-301F-11D3-BF4B-00C04F79EFBC}") = "Day11", "Day11\Day11.csproj", "{803447B8-61C5-4C14-90D5-421EA3839F59}"
EndProject
Project("{FAE04EC0-301F-11D3-BF4B-00C04F79EFBC}") = "Day12", "Day12\Day12.csproj", "{A2B62150-CE8F-4852-837F-44554F8C097F}"
EndProject
Project("{FAE04EC0-301F-11D3-BF4B-00C04F79EFBC}") = "Day13", "Day13\Day13.csproj", "{12E80FF0-B0FD-453E-B3B8-5C2D3FC6F7A2}"
EndProject
Project("{FAE04EC0-301F-11D3-BF4B-00C04F79EFBC}") = "Day14", "Day14\Day14.csproj", "{AD7AB66C-3048-46A8-916C-777E97E63858}"
EndProject
Project("{FAE04EC0-301F-11D3-BF4B-00C04F79EFBC}") = "Day15", "Day15\Day15.csproj", "{77F40A53-B4B7-4AE4-90D2-63D9CC83A9E6}"
EndProject
Project("{FAE04EC0-301F-11D3-BF4B-00C04F79EFBC}") = "Day16", "Day16\Day16.csproj", "{D383C8B1-5FD5-4506-BAD0-1A6089D4427F}"
EndProject
Project("{FAE04EC0-301F-11D3-BF4B-00C04F79EFBC}") = "Day17", "Day17\Day17.csproj", "{61F3398D-E4BB-4D42-966D-802C3EE92F1E}"
EndProject
Project("{FAE04EC0-301F-11D3-BF4B-00C04F79EFBC}") = "Day18", "Day18\Day18.csproj", "{55610C07-B9FD-49BC-B8B1-4AF63EDF1918}"
EndProject
Project("{FAE04EC0-301F-11D3-BF4B-00C04F79EFBC}") = "Day19", "Day19\Day19.csproj", "{45ED4578-C5C9-4C9A-B04E-72F3C7BEAA63}"
EndProject
Project("{FAE04EC0-301F-11D3-BF4B-00C04F79EFBC}") = "Day20", "Day20\Day20.csproj", "{C4EE5D9E-F42F-4B92-A26F-892CBE6FBE4D}"
EndProject
Project("{FAE04EC0-301F-11D3-BF4B-00C04F79EFBC}") = "Day21", "Day21\Day21.csproj", "{DCC4FCE5-7277-4453-84C2-2EA0A1AF282C}"
EndProject
Project("{FAE04EC0-301F-11D3-BF4B-00C04F79EFBC}") = "Day22", "Day22\Day22.csproj", "{6C747875-AE78-4EE1-A2C9-5308A2E622BB}"
EndProject
Project("{FAE04EC0-301F-11D3-BF4B-00C04F79EFBC}") = "Day23", "Day23\Day23.csproj", "{B2AA27D2-97BB-4C67-BBF4-734B843A4E26}"
EndProject
Project("{FAE04EC0-301F-11D3-BF4B-00C04F79EFBC}") = "Day24", "Day24\Day24.csproj", "{3F2C2A6D-4BFD-42A0-B3C1-771F320934CD}"
EndProject
Project("{FAE04EC0-301F-11D3-BF4B-00C04F79EFBC}") = "Day25", "Day25\Day25.csproj", "{9DEE915F-0420-4013-8168-3F56979723FC}"
EndProject
Global
	GlobalSection(SolutionConfigurationPlatforms) = preSolution
		Debug|Any CPU = Debug|Any CPU
		Release|Any CPU = Release|Any CPU
	EndGlobalSection
	GlobalSection(SolutionProperties) = preSolution
		HideSolutionNode = FALSE
	EndGlobalSection
	GlobalSection(ProjectConfigurationPlatforms) = postSolution
		{4EBDB229-B4F8-4C94-AF9B-82E4A688EA0E}.Debug|Any CPU.ActiveCfg = Debug|Any CPU
		{4EBDB229-B4F8-4C94-AF9B-82E4A688EA0E}.Debug|Any CPU.Build.0 = Debug|Any CPU
		{4EBDB229-B4F8-4C94-AF9B-82E4A688EA0E}.Release|Any CPU.ActiveCfg = Release|Any CPU
		{4EBDB229-B4F8-4C94-AF9B-82E4A688EA0E}.Release|Any CPU.Build.0 = Release|Any CPU
		{95CF91B3-E19F-4EDA-94A3-2569FE94D8F0}.Debug|Any CPU.ActiveCfg = Debug|Any CPU
		{95CF91B3-E19F-4EDA-94A3-2569FE94D8F0}.Debug|Any CPU.Build.0 = Debug|Any CPU
		{95CF91B3-E19F-4EDA-94A3-2569FE94D8F0}.Release|Any CPU.ActiveCfg = Release|Any CPU
		{95CF91B3-E19F-4EDA-94A3-2569FE94D8F0}.Release|Any CPU.Build.0 = Release|Any CPU
		{658C579F-0C12-4047-A3C8-D727CD984D3D}.Debug|Any CPU.ActiveCfg = Debug|Any CPU
		{658C579F-0C12-4047-A3C8-D727CD984D3D}.Debug|Any CPU.Build.0 = Debug|Any CPU
		{658C579F-0C12-4047-A3C8-D727CD984D3D}.Release|Any CPU.ActiveCfg = Release|Any CPU
		{658C579F-0C12-4047-A3C8-D727CD984D3D}.Release|Any CPU.Build.0 = Release|Any CPU
		{D10A090E-F100-4557-B62D-901C3FBB71BB}.Debug|Any CPU.ActiveCfg = Debug|Any CPU
		{D10A090E-F100-4557-B62D-901C3FBB71BB}.Debug|Any CPU.Build.0 = Debug|Any CPU
		{D10A090E-F100-4557-B62D-901C3FBB71BB}.Release|Any CPU.ActiveCfg = Release|Any CPU
		{D10A090E-F100-4557-B62D-901C3FBB71BB}.Release|Any CPU.Build.0 = Release|Any CPU
		{CDB2A4C9-A2B5-4291-B49E-89709DB2D267}.Debug|Any CPU.ActiveCfg = Debug|Any CPU
		{CDB2A4C9-A2B5-4291-B49E-89709DB2D267}.Debug|Any CPU.Build.0 = Debug|Any CPU
		{CDB2A4C9-A2B5-4291-B49E-89709DB2D267}.Release|Any CPU.ActiveCfg = Release|Any CPU
		{CDB2A4C9-A2B5-4291-B49E-89709DB2D267}.Release|Any CPU.Build.0 = Release|Any CPU
		{65530143-242D-4FC5-A4B1-6933BE275A50}.Debug|Any CPU.ActiveCfg = Debug|Any CPU
		{65530143-242D-4FC5-A4B1-6933BE275A50}.Debug|Any CPU.Build.0 = Debug|Any CPU
		{65530143-242D-4FC5-A4B1-6933BE275A50}.Release|Any CPU.ActiveCfg = Release|Any CPU
		{65530143-242D-4FC5-A4B1-6933BE275A50}.Release|Any CPU.Build.0 = Release|Any CPU
		{18444A14-4895-4994-9E1B-0BDB608C30BC}.Debug|Any CPU.ActiveCfg = Debug|Any CPU
		{18444A14-4895-4994-9E1B-0BDB608C30BC}.Debug|Any CPU.Build.0 = Debug|Any CPU
		{18444A14-4895-4994-9E1B-0BDB608C30BC}.Release|Any CPU.ActiveCfg = Release|Any CPU
		{18444A14-4895-4994-9E1B-0BDB608C30BC}.Release|Any CPU.Build.0 = Release|Any CPU
		{48EEFD55-48E9-4EF0-9996-F4FEE930A6CE}.Debug|Any CPU.ActiveCfg = Debug|Any CPU
		{48EEFD55-48E9-4EF0-9996-F4FEE930A6CE}.Debug|Any CPU.Build.0 = Debug|Any CPU
		{48EEFD55-48E9-4EF0-9996-F4FEE930A6CE}.Release|Any CPU.ActiveCfg = Release|Any CPU
		{48EEFD55-48E9-4EF0-9996-F4FEE930A6CE}.Release|Any CPU.Build.0 = Release|Any CPU
		{E6C81244-B965-49BE-B9C6-F0E32E2D30AF}.Debug|Any CPU.ActiveCfg = Debug|Any CPU
		{E6C81244-B965-49BE-B9C6-F0E32E2D30AF}.Debug|Any CPU.Build.0 = Debug|Any CPU
		{E6C81244-B965-49BE-B9C6-F0E32E2D30AF}.Release|Any CPU.ActiveCfg = Release|Any CPU
		{E6C81244-B965-49BE-B9C6-F0E32E2D30AF}.Release|Any CPU.Build.0 = Release|Any CPU
		{D00C4901-9962-40D5-8BED-FBA9FE9349AF}.Debug|Any CPU.ActiveCfg = Debug|Any CPU
		{D00C4901-9962-40D5-8BED-FBA9FE9349AF}.Debug|Any CPU.Build.0 = Debug|Any CPU
		{D00C4901-9962-40D5-8BED-FBA9FE9349AF}.Release|Any CPU.ActiveCfg = Release|Any CPU
		{D00C4901-9962-40D5-8BED-FBA9FE9349AF}.Release|Any CPU.Build.0 = Release|Any CPU
		{803447B8-61C5-4C14-90D5-421EA3839F59}.Debug|Any CPU.ActiveCfg = Debug|Any CPU
		{803447B8-61C5-4C14-90D5-421EA3839F59}.Debug|Any CPU.Build.0 = Debug|Any CPU
		{803447B8-61C5-4C14-90D5-421EA3839F59}.Release|Any CPU.ActiveCfg = Release|Any CPU
		{803447B8-61C5-4C14-90D5-421EA3839F59}.Release|Any CPU.Build.0 = Release|Any CPU
		{A2B62150-CE8F-4852-837F-44554F8C097F}.Debug|Any CPU.ActiveCfg = Debug|Any CPU
		{A2B62150-CE8F-4852-837F-44554F8C097F}.Debug|Any CPU.Build.0 = Debug|Any CPU
		{A2B62150-CE8F-4852-837F-44554F8C097F}.Release|Any CPU.ActiveCfg = Release|Any CPU
		{A2B62150-CE8F-4852-837F-44554F8C097F}.Release|Any CPU.Build.0 = Release|Any CPU
		{12E80FF0-B0FD-453E-B3B8-5C2D3FC6F7A2}.Debug|Any CPU.ActiveCfg = Debug|Any CPU
		{12E80FF0-B0FD-453E-B3B8-5C2D3FC6F7A2}.Debug|Any CPU.Build.0 = Debug|Any CPU
		{12E80FF0-B0FD-453E-B3B8-5C2D3FC6F7A2}.Release|Any CPU.ActiveCfg = Release|Any CPU
		{12E80FF0-B0FD-453E-B3B8-5C2D3FC6F7A2}.Release|Any CPU.Build.0 = Release|Any CPU
		{AD7AB66C-3048-46A8-916C-777E97E63858}.Debug|Any CPU.ActiveCfg = Debug|Any CPU
		{AD7AB66C-3048-46A8-916C-777E97E63858}.Debug|Any CPU.Build.0 = Debug|Any CPU
		{AD7AB66C-3048-46A8-916C-777E97E63858}.Release|Any CPU.ActiveCfg = Release|Any CPU
		{AD7AB66C-3048-46A8-916C-777E97E63858}.Release|Any CPU.Build.0 = Release|Any CPU
		{77F40A53-B4B7-4AE4-90D2-63D9CC83A9E6}.Debug|Any CPU.ActiveCfg = Debug|Any CPU
		{77F40A53-B4B7-4AE4-90D2-63D9CC83A9E6}.Debug|Any CPU.Build.0 = Debug|Any CPU
		{77F40A53-B4B7-4AE4-90D2-63D9CC83A9E6}.Release|Any CPU.ActiveCfg = Release|Any CPU
		{77F40A53-B4B7-4AE4-90D2-63D9CC83A9E6}.Release|Any CPU.Build.0 = Release|Any CPU
		{D383C8B1-5FD5-4506-BAD0-1A6089D4427F}.Debug|Any CPU.ActiveCfg = Debug|Any CPU
		{D383C8B1-5FD5-4506-BAD0-1A6089D4427F}.Debug|Any CPU.Build.0 = Debug|Any CPU
		{D383C8B1-5FD5-4506-BAD0-1A6089D4427F}.Release|Any CPU.ActiveCfg = Release|Any CPU
		{D383C8B1-5FD5-4506-BAD0-1A6089D4427F}.Release|Any CPU.Build.0 = Release|Any CPU
		{61F3398D-E4BB-4D42-966D-802C3EE92F1E}.Debug|Any CPU.ActiveCfg = Debug|Any CPU
		{61F3398D-E4BB-4D42-966D-802C3EE92F1E}.Debug|Any CPU.Build.0 = Debug|Any CPU
		{61F3398D-E4BB-4D42-966D-802C3EE92F1E}.Release|Any CPU.ActiveCfg = Release|Any CPU
		{61F3398D-E4BB-4D42-966D-802C3EE92F1E}.Release|Any CPU.Build.0 = Release|Any CPU
		{55610C07-B9FD-49BC-B8B1-4AF63EDF1918}.Debug|Any CPU.ActiveCfg = Debug|Any CPU
		{55610C07-B9FD-49BC-B8B1-4AF63EDF1918}.Debug|Any CPU.Build.0 = Debug|Any CPU
		{55610C07-B9FD-49BC-B8B1-4AF63EDF1918}.Release|Any CPU.ActiveCfg = Release|Any CPU
		{55610C07-B9FD-49BC-B8B1-4AF63EDF1918}.Release|Any CPU.Build.0 = Release|Any CPU
		{45ED4578-C5C9-4C9A-B04E-72F3C7BEAA63}.Debug|Any CPU.ActiveCfg = Debug|Any CPU
		{45ED4578-C5C9-4C9A-B04E-72F3C7BEAA63}.Debug|Any CPU.Build.0 = Debug|Any CPU
		{45ED4578-C5C9-4C9A-B04E-72F3C7BEAA63}.Release|Any CPU.ActiveCfg = Release|Any CPU
		{45ED4578-C5C9-4C9A-B04E-72F3C7BEAA63}.Release|Any CPU.Build.0 = Release|Any CPU
		{C4EE5D9E-F42F-4B92-A26F-892CBE6FBE4D}.Debug|Any CPU.ActiveCfg = Debug|Any CPU
		{C4EE5D9E-F42F-4B92-A26F-892CBE6FBE4D}.Debug|Any CPU.Build.0 = Debug|Any CPU
		{C4EE5D9E-F42F-4B92-A26F-892CBE6FBE4D}.Release|Any CPU.ActiveCfg = Release|Any CPU
		{C4EE5D9E-F42F-4B92-A26F-892CBE6FBE4D}.Release|Any CPU.Build.0 = Release|Any CPU
		{DCC4FCE5-7277-4453-84C2-2EA0A1AF282C}.Debug|Any CPU.ActiveCfg = Debug|Any CPU
		{DCC4FCE5-7277-4453-84C2-2EA0A1AF282C}.Debug|Any CPU.Build.0 = Debug|Any CPU
		{DCC4FCE5-7277-4453-84C2-2EA0A1AF282C}.Release|Any CPU.ActiveCfg = Release|Any CPU
		{DCC4FCE5-7277-4453-84C2-2EA0A1AF282C}.Release|Any CPU.Build.0 = Release|Any CPU
		{6C747875-AE78-4EE1-A2C9-5308A2E622BB}.Debug|Any CPU.ActiveCfg = Debug|Any CPU
		{6C747875-AE78-4EE1-A2C9-5308A2E622BB}.Debug|Any CPU.Build.0 = Debug|Any CPU
		{6C747875-AE78-4EE1-A2C9-5308A2E622BB}.Release|Any CPU.ActiveCfg = Release|Any CPU
		{6C747875-AE78-4EE1-A2C9-5308A2E622BB}.Release|Any CPU.Build.0 = Release|Any CPU
		{B2AA27D2-97BB-4C67-BBF4-734B843A4E26}.Debug|Any CPU.ActiveCfg = Debug|Any CPU
		{B2AA27D2-97BB-4C67-BBF4-734B843A4E26}.Debug|Any CPU.Build.0 = Debug|Any CPU
		{B2AA27D2-97BB-4C67-BBF4-734B843A4E26}.Release|Any CPU.ActiveCfg = Release|Any CPU
		{B2AA27D2-97BB-4C67-BBF4-734B843A4E26}.Release|Any CPU.Build.0 = Release|Any CPU
		{3F2C2A6D-4BFD-42A0-B3C1-771F320934CD}.Debug|Any CPU.ActiveCfg = Debug|Any CPU
		{3F2C2A6D-4BFD-42A0-B3C1-771F320934CD}.Debug|Any CPU.Build.0 = Debug|Any CPU
		{3F2C2A6D-4BFD-42A0-B3C1-771F320934CD}.Release|Any CPU.ActiveCfg = Release|Any CPU
		{3F2C2A6D-4BFD-42A0-B3C1-771F320934CD}.Release|Any CPU.Build.0 = Release|Any CPU
		{9DEE915F-0420-4013-8168-3F56979723FC}.Debug|Any CPU.ActiveCfg = Debug|Any CPU
		{9DEE915F-0420-4013-8168-3F56979723FC}.Debug|Any CPU.Build.0 = Debug|Any CPU
		{9DEE915F-0420-4013-8168-3F56979723FC}.Release|Any CPU.ActiveCfg = Release|Any CPU
		{9DEE915F-0420-4013-8168-3F56979723FC}.Release|Any CPU.Build.0 = Release|Any CPU
	EndGlobalSection
EndGlobal
