
Microsoft Visual Studio Solution File, Format Version 12.00
# Visual Studio Version 17
VisualStudioVersion = 17.0.31825.309
MinimumVisualStudioVersion = 10.0.40219.1
Project("{9A19103F-16F7-4668-BE54-9A1E7A4F7556}") = "AoC.Client", "AoC.Client.csproj", "{8410B1E8-09D3-413D-9BC1-C5C1332E7B6F}"
EndProject
Global
	GlobalSection(SolutionConfigurationPlatforms) = preSolution
		Debug|Any CPU = Debug|Any CPU
		Release|Any CPU = Release|Any CPU
	EndGlobalSection
	GlobalSection(ProjectConfigurationPlatforms) = postSolution
		{8410B1E8-09D3-413D-9BC1-C5C1332E7B6F}.Debug|Any CPU.ActiveCfg = Debug|Any CPU
		{8410B1E8-09D3-413D-9BC1-C5C1332E7B6F}.Debug|Any CPU.Build.0 = Debug|Any CPU
		{8410B1E8-09D3-413D-9BC1-C5C1332E7B6F}.Release|Any CPU.ActiveCfg = Release|Any CPU
		{8410B1E8-09D3-413D-9BC1-C5C1332E7B6F}.Release|Any CPU.Build.0 = Release|Any CPU
	EndGlobalSection
	GlobalSection(SolutionProperties) = preSolution
		HideSolutionNode = FALSE
	EndGlobalSection
	GlobalSection(ExtensibilityGlobals) = postSolution
		SolutionGuid = {67C3C676-33F8-48DA-AFE4-8B1981FABA03}
	EndGlobalSection
EndGlobal
